{
  "version": 4,
  "terraform_version": "1.5.3",
  "serial": 20,
  "lineage": "e1877c39-8f28-97b5-6bbd-da347759b2cf",
  "outputs": {},
  "resources": [
    {
      "mode": "data",
      "type": "aws_ami",
      "name": "eks_default",
      "provider": "provider[\"registry.terraform.io/hashicorp/aws\"]",
      "instances": [
        {
          "schema_version": 0,
          "attributes": {
            "architecture": "x86_64",
            "arn": "arn:aws:ec2:eu-west-2::image/ami-0971548314af2829f",
            "block_device_mappings": [
              {
                "device_name": "/dev/xvda",
                "ebs": {
                  "delete_on_termination": "true",
                  "encrypted": "false",
                  "iops": "0",
                  "snapshot_id": "snap-0b5fa3dbe3d6b4226",
                  "throughput": "0",
                  "volume_size": "20",
                  "volume_type": "gp2"
                },
                "no_device": "",
                "virtual_name": ""
              }
            ],
            "boot_mode": "",
            "creation_date": "2023-12-30T08:27:43.000Z",
            "deprecation_time": "2025-12-30T08:27:43.000Z",
            "description": "EKS Kubernetes Worker AMI with AmazonLinux2 image, (k8s: 1.24.17, docker: 20.10.*, containerd: 1.7.*)",
            "ena_support": true,
            "executable_users": null,
            "filter": [
              {
                "name": "name",
                "values": [
                  "amazon-eks-node-1.24-v*"
                ]
              }
            ],
            "hypervisor": "xen",
            "id": "ami-0971548314af2829f",
            "image_id": "ami-0971548314af2829f",
            "image_location": "amazon/amazon-eks-node-1.24-v20231230",
            "image_owner_alias": "amazon",
            "image_type": "machine",
            "imds_support": "",
            "include_deprecated": false,
            "kernel_id": "",
            "most_recent": true,
            "name": "amazon-eks-node-1.24-v20231230",
            "name_regex": null,
            "owner_id": "602401143452",
            "owners": [
              "amazon"
            ],
            "platform": "",
            "platform_details": "Linux/UNIX",
            "product_codes": [],
            "public": true,
            "ramdisk_id": "",
            "root_device_name": "/dev/xvda",
            "root_device_type": "ebs",
            "root_snapshot_id": "snap-0b5fa3dbe3d6b4226",
            "sriov_net_support": "simple",
            "state": "available",
            "state_reason": {
              "code": "UNSET",
              "message": "UNSET"
            },
            "tags": {},
            "timeouts": null,
            "tpm_support": "",
            "usage_operation": "RunInstances",
            "virtualization_type": "hvm"
          },
          "sensitive_attributes": []
        }
      ]
    },
    {
      "mode": "data",
      "type": "aws_ami",
      "name": "eks_default_arm",
      "provider": "provider[\"registry.terraform.io/hashicorp/aws\"]",
      "instances": [
        {
          "schema_version": 0,
          "attributes": {
            "architecture": "arm64",
            "arn": "arn:aws:ec2:eu-west-2::image/ami-0cc76745e57fb25f1",
            "block_device_mappings": [
              {
                "device_name": "/dev/xvda",
                "ebs": {
                  "delete_on_termination": "true",
                  "encrypted": "false",
                  "iops": "0",
                  "snapshot_id": "snap-0d28d54a148b62ea3",
                  "throughput": "0",
                  "volume_size": "20",
                  "volume_type": "gp2"
                },
                "no_device": "",
                "virtual_name": ""
              }
            ],
            "boot_mode": "uefi",
            "creation_date": "2023-12-30T08:27:43.000Z",
            "deprecation_time": "2025-12-30T08:27:43.000Z",
            "description": "EKS Kubernetes Worker AMI with AmazonLinux2 image, (k8s: 1.24.17, docker: 20.10.*, containerd: 1.7.*)",
            "ena_support": true,
            "executable_users": null,
            "filter": [
              {
                "name": "name",
                "values": [
                  "amazon-eks-arm64-node-1.24-v*"
                ]
              }
            ],
            "hypervisor": "xen",
            "id": "ami-0cc76745e57fb25f1",
            "image_id": "ami-0cc76745e57fb25f1",
            "image_location": "amazon/amazon-eks-arm64-node-1.24-v20231230",
            "image_owner_alias": "amazon",
            "image_type": "machine",
            "imds_support": "",
            "include_deprecated": false,
            "kernel_id": "",
            "most_recent": true,
            "name": "amazon-eks-arm64-node-1.24-v20231230",
            "name_regex": null,
            "owner_id": "602401143452",
            "owners": [
              "amazon"
            ],
            "platform": "",
            "platform_details": "Linux/UNIX",
            "product_codes": [],
            "public": true,
            "ramdisk_id": "",
            "root_device_name": "/dev/xvda",
            "root_device_type": "ebs",
            "root_snapshot_id": "snap-0d28d54a148b62ea3",
            "sriov_net_support": "simple",
            "state": "available",
            "state_reason": {
              "code": "UNSET",
              "message": "UNSET"
            },
            "tags": {},
            "timeouts": null,
            "tpm_support": "",
            "usage_operation": "RunInstances",
            "virtualization_type": "hvm"
          },
          "sensitive_attributes": []
        }
      ]
    },
    {
      "mode": "data",
      "type": "aws_ami",
      "name": "eks_default_bottlerocket",
      "provider": "provider[\"registry.terraform.io/hashicorp/aws\"]",
      "instances": [
        {
          "schema_version": 0,
          "attributes": {
            "architecture": "x86_64",
            "arn": "arn:aws:ec2:eu-west-2::image/ami-01526410a11d6094f",
            "block_device_mappings": [
              {
                "device_name": "/dev/xvda",
                "ebs": {
                  "delete_on_termination": "true",
                  "encrypted": "false",
                  "iops": "0",
                  "snapshot_id": "snap-0e7a7650e6a0bec14",
                  "throughput": "0",
                  "volume_size": "2",
                  "volume_type": "gp2"
                },
                "no_device": "",
                "virtual_name": ""
              },
              {
                "device_name": "/dev/xvdb",
                "ebs": {
                  "delete_on_termination": "true",
                  "encrypted": "false",
                  "iops": "0",
                  "snapshot_id": "snap-0bfe8c7485c911751",
                  "throughput": "0",
                  "volume_size": "20",
                  "volume_type": "gp2"
                },
                "no_device": "",
                "virtual_name": ""
              }
            ],
            "boot_mode": "",
            "creation_date": "2023-12-13T04:35:04.000Z",
            "deprecation_time": "2025-12-13T04:35:04.000Z",
            "description": "bottlerocket-aws-k8s-1.24-x86_64-v1.17.0-53f322c2",
            "ena_support": true,
            "executable_users": null,
            "filter": [
              {
                "name": "name",
                "values": [
                  "bottlerocket-aws-k8s-1.24-x86_64-*"
                ]
              }
            ],
            "hypervisor": "xen",
            "id": "ami-01526410a11d6094f",
            "image_id": "ami-01526410a11d6094f",
            "image_location": "amazon/bottlerocket-aws-k8s-1.24-x86_64-v1.17.0-53f322c2",
            "image_owner_alias": "amazon",
            "image_type": "machine",
            "imds_support": "",
            "include_deprecated": false,
            "kernel_id": "",
            "most_recent": true,
            "name": "bottlerocket-aws-k8s-1.24-x86_64-v1.17.0-53f322c2",
            "name_regex": null,
            "owner_id": "941016683700",
            "owners": [
              "amazon"
            ],
            "platform": "",
            "platform_details": "Linux/UNIX",
            "product_codes": [],
            "public": true,
            "ramdisk_id": "",
            "root_device_name": "/dev/xvda",
            "root_device_type": "ebs",
            "root_snapshot_id": "snap-0e7a7650e6a0bec14",
            "sriov_net_support": "simple",
            "state": "available",
            "state_reason": {
              "code": "UNSET",
              "message": "UNSET"
            },
            "tags": {},
            "timeouts": null,
            "tpm_support": "",
            "usage_operation": "RunInstances",
            "virtualization_type": "hvm"
          },
          "sensitive_attributes": []
        }
      ]
    },
    {
      "mode": "data",
      "type": "aws_availability_zones",
      "name": "available",
      "provider": "provider[\"registry.terraform.io/hashicorp/aws\"]",
      "instances": [
        {
          "schema_version": 0,
          "attributes": {
            "all_availability_zones": null,
            "exclude_names": null,
            "exclude_zone_ids": null,
            "filter": null,
            "group_names": [
              "eu-west-2"
            ],
            "id": "eu-west-2",
            "names": [
              "eu-west-2a",
              "eu-west-2b",
              "eu-west-2c"
            ],
            "state": null,
            "timeouts": null,
            "zone_ids": [
              "euw2-az2",
              "euw2-az3",
              "euw2-az1"
            ]
          },
          "sensitive_attributes": []
        }
      ]
    },
    {
      "mode": "data",
      "type": "aws_caller_identity",
      "name": "current",
      "provider": "provider[\"registry.terraform.io/hashicorp/aws\"]",
      "instances": [
        {
          "schema_version": 0,
          "attributes": {
            "account_id": "153600809351",
            "arn": "arn:aws:iam::153600809351:root",
            "id": "153600809351",
            "user_id": "153600809351"
          },
          "sensitive_attributes": []
        }
      ]
    },
    {
      "mode": "managed",
      "type": "aws_iam_policy",
      "name": "node_additional",
      "provider": "provider[\"registry.terraform.io/hashicorp/aws\"]",
      "instances": [
        {
          "schema_version": 0,
          "attributes": {
            "arn": "arn:aws:iam::153600809351:policy/darey-liveclass-cluster-additional",
            "description": "Example usage of node additional policy",
            "id": "arn:aws:iam::153600809351:policy/darey-liveclass-cluster-additional",
            "name": "darey-liveclass-cluster-additional",
            "name_prefix": "",
            "path": "/",
            "policy": "{\"Statement\":[{\"Action\":[\"ec2:Describe*\"],\"Effect\":\"Allow\",\"Resource\":\"*\"}],\"Version\":\"2012-10-17\"}",
            "policy_id": "ANPASHQ2SLGDWGPZWPUHT",
            "tags": {
              "Name": "darey-liveclass-cluster"
            },
            "tags_all": {
              "Name": "darey-liveclass-cluster"
            }
          },
          "sensitive_attributes": [],
          "private": "bnVsbA==",
          "create_before_destroy": true
        }
      ]
    },
    {
      "mode": "managed",
      "type": "aws_security_group",
      "name": "remote_access",
      "provider": "provider[\"registry.terraform.io/hashicorp/aws\"]",
      "instances": [
        {
          "schema_version": 1,
          "attributes": {
            "arn": "arn:aws:ec2:eu-west-2:153600809351:security-group/sg-001e9cdaa15e0a725",
            "description": "Allow remote SSH access",
            "egress": [
              {
                "cidr_blocks": [
                  "0.0.0.0/0"
                ],
                "description": "",
                "from_port": 0,
                "ipv6_cidr_blocks": [
                  "::/0"
                ],
                "prefix_list_ids": [],
                "protocol": "-1",
                "security_groups": [],
                "self": false,
                "to_port": 0
              }
            ],
            "id": "sg-001e9cdaa15e0a725",
            "ingress": [
              {
                "cidr_blocks": [
                  "10.0.0.0/8"
                ],
                "description": "SSH access",
                "from_port": 22,
                "ipv6_cidr_blocks": [],
                "prefix_list_ids": [],
                "protocol": "tcp",
                "security_groups": [],
                "self": false,
                "to_port": 22
              }
            ],
            "name": "darey-liveclass-cluster-remote-access20240110224232539200000008",
            "name_prefix": "darey-liveclass-cluster-remote-access",
            "owner_id": "153600809351",
            "revoke_rules_on_delete": false,
            "tags": {
              "Name": "darey-liveclass-cluster-remote"
            },
            "tags_all": {
              "Name": "darey-liveclass-cluster-remote"
            },
            "timeouts": null,
            "vpc_id": "vpc-00bd0327388463ca9"
          },
          "sensitive_attributes": [],
          "private": "eyJlMmJmYjczMC1lY2FhLTExZTYtOGY4OC0zNDM2M2JjN2M0YzAiOnsiY3JlYXRlIjo2MDAwMDAwMDAwMDAsImRlbGV0ZSI6OTAwMDAwMDAwMDAwfSwic2NoZW1hX3ZlcnNpb24iOiIxIn0=",
          "dependencies": [
            "module.vpc.aws_vpc.this"
          ],
          "create_before_destroy": true
        }
      ]
    },
    {
      "module": "module.ebs_kms_key",
      "mode": "data",
      "type": "aws_caller_identity",
      "name": "current",
      "provider": "provider[\"registry.terraform.io/hashicorp/aws\"]",
      "instances": [
        {
          "schema_version": 0,
          "attributes": {
            "account_id": "153600809351",
            "arn": "arn:aws:iam::153600809351:root",
            "id": "153600809351",
            "user_id": "153600809351"
          },
          "sensitive_attributes": []
        }
      ]
    },
    {
      "module": "module.ebs_kms_key",
      "mode": "data",
      "type": "aws_iam_policy_document",
      "name": "this",
      "provider": "provider[\"registry.terraform.io/hashicorp/aws\"]",
      "instances": [
        {
          "index_key": 0,
          "schema_version": 0,
          "attributes": {
            "id": "582370753",
            "json": "{\n  \"Version\": \"2012-10-17\",\n  \"Statement\": [\n    {\n      \"Sid\": \"Default\",\n      \"Effect\": \"Allow\",\n      \"Action\": \"kms:*\",\n      \"Resource\": \"*\",\n      \"Principal\": {\n        \"AWS\": \"arn:aws:iam::153600809351:root\"\n      }\n    },\n    {\n      \"Sid\": \"KeyAdministration\",\n      \"Effect\": \"Allow\",\n      \"Action\": [\n        \"kms:Update*\",\n        \"kms:UntagResource\",\n        \"kms:TagResource\",\n        \"kms:ScheduleKeyDeletion\",\n        \"kms:Revoke*\",\n        \"kms:Put*\",\n        \"kms:List*\",\n        \"kms:Get*\",\n        \"kms:Enable*\",\n        \"kms:Disable*\",\n        \"kms:Describe*\",\n        \"kms:Delete*\",\n        \"kms:Create*\",\n        \"kms:CancelKeyDeletion\"\n      ],\n      \"Resource\": \"*\",\n      \"Principal\": {\n        \"AWS\": \"arn:aws:iam::153600809351:root\"\n      }\n    },\n    {\n      \"Sid\": \"KeyServiceRolesASG\",\n      \"Effect\": \"Allow\",\n      \"Action\": [\n        \"kms:ReEncrypt*\",\n        \"kms:GenerateDataKey*\",\n        \"kms:Encrypt\",\n        \"kms:DescribeKey\",\n        \"kms:Decrypt\"\n      ],\n      \"Resource\": \"*\",\n      \"Principal\": {\n        \"AWS\": [\n          \"arn:aws:iam::153600809351:role/darey-liveclass-cluster-cluster-20240110224218156500000004\",\n          \"arn:aws:iam::153600809351:role/aws-service-role/autoscaling.amazonaws.com/AWSServiceRoleForAutoScaling\"\n        ]\n      }\n    },\n    {\n      \"Sid\": \"KeyServiceRolesASGPersistentVol\",\n      \"Effect\": \"Allow\",\n      \"Action\": \"kms:CreateGrant\",\n      \"Resource\": \"*\",\n      \"Principal\": {\n        \"AWS\": [\n          \"arn:aws:iam::153600809351:role/darey-liveclass-cluster-cluster-20240110224218156500000004\",\n          \"arn:aws:iam::153600809351:role/aws-service-role/autoscaling.amazonaws.com/AWSServiceRoleForAutoScaling\"\n        ]\n      },\n      \"Condition\": {\n        \"Bool\": {\n          \"kms:GrantIsForAWSResource\": \"true\"\n        }\n      }\n    }\n  ]\n}",
            "override_policy_documents": null,
            "policy_id": null,
            "source_policy_documents": null,
            "statement": [
              {
                "actions": [
                  "kms:*"
                ],
                "condition": [],
                "effect": "Allow",
                "not_actions": [],
                "not_principals": [],
                "not_resources": [],
                "principals": [
                  {
                    "identifiers": [
                      "arn:aws:iam::153600809351:root"
                    ],
                    "type": "AWS"
                  }
                ],
                "resources": [
                  "*"
                ],
                "sid": "Default"
              },
              {
                "actions": [
                  "kms:CancelKeyDeletion",
                  "kms:Create*",
                  "kms:Delete*",
                  "kms:Describe*",
                  "kms:Disable*",
                  "kms:Enable*",
                  "kms:Get*",
                  "kms:List*",
                  "kms:Put*",
                  "kms:Revoke*",
                  "kms:ScheduleKeyDeletion",
                  "kms:TagResource",
                  "kms:UntagResource",
                  "kms:Update*"
                ],
                "condition": [],
                "effect": "Allow",
                "not_actions": [],
                "not_principals": [],
                "not_resources": [],
                "principals": [
                  {
                    "identifiers": [
                      "arn:aws:iam::153600809351:root"
                    ],
                    "type": "AWS"
                  }
                ],
                "resources": [
                  "*"
                ],
                "sid": "KeyAdministration"
              },
              {
                "actions": [
                  "kms:Decrypt",
                  "kms:DescribeKey",
                  "kms:Encrypt",
                  "kms:GenerateDataKey*",
                  "kms:ReEncrypt*"
                ],
                "condition": [],
                "effect": "Allow",
                "not_actions": [],
                "not_principals": [],
                "not_resources": [],
                "principals": [
                  {
                    "identifiers": [
                      "arn:aws:iam::153600809351:role/aws-service-role/autoscaling.amazonaws.com/AWSServiceRoleForAutoScaling",
                      "arn:aws:iam::153600809351:role/darey-liveclass-cluster-cluster-20240110224218156500000004"
                    ],
                    "type": "AWS"
                  }
                ],
                "resources": [
                  "*"
                ],
                "sid": "KeyServiceRolesASG"
              },
              {
                "actions": [
                  "kms:CreateGrant"
                ],
                "condition": [
                  {
                    "test": "Bool",
                    "values": [
                      "true"
                    ],
                    "variable": "kms:GrantIsForAWSResource"
                  }
                ],
                "effect": "Allow",
                "not_actions": [],
                "not_principals": [],
                "not_resources": [],
                "principals": [
                  {
                    "identifiers": [
                      "arn:aws:iam::153600809351:role/aws-service-role/autoscaling.amazonaws.com/AWSServiceRoleForAutoScaling",
                      "arn:aws:iam::153600809351:role/darey-liveclass-cluster-cluster-20240110224218156500000004"
                    ],
                    "type": "AWS"
                  }
                ],
                "resources": [
                  "*"
                ],
                "sid": "KeyServiceRolesASGPersistentVol"
              }
            ],
            "version": "2012-10-17"
          },
          "sensitive_attributes": []
        }
      ]
    },
    {
      "module": "module.ebs_kms_key",
      "mode": "data",
      "type": "aws_partition",
      "name": "current",
      "provider": "provider[\"registry.terraform.io/hashicorp/aws\"]",
      "instances": [
        {
          "schema_version": 0,
          "attributes": {
            "dns_suffix": "amazonaws.com",
            "id": "aws",
            "partition": "aws",
            "reverse_dns_prefix": "com.amazonaws"
          },
          "sensitive_attributes": []
        }
      ]
    },
    {
      "module": "module.ebs_kms_key",
      "mode": "managed",
      "type": "aws_kms_external_key",
      "name": "this",
      "provider": "provider[\"registry.terraform.io/hashicorp/aws\"]",
      "instances": []
    },
    {
      "module": "module.ebs_kms_key",
      "mode": "managed",
      "type": "aws_kms_key",
      "name": "this",
      "provider": "provider[\"registry.terraform.io/hashicorp/aws\"]",
      "instances": [
        {
          "index_key": 0,
          "schema_version": 0,
          "attributes": {
            "arn": "arn:aws:kms:eu-west-2:153600809351:key/bbc533d4-27e7-4d61-9728-54ee0b2c066c",
            "bypass_policy_lockout_safety_check": false,
            "custom_key_store_id": "",
            "customer_master_key_spec": "SYMMETRIC_DEFAULT",
            "deletion_window_in_days": null,
            "description": "Customer managed key to encrypt EKS managed node group volumes",
            "enable_key_rotation": true,
            "id": "bbc533d4-27e7-4d61-9728-54ee0b2c066c",
            "is_enabled": true,
            "key_id": "bbc533d4-27e7-4d61-9728-54ee0b2c066c",
            "key_usage": "ENCRYPT_DECRYPT",
            "multi_region": false,
            "policy": "{\"Statement\":[{\"Action\":\"kms:*\",\"Effect\":\"Allow\",\"Principal\":{\"AWS\":\"arn:aws:iam::153600809351:root\"},\"Resource\":\"*\",\"Sid\":\"Default\"},{\"Action\":[\"kms:Update*\",\"kms:UntagResource\",\"kms:TagResource\",\"kms:ScheduleKeyDeletion\",\"kms:Revoke*\",\"kms:Put*\",\"kms:List*\",\"kms:Get*\",\"kms:Enable*\",\"kms:Disable*\",\"kms:Describe*\",\"kms:Delete*\",\"kms:Create*\",\"kms:CancelKeyDeletion\"],\"Effect\":\"Allow\",\"Principal\":{\"AWS\":\"arn:aws:iam::153600809351:root\"},\"Resource\":\"*\",\"Sid\":\"KeyAdministration\"},{\"Action\":[\"kms:ReEncrypt*\",\"kms:GenerateDataKey*\",\"kms:Encrypt\",\"kms:DescribeKey\",\"kms:Decrypt\"],\"Effect\":\"Allow\",\"Principal\":{\"AWS\":[\"arn:aws:iam::153600809351:role/darey-liveclass-cluster-cluster-20240110224218156500000004\",\"arn:aws:iam::153600809351:role/aws-service-role/autoscaling.amazonaws.com/AWSServiceRoleForAutoScaling\"]},\"Resource\":\"*\",\"Sid\":\"KeyServiceRolesASG\"},{\"Action\":\"kms:CreateGrant\",\"Condition\":{\"Bool\":{\"kms:GrantIsForAWSResource\":\"true\"}},\"Effect\":\"Allow\",\"Principal\":{\"AWS\":[\"arn:aws:iam::153600809351:role/darey-liveclass-cluster-cluster-20240110224218156500000004\",\"arn:aws:iam::153600809351:role/aws-service-role/autoscaling.amazonaws.com/AWSServiceRoleForAutoScaling\"]},\"Resource\":\"*\",\"Sid\":\"KeyServiceRolesASGPersistentVol\"}],\"Version\":\"2012-10-17\"}",
            "tags": {
              "Name": "darey-liveclass-cluster"
            },
            "tags_all": {
              "Name": "darey-liveclass-cluster"
            },
            "timeouts": null
          },
          "sensitive_attributes": [],
          "private": "eyJlMmJmYjczMC1lY2FhLTExZTYtOGY4OC0zNDM2M2JjN2M0YzAiOnsiY3JlYXRlIjoxMjAwMDAwMDAwMDB9fQ==",
          "dependencies": [
            "data.aws_caller_identity.current",
            "module.ebs_kms_key.data.aws_caller_identity.current",
            "module.ebs_kms_key.data.aws_iam_policy_document.this",
            "module.ebs_kms_key.data.aws_partition.current",
            "module.eks.aws_iam_role.this",
            "module.eks.data.aws_iam_policy_document.assume_role_policy",
            "module.eks.data.aws_partition.current"
          ],
          "create_before_destroy": true
        }
      ]
    },
    {
      "module": "module.ebs_kms_key",
      "mode": "managed",
      "type": "aws_kms_replica_external_key",
      "name": "this",
      "provider": "provider[\"registry.terraform.io/hashicorp/aws\"]",
      "instances": []
    },
    {
      "module": "module.ebs_kms_key",
      "mode": "managed",
      "type": "aws_kms_replica_key",
      "name": "this",
      "provider": "provider[\"registry.terraform.io/hashicorp/aws\"]",
      "instances": []
    },
    {
      "module": "module.eks",
      "mode": "data",
      "type": "aws_caller_identity",
      "name": "current",
      "provider": "provider[\"registry.terraform.io/hashicorp/aws\"]",
      "instances": [
        {
          "schema_version": 0,
          "attributes": {
            "account_id": "153600809351",
            "arn": "arn:aws:iam::153600809351:root",
            "id": "153600809351",
            "user_id": "153600809351"
          },
          "sensitive_attributes": []
        }
      ]
    },
    {
      "module": "module.eks",
      "mode": "data",
      "type": "aws_iam_policy_document",
      "name": "assume_role_policy",
      "provider": "provider[\"registry.terraform.io/hashicorp/aws\"]",
      "instances": [
        {
          "index_key": 0,
          "schema_version": 0,
          "attributes": {
            "id": "1530481229",
            "json": "{\n  \"Version\": \"2012-10-17\",\n  \"Statement\": [\n    {\n      \"Sid\": \"EKSClusterAssumeRole\",\n      \"Effect\": \"Allow\",\n      \"Action\": \"sts:AssumeRole\",\n      \"Principal\": {\n        \"Service\": \"eks.amazonaws.com\"\n      }\n    }\n  ]\n}",
            "override_policy_documents": null,
            "policy_id": null,
            "source_policy_documents": null,
            "statement": [
              {
                "actions": [
                  "sts:AssumeRole"
                ],
                "condition": [],
                "effect": "Allow",
                "not_actions": [],
                "not_principals": [],
                "not_resources": [],
                "principals": [
                  {
                    "identifiers": [
                      "eks.amazonaws.com"
                    ],
                    "type": "Service"
                  }
                ],
                "resources": [],
                "sid": "EKSClusterAssumeRole"
              }
            ],
            "version": "2012-10-17"
          },
          "sensitive_attributes": []
        }
      ]
    },
    {
      "module": "module.eks",
      "mode": "data",
      "type": "aws_iam_session_context",
      "name": "current",
      "provider": "provider[\"registry.terraform.io/hashicorp/aws\"]",
      "instances": [
        {
          "schema_version": 0,
          "attributes": {
            "arn": "arn:aws:iam::153600809351:root",
            "id": "arn:aws:iam::153600809351:root",
            "issuer_arn": "arn:aws:iam::153600809351:root",
            "issuer_id": "",
            "issuer_name": "",
            "session_name": ""
          },
          "sensitive_attributes": []
        }
      ]
    },
    {
      "module": "module.eks",
      "mode": "data",
      "type": "aws_partition",
      "name": "current",
      "provider": "provider[\"registry.terraform.io/hashicorp/aws\"]",
      "instances": [
        {
          "schema_version": 0,
          "attributes": {
            "dns_suffix": "amazonaws.com",
            "id": "aws",
            "partition": "aws",
            "reverse_dns_prefix": "com.amazonaws"
          },
          "sensitive_attributes": []
        }
      ]
    },
    {
      "module": "module.eks",
      "mode": "managed",
      "type": "aws_cloudwatch_log_group",
      "name": "this",
      "provider": "provider[\"registry.terraform.io/hashicorp/aws\"]",
      "instances": [
        {
          "index_key": 0,
          "schema_version": 0,
          "attributes": {
            "arn": "arn:aws:logs:eu-west-2:153600809351:log-group:/aws/eks/darey-liveclass-cluster/cluster",
            "id": "/aws/eks/darey-liveclass-cluster/cluster",
            "kms_key_id": "",
            "log_group_class": "STANDARD",
            "name": "/aws/eks/darey-liveclass-cluster/cluster",
            "name_prefix": "",
            "retention_in_days": 90,
            "skip_destroy": false,
            "tags": {
              "Name": "/aws/eks/darey-liveclass-cluster/cluster"
            },
            "tags_all": {
              "Name": "/aws/eks/darey-liveclass-cluster/cluster"
            }
          },
          "sensitive_attributes": [],
          "private": "bnVsbA==",
          "create_before_destroy": true
        }
      ]
    },
    {
      "module": "module.eks",
      "mode": "managed",
      "type": "aws_eks_cluster",
      "name": "this",
      "provider": "provider[\"registry.terraform.io/hashicorp/aws\"]",
      "instances": [
        {
          "index_key": 0,
          "schema_version": 0,
          "attributes": {
            "arn": "arn:aws:eks:eu-west-2:153600809351:cluster/darey-liveclass-cluster",
            "certificate_authority": [
              {
                "data": "LS0tLS1CRUdJTiBDRVJUSUZJQ0FURS0tLS0tCk1JSUMvakNDQWVhZ0F3SUJBZ0lCQURBTkJna3Foa2lHOXcwQkFRc0ZBREFWTVJNd0VRWURWUVFERXdwcmRXSmwKY201bGRHVnpNQjRYRFRJME1ERXhNREl5TkRjeE0xb1hEVE0wTURFd056SXlORGN4TTFvd0ZURVRNQkVHQTFVRQpBeE1LYTNWaVpYSnVaWFJsY3pDQ0FTSXdEUVlKS29aSWh2Y05BUUVCQlFBRGdnRVBBRENDQVFvQ2dnRUJBTkU3CnBvMlZvcUYvL0JQUUN5M1JZVDZNZnlCblFiSlo5K1ZSb09mSDg0M3ZzUW0zSG9hdDJEYldwUjlHRHBMbzJOSkEKQ0xrTjBDdEJlUnhtZTBOOHhINlk0dXZiM2Z3TEliYWdkYWI0dWx1a2I2NmRHVFdJa1d1eTNMTG51ZzNKVExCRQp2RHlWTHE2Nkkxa0xQcGdSSmdKOE1NTUx1YklGRit2U2MwazlCaUo0ZlpSQnMwbGd5K0Z0L1hBaldDYVVremI1Ck1rVFZna2k5bmRVQTRaNGlWNXFEOGVPQjQ5c0FJMHFkd25zWXE2Y3gzU3poL3JranoxSVcyaGZSTmRMTUpXUWwKSk9FWnB5bUJ1R3FPM0RlNlpSZW1WYzNmR2dFK3VqTzI3T1BacU1kaUhJTC83RUtNZXdRdVl0K21jc2RTQlFHYwpyUW1DdmJxUjJVSjUxNlk4TXZNQ0F3RUFBYU5aTUZjd0RnWURWUjBQQVFIL0JBUURBZ0trTUE4R0ExVWRFd0VCCi93UUZNQU1CQWY4d0hRWURWUjBPQkJZRUZQSG9iVVUrNzNjejdhY0J1cUdobURSVmJQZUxNQlVHQTFVZEVRUU8KTUF5Q0NtdDFZbVZ5Ym1WMFpYTXdEUVlKS29aSWh2Y05BUUVMQlFBRGdnRUJBTVN5U0FRc3pwM3k2QUdHSGozZQpEa1MxRGpVNW9FSTRZejBDK0czajc0SlQraHIramQrM2dJN0tJTVVaa0RHOUtPWmhuMGJPaWpONXpzM1FqckNTCjd3bXVRd29PL2orRGNmRXlIY2g3RHVqMGZjQm43OGNVMGRCd3d6ZExNMmhLUVZMaG5nOTlyRDVvMld5Z1lRVnkKSk1sQ0dLTUlpN2ZlM0QzUkp5Z095YUwxbG5MZ0lnQ1hXSWdEOFVIVlpnbVhOS0FUbzRZWGFUYnpiSngvNGJNWAp2L2hLa1NBUDdBZk5haFdqWTJpWXl6KzloaTlTYlh0ck94VVgvTGl6MkdvL2RDS2pGdFhhL2dWKzZXeHUxaHFxCjEvaHM2bW9RUytLWks5R3MxYkdTMFBSZXljazJDWDNuOG5CaEg1Y0d2c0x4QVhpUThuSHJWWlhtbUpvWWVvTHgKMXBNPQotLS0tLUVORCBDRVJUSUZJQ0FURS0tLS0tCg=="
              }
            ],
            "cluster_id": null,
            "created_at": "2024-01-10 22:42:54.502 +0000 UTC",
            "enabled_cluster_log_types": [
              "api",
              "audit",
              "authenticator"
            ],
            "encryption_config": [
              {
                "provider": [
                  {
                    "key_arn": "arn:aws:kms:eu-west-2:153600809351:key/dc04cb04-2b06-46f1-977e-afa69a70782f"
                  }
                ],
                "resources": [
                  "secrets"
                ]
              }
            ],
            "endpoint": "https://4403B0B06AFF3354FB140B39FF3D4984.gr7.eu-west-2.eks.amazonaws.com",
            "id": "darey-liveclass-cluster",
            "identity": [
              {
                "oidc": [
                  {
                    "issuer": "https://oidc.eks.eu-west-2.amazonaws.com/id/4403B0B06AFF3354FB140B39FF3D4984"
                  }
                ]
              }
            ],
            "kubernetes_network_config": [
              {
                "ip_family": "ipv4",
                "service_ipv4_cidr": "172.20.0.0/16",
                "service_ipv6_cidr": ""
              }
            ],
            "name": "darey-liveclass-cluster",
            "outpost_config": [],
            "platform_version": "eks.15",
            "role_arn": "arn:aws:iam::153600809351:role/darey-liveclass-cluster-cluster-20240110224218156500000004",
            "status": "ACTIVE",
            "tags": {
              "Name": "darey-liveclass-cluster"
            },
            "tags_all": {
              "Name": "darey-liveclass-cluster"
            },
            "timeouts": {
              "create": null,
              "delete": null,
              "update": null
            },
            "version": "1.24",
            "vpc_config": [
              {
                "cluster_security_group_id": "sg-074eb8582785c0395",
                "endpoint_private_access": true,
                "endpoint_public_access": true,
                "public_access_cidrs": [
                  "0.0.0.0/0"
                ],
                "security_group_ids": [
                  "sg-0a45a715d777e9cb7"
                ],
                "subnet_ids": [
                  "subnet-05778a466e65956be",
                  "subnet-090d3ac5d36944e6e",
                  "subnet-0f19a8209e74ac980"
                ],
                "vpc_id": "vpc-00bd0327388463ca9"
              }
            ]
          },
          "sensitive_attributes": [],
          "private": "eyJlMmJmYjczMC1lY2FhLTExZTYtOGY4OC0zNDM2M2JjN2M0YzAiOnsiY3JlYXRlIjoxODAwMDAwMDAwMDAwLCJkZWxldGUiOjkwMDAwMDAwMDAwMCwidXBkYXRlIjozNjAwMDAwMDAwMDAwfX0=",
          "dependencies": [
            "data.aws_availability_zones.available",
            "module.eks.aws_cloudwatch_log_group.this",
            "module.eks.aws_iam_policy.cni_ipv6_policy",
            "module.eks.aws_iam_role.this",
            "module.eks.aws_iam_role_policy_attachment.this",
            "module.eks.aws_security_group.cluster",
            "module.eks.aws_security_group.node",
            "module.eks.aws_security_group_rule.cluster",
            "module.eks.aws_security_group_rule.node",
            "module.eks.data.aws_caller_identity.current",
            "module.eks.data.aws_iam_policy_document.assume_role_policy",
            "module.eks.data.aws_iam_policy_document.cni_ipv6_policy",
            "module.eks.data.aws_iam_session_context.current",
            "module.eks.data.aws_partition.current",
            "module.eks.module.kms.aws_kms_external_key.this",
            "module.eks.module.kms.aws_kms_key.this",
            "module.eks.module.kms.aws_kms_replica_external_key.this",
            "module.eks.module.kms.aws_kms_replica_key.this",
            "module.eks.module.kms.data.aws_caller_identity.current",
            "module.eks.module.kms.data.aws_iam_policy_document.this",
            "module.eks.module.kms.data.aws_partition.current",
            "module.vpc.aws_subnet.intra",
            "module.vpc.aws_subnet.private",
            "module.vpc.aws_vpc.this",
            "module.vpc.aws_vpc_ipv4_cidr_block_association.this"
          ],
          "create_before_destroy": true
        }
      ]
    },
    {
      "module": "module.eks",
      "mode": "managed",
      "type": "aws_iam_policy",
      "name": "cni_ipv6_policy",
      "provider": "provider[\"registry.terraform.io/hashicorp/aws\"]",
      "instances": []
    },
    {
      "module": "module.eks",
      "mode": "managed",
      "type": "aws_iam_role",
      "name": "this",
      "provider": "provider[\"registry.terraform.io/hashicorp/aws\"]",
      "instances": [
        {
          "index_key": 0,
          "schema_version": 0,
          "attributes": {
            "arn": "arn:aws:iam::153600809351:role/darey-liveclass-cluster-cluster-20240110224218156500000004",
            "assume_role_policy": "{\"Statement\":[{\"Action\":\"sts:AssumeRole\",\"Effect\":\"Allow\",\"Principal\":{\"Service\":\"eks.amazonaws.com\"},\"Sid\":\"EKSClusterAssumeRole\"}],\"Version\":\"2012-10-17\"}",
            "create_date": "2024-01-10T22:42:20Z",
            "description": "",
            "force_detach_policies": true,
            "id": "darey-liveclass-cluster-cluster-20240110224218156500000004",
            "inline_policy": [
              {
                "name": "darey-liveclass-cluster-cluster",
                "policy": "{\"Version\":\"2012-10-17\",\"Statement\":[{\"Action\":[\"logs:CreateLogGroup\"],\"Effect\":\"Deny\",\"Resource\":\"*\"}]}"
              }
            ],
            "managed_policy_arns": [
              "arn:aws:iam::153600809351:policy/darey-liveclass-cluster-cluster-ClusterEncryption2024011022424598420000000e",
              "arn:aws:iam::aws:policy/AmazonEKSClusterPolicy",
              "arn:aws:iam::aws:policy/AmazonEKSVPCResourceController"
            ],
            "max_session_duration": 3600,
            "name": "darey-liveclass-cluster-cluster-20240110224218156500000004",
            "name_prefix": "darey-liveclass-cluster-cluster-",
            "path": "/",
            "permissions_boundary": "",
            "tags": {
              "Name": "darey-liveclass-cluster"
            },
            "tags_all": {
              "Name": "darey-liveclass-cluster"
            },
            "unique_id": "AROASHQ2SLGD4IYWY5OYA"
          },
          "sensitive_attributes": [],
          "private": "bnVsbA==",
          "dependencies": [
            "module.eks.data.aws_iam_policy_document.assume_role_policy",
            "module.eks.data.aws_partition.current"
          ],
          "create_before_destroy": true
        }
      ]
    },
    {
      "module": "module.eks",
      "mode": "managed",
      "type": "aws_iam_role_policy_attachment",
      "name": "this",
      "provider": "provider[\"registry.terraform.io/hashicorp/aws\"]",
      "instances": [
        {
          "index_key": "AmazonEKSClusterPolicy",
          "schema_version": 0,
          "attributes": {
            "id": "darey-liveclass-cluster-cluster-20240110224218156500000004-20240110224221319800000007",
            "policy_arn": "arn:aws:iam::aws:policy/AmazonEKSClusterPolicy",
            "role": "darey-liveclass-cluster-cluster-20240110224218156500000004"
          },
          "sensitive_attributes": [],
          "private": "bnVsbA==",
          "dependencies": [
            "module.eks.aws_iam_role.this",
            "module.eks.data.aws_iam_policy_document.assume_role_policy",
            "module.eks.data.aws_partition.current"
          ],
          "create_before_destroy": true
        },
        {
          "index_key": "AmazonEKSVPCResourceController",
          "schema_version": 0,
          "attributes": {
            "id": "darey-liveclass-cluster-cluster-20240110224218156500000004-20240110224221292700000006",
            "policy_arn": "arn:aws:iam::aws:policy/AmazonEKSVPCResourceController",
            "role": "darey-liveclass-cluster-cluster-20240110224218156500000004"
          },
          "sensitive_attributes": [],
          "private": "bnVsbA==",
          "dependencies": [
            "module.eks.aws_iam_role.this",
            "module.eks.data.aws_iam_policy_document.assume_role_policy",
            "module.eks.data.aws_partition.current"
          ],
          "create_before_destroy": true
        }
      ]
    },
    {
      "module": "module.eks",
      "mode": "managed",
      "type": "aws_security_group",
      "name": "cluster",
      "provider": "provider[\"registry.terraform.io/hashicorp/aws\"]",
      "instances": [
        {
          "index_key": 0,
          "schema_version": 1,
          "attributes": {
            "arn": "arn:aws:ec2:eu-west-2:153600809351:security-group/sg-0a45a715d777e9cb7",
            "description": "EKS cluster security group",
            "egress": [],
            "id": "sg-0a45a715d777e9cb7",
            "ingress": [
              {
                "cidr_blocks": [],
                "description": "Node groups to cluster API",
                "from_port": 443,
                "ipv6_cidr_blocks": [],
                "prefix_list_ids": [],
                "protocol": "tcp",
                "security_groups": [
                  "sg-04d5426fdbb155dad"
                ],
                "self": false,
                "to_port": 443
              }
            ],
            "name": "darey-liveclass-cluster-cluster-2024011022423573560000000b",
            "name_prefix": "darey-liveclass-cluster-cluster-",
            "owner_id": "153600809351",
            "revoke_rules_on_delete": false,
            "tags": {
              "Name": "darey-liveclass-cluster-cluster"
            },
            "tags_all": {
              "Name": "darey-liveclass-cluster-cluster"
            },
            "timeouts": null,
            "vpc_id": "vpc-00bd0327388463ca9"
          },
          "sensitive_attributes": [],
          "private": "eyJlMmJmYjczMC1lY2FhLTExZTYtOGY4OC0zNDM2M2JjN2M0YzAiOnsiY3JlYXRlIjo2MDAwMDAwMDAwMDAsImRlbGV0ZSI6OTAwMDAwMDAwMDAwfSwic2NoZW1hX3ZlcnNpb24iOiIxIn0=",
          "dependencies": [
            "module.vpc.aws_vpc.this"
          ],
          "create_before_destroy": true
        }
      ]
    },
    {
      "module": "module.eks",
      "mode": "managed",
      "type": "aws_security_group",
      "name": "node",
      "provider": "provider[\"registry.terraform.io/hashicorp/aws\"]",
      "instances": [
        {
          "index_key": 0,
          "schema_version": 1,
          "attributes": {
            "arn": "arn:aws:ec2:eu-west-2:153600809351:security-group/sg-04d5426fdbb155dad",
            "description": "EKS node shared security group",
            "egress": [
              {
                "cidr_blocks": [
                  "0.0.0.0/0"
                ],
                "description": "Allow all egress",
                "from_port": 0,
                "ipv6_cidr_blocks": [],
                "prefix_list_ids": [],
                "protocol": "-1",
                "security_groups": [],
                "self": false,
                "to_port": 0
              }
            ],
            "id": "sg-04d5426fdbb155dad",
            "ingress": [
              {
                "cidr_blocks": [],
                "description": "Cluster API to node 4443/tcp webhook",
                "from_port": 4443,
                "ipv6_cidr_blocks": [],
                "prefix_list_ids": [],
                "protocol": "tcp",
                "security_groups": [
                  "sg-0a45a715d777e9cb7"
                ],
                "self": false,
                "to_port": 4443
              },
              {
                "cidr_blocks": [],
                "description": "Cluster API to node 6443/tcp webhook",
                "from_port": 6443,
                "ipv6_cidr_blocks": [],
                "prefix_list_ids": [],
                "protocol": "tcp",
                "security_groups": [
                  "sg-0a45a715d777e9cb7"
                ],
                "self": false,
                "to_port": 6443
              },
              {
                "cidr_blocks": [],
                "description": "Cluster API to node 8443/tcp webhook",
                "from_port": 8443,
                "ipv6_cidr_blocks": [],
                "prefix_list_ids": [],
                "protocol": "tcp",
                "security_groups": [
                  "sg-0a45a715d777e9cb7"
                ],
                "self": false,
                "to_port": 8443
              },
              {
                "cidr_blocks": [],
                "description": "Cluster API to node 9443/tcp webhook",
                "from_port": 9443,
                "ipv6_cidr_blocks": [],
                "prefix_list_ids": [],
                "protocol": "tcp",
                "security_groups": [
                  "sg-0a45a715d777e9cb7"
                ],
                "self": false,
                "to_port": 9443
              },
              {
                "cidr_blocks": [],
                "description": "Cluster API to node groups",
                "from_port": 443,
                "ipv6_cidr_blocks": [],
                "prefix_list_ids": [],
                "protocol": "tcp",
                "security_groups": [
                  "sg-0a45a715d777e9cb7"
                ],
                "self": false,
                "to_port": 443
              },
              {
                "cidr_blocks": [],
                "description": "Cluster API to node kubelets",
                "from_port": 10250,
                "ipv6_cidr_blocks": [],
                "prefix_list_ids": [],
                "protocol": "tcp",
                "security_groups": [
                  "sg-0a45a715d777e9cb7"
                ],
                "self": false,
                "to_port": 10250
              },
              {
                "cidr_blocks": [],
                "description": "Node to node CoreDNS UDP",
                "from_port": 53,
                "ipv6_cidr_blocks": [],
                "prefix_list_ids": [],
                "protocol": "udp",
                "security_groups": [],
                "self": true,
                "to_port": 53
              },
              {
                "cidr_blocks": [],
                "description": "Node to node CoreDNS",
                "from_port": 53,
                "ipv6_cidr_blocks": [],
                "prefix_list_ids": [],
                "protocol": "tcp",
                "security_groups": [],
                "self": true,
                "to_port": 53
              },
              {
                "cidr_blocks": [],
                "description": "Node to node ingress on ephemeral ports",
                "from_port": 1025,
                "ipv6_cidr_blocks": [],
                "prefix_list_ids": [],
                "protocol": "tcp",
                "security_groups": [],
                "self": true,
                "to_port": 65535
              }
            ],
            "name": "darey-liveclass-cluster-node-2024011022423543600000000a",
            "name_prefix": "darey-liveclass-cluster-node-",
            "owner_id": "153600809351",
            "revoke_rules_on_delete": false,
            "tags": {
              "Name": "darey-liveclass-cluster-node",
              "kubernetes.io/cluster/darey-liveclass-cluster": "owned"
            },
            "tags_all": {
              "Name": "darey-liveclass-cluster-node",
              "kubernetes.io/cluster/darey-liveclass-cluster": "owned"
            },
            "timeouts": null,
            "vpc_id": "vpc-00bd0327388463ca9"
          },
          "sensitive_attributes": [],
          "private": "eyJlMmJmYjczMC1lY2FhLTExZTYtOGY4OC0zNDM2M2JjN2M0YzAiOnsiY3JlYXRlIjo2MDAwMDAwMDAwMDAsImRlbGV0ZSI6OTAwMDAwMDAwMDAwfSwic2NoZW1hX3ZlcnNpb24iOiIxIn0=",
          "dependencies": [
            "module.vpc.aws_vpc.this"
          ],
          "create_before_destroy": true
        }
      ]
    },
    {
      "module": "module.eks",
      "mode": "managed",
      "type": "aws_security_group_rule",
      "name": "cluster",
      "provider": "provider[\"registry.terraform.io/hashicorp/aws\"]",
      "instances": [
        {
          "index_key": "ingress_nodes_443",
          "schema_version": 2,
          "attributes": {
            "cidr_blocks": null,
            "description": "Node groups to cluster API",
            "from_port": 443,
            "id": "sgrule-804987106",
            "ipv6_cidr_blocks": null,
            "prefix_list_ids": null,
            "protocol": "tcp",
            "security_group_id": "sg-0a45a715d777e9cb7",
            "security_group_rule_id": "sgr-01513260381fb383c",
            "self": false,
            "source_security_group_id": "sg-04d5426fdbb155dad",
            "timeouts": null,
            "to_port": 443,
            "type": "ingress"
          },
          "sensitive_attributes": [],
          "private": "eyJlMmJmYjczMC1lY2FhLTExZTYtOGY4OC0zNDM2M2JjN2M0YzAiOnsiY3JlYXRlIjozMDAwMDAwMDAwMDB9LCJzY2hlbWFfdmVyc2lvbiI6IjIifQ==",
          "dependencies": [
            "module.eks.aws_security_group.cluster",
            "module.eks.aws_security_group.node",
            "module.vpc.aws_vpc.this"
          ],
          "create_before_destroy": true
        }
      ]
    },
    {
      "module": "module.eks",
      "mode": "managed",
      "type": "aws_security_group_rule",
      "name": "node",
      "provider": "provider[\"registry.terraform.io/hashicorp/aws\"]",
      "instances": [
        {
          "index_key": "egress_all",
          "schema_version": 2,
          "attributes": {
            "cidr_blocks": [
              "0.0.0.0/0"
            ],
            "description": "Allow all egress",
            "from_port": 0,
            "id": "sgrule-1765917312",
            "ipv6_cidr_blocks": null,
            "prefix_list_ids": [],
            "protocol": "-1",
            "security_group_id": "sg-04d5426fdbb155dad",
            "security_group_rule_id": "sgr-070a8ee2f3f86ad7e",
            "self": false,
            "source_security_group_id": null,
            "timeouts": null,
            "to_port": 0,
            "type": "egress"
          },
          "sensitive_attributes": [],
          "private": "eyJlMmJmYjczMC1lY2FhLTExZTYtOGY4OC0zNDM2M2JjN2M0YzAiOnsiY3JlYXRlIjozMDAwMDAwMDAwMDB9LCJzY2hlbWFfdmVyc2lvbiI6IjIifQ==",
          "dependencies": [
            "module.eks.aws_security_group.cluster",
            "module.eks.aws_security_group.node",
            "module.vpc.aws_vpc.this"
          ],
          "create_before_destroy": true
        },
        {
          "index_key": "ingress_cluster_443",
          "schema_version": 2,
          "attributes": {
            "cidr_blocks": null,
            "description": "Cluster API to node groups",
            "from_port": 443,
            "id": "sgrule-2101961040",
            "ipv6_cidr_blocks": null,
            "prefix_list_ids": [],
            "protocol": "tcp",
            "security_group_id": "sg-04d5426fdbb155dad",
            "security_group_rule_id": "sgr-0537ddbad38e43748",
            "self": false,
            "source_security_group_id": "sg-0a45a715d777e9cb7",
            "timeouts": null,
            "to_port": 443,
            "type": "ingress"
          },
          "sensitive_attributes": [],
          "private": "eyJlMmJmYjczMC1lY2FhLTExZTYtOGY4OC0zNDM2M2JjN2M0YzAiOnsiY3JlYXRlIjozMDAwMDAwMDAwMDB9LCJzY2hlbWFfdmVyc2lvbiI6IjIifQ==",
          "dependencies": [
            "module.eks.aws_security_group.cluster",
            "module.eks.aws_security_group.node",
            "module.vpc.aws_vpc.this"
          ],
          "create_before_destroy": true
        },
        {
          "index_key": "ingress_cluster_4443_webhook",
          "schema_version": 2,
          "attributes": {
            "cidr_blocks": null,
            "description": "Cluster API to node 4443/tcp webhook",
            "from_port": 4443,
            "id": "sgrule-364694971",
            "ipv6_cidr_blocks": null,
            "prefix_list_ids": [],
            "protocol": "tcp",
            "security_group_id": "sg-04d5426fdbb155dad",
            "security_group_rule_id": "sgr-0e6cefac60aa45bb0",
            "self": false,
            "source_security_group_id": "sg-0a45a715d777e9cb7",
            "timeouts": null,
            "to_port": 4443,
            "type": "ingress"
          },
          "sensitive_attributes": [],
          "private": "eyJlMmJmYjczMC1lY2FhLTExZTYtOGY4OC0zNDM2M2JjN2M0YzAiOnsiY3JlYXRlIjozMDAwMDAwMDAwMDB9LCJzY2hlbWFfdmVyc2lvbiI6IjIifQ==",
          "dependencies": [
            "module.eks.aws_security_group.cluster",
            "module.eks.aws_security_group.node",
            "module.vpc.aws_vpc.this"
          ],
          "create_before_destroy": true
        },
        {
          "index_key": "ingress_cluster_6443_webhook",
          "schema_version": 2,
          "attributes": {
            "cidr_blocks": null,
            "description": "Cluster API to node 6443/tcp webhook",
            "from_port": 6443,
            "id": "sgrule-587290067",
            "ipv6_cidr_blocks": null,
            "prefix_list_ids": [],
            "protocol": "tcp",
            "security_group_id": "sg-04d5426fdbb155dad",
            "security_group_rule_id": "sgr-0708034b31fde9f95",
            "self": false,
            "source_security_group_id": "sg-0a45a715d777e9cb7",
            "timeouts": null,
            "to_port": 6443,
            "type": "ingress"
          },
          "sensitive_attributes": [],
          "private": "eyJlMmJmYjczMC1lY2FhLTExZTYtOGY4OC0zNDM2M2JjN2M0YzAiOnsiY3JlYXRlIjozMDAwMDAwMDAwMDB9LCJzY2hlbWFfdmVyc2lvbiI6IjIifQ==",
          "dependencies": [
            "module.eks.aws_security_group.cluster",
            "module.eks.aws_security_group.node",
            "module.vpc.aws_vpc.this"
          ],
          "create_before_destroy": true
        },
        {
          "index_key": "ingress_cluster_8443_webhook",
          "schema_version": 2,
          "attributes": {
            "cidr_blocks": null,
            "description": "Cluster API to node 8443/tcp webhook",
            "from_port": 8443,
            "id": "sgrule-811428338",
            "ipv6_cidr_blocks": null,
            "prefix_list_ids": [],
            "protocol": "tcp",
            "security_group_id": "sg-04d5426fdbb155dad",
            "security_group_rule_id": "sgr-0a118b1b08fab780c",
            "self": false,
            "source_security_group_id": "sg-0a45a715d777e9cb7",
            "timeouts": null,
            "to_port": 8443,
            "type": "ingress"
          },
          "sensitive_attributes": [],
          "private": "eyJlMmJmYjczMC1lY2FhLTExZTYtOGY4OC0zNDM2M2JjN2M0YzAiOnsiY3JlYXRlIjozMDAwMDAwMDAwMDB9LCJzY2hlbWFfdmVyc2lvbiI6IjIifQ==",
          "dependencies": [
            "module.eks.aws_security_group.cluster",
            "module.eks.aws_security_group.node",
            "module.vpc.aws_vpc.this"
          ],
          "create_before_destroy": true
        },
        {
          "index_key": "ingress_cluster_9443_webhook",
          "schema_version": 2,
          "attributes": {
            "cidr_blocks": null,
            "description": "Cluster API to node 9443/tcp webhook",
            "from_port": 9443,
            "id": "sgrule-1425824313",
            "ipv6_cidr_blocks": null,
            "prefix_list_ids": [],
            "protocol": "tcp",
            "security_group_id": "sg-04d5426fdbb155dad",
            "security_group_rule_id": "sgr-0a131c954a72609d1",
            "self": false,
            "source_security_group_id": "sg-0a45a715d777e9cb7",
            "timeouts": null,
            "to_port": 9443,
            "type": "ingress"
          },
          "sensitive_attributes": [],
          "private": "eyJlMmJmYjczMC1lY2FhLTExZTYtOGY4OC0zNDM2M2JjN2M0YzAiOnsiY3JlYXRlIjozMDAwMDAwMDAwMDB9LCJzY2hlbWFfdmVyc2lvbiI6IjIifQ==",
          "dependencies": [
            "module.eks.aws_security_group.cluster",
            "module.eks.aws_security_group.node",
            "module.vpc.aws_vpc.this"
          ],
          "create_before_destroy": true
        },
        {
          "index_key": "ingress_cluster_kubelet",
          "schema_version": 2,
          "attributes": {
            "cidr_blocks": null,
            "description": "Cluster API to node kubelets",
            "from_port": 10250,
            "id": "sgrule-410093819",
            "ipv6_cidr_blocks": null,
            "prefix_list_ids": [],
            "protocol": "tcp",
            "security_group_id": "sg-04d5426fdbb155dad",
            "security_group_rule_id": "sgr-01ab90ff6ea2538d1",
            "self": false,
            "source_security_group_id": "sg-0a45a715d777e9cb7",
            "timeouts": null,
            "to_port": 10250,
            "type": "ingress"
          },
          "sensitive_attributes": [],
          "private": "eyJlMmJmYjczMC1lY2FhLTExZTYtOGY4OC0zNDM2M2JjN2M0YzAiOnsiY3JlYXRlIjozMDAwMDAwMDAwMDB9LCJzY2hlbWFfdmVyc2lvbiI6IjIifQ==",
          "dependencies": [
            "module.eks.aws_security_group.cluster",
            "module.eks.aws_security_group.node",
            "module.vpc.aws_vpc.this"
          ],
          "create_before_destroy": true
        },
        {
          "index_key": "ingress_nodes_ephemeral",
          "schema_version": 2,
          "attributes": {
            "cidr_blocks": null,
            "description": "Node to node ingress on ephemeral ports",
            "from_port": 1025,
            "id": "sgrule-1465134128",
            "ipv6_cidr_blocks": null,
            "prefix_list_ids": [],
            "protocol": "tcp",
            "security_group_id": "sg-04d5426fdbb155dad",
            "security_group_rule_id": "sgr-0be9179be8017d546",
            "self": true,
            "source_security_group_id": null,
            "timeouts": null,
            "to_port": 65535,
            "type": "ingress"
          },
          "sensitive_attributes": [],
          "private": "eyJlMmJmYjczMC1lY2FhLTExZTYtOGY4OC0zNDM2M2JjN2M0YzAiOnsiY3JlYXRlIjozMDAwMDAwMDAwMDB9LCJzY2hlbWFfdmVyc2lvbiI6IjIifQ==",
          "dependencies": [
            "module.eks.aws_security_group.cluster",
            "module.eks.aws_security_group.node",
            "module.vpc.aws_vpc.this"
          ],
          "create_before_destroy": true
        },
        {
          "index_key": "ingress_self_coredns_tcp",
          "schema_version": 2,
          "attributes": {
            "cidr_blocks": null,
            "description": "Node to node CoreDNS",
            "from_port": 53,
            "id": "sgrule-140234060",
            "ipv6_cidr_blocks": null,
            "prefix_list_ids": [],
            "protocol": "tcp",
            "security_group_id": "sg-04d5426fdbb155dad",
            "security_group_rule_id": "sgr-0757384279a5c614b",
            "self": true,
            "source_security_group_id": null,
            "timeouts": null,
            "to_port": 53,
            "type": "ingress"
          },
          "sensitive_attributes": [],
          "private": "eyJlMmJmYjczMC1lY2FhLTExZTYtOGY4OC0zNDM2M2JjN2M0YzAiOnsiY3JlYXRlIjozMDAwMDAwMDAwMDB9LCJzY2hlbWFfdmVyc2lvbiI6IjIifQ==",
          "dependencies": [
            "module.eks.aws_security_group.cluster",
            "module.eks.aws_security_group.node",
            "module.vpc.aws_vpc.this"
          ],
          "create_before_destroy": true
        },
        {
          "index_key": "ingress_self_coredns_udp",
          "schema_version": 2,
          "attributes": {
            "cidr_blocks": null,
            "description": "Node to node CoreDNS UDP",
            "from_port": 53,
            "id": "sgrule-1408995677",
            "ipv6_cidr_blocks": null,
            "prefix_list_ids": [],
            "protocol": "udp",
            "security_group_id": "sg-04d5426fdbb155dad",
            "security_group_rule_id": "sgr-00e78040029330d7a",
            "self": true,
            "source_security_group_id": null,
            "timeouts": null,
            "to_port": 53,
            "type": "ingress"
          },
          "sensitive_attributes": [],
          "private": "eyJlMmJmYjczMC1lY2FhLTExZTYtOGY4OC0zNDM2M2JjN2M0YzAiOnsiY3JlYXRlIjozMDAwMDAwMDAwMDB9LCJzY2hlbWFfdmVyc2lvbiI6IjIifQ==",
          "dependencies": [
            "module.eks.aws_security_group.cluster",
            "module.eks.aws_security_group.node",
            "module.vpc.aws_vpc.this"
          ],
          "create_before_destroy": true
        }
      ]
    },
    {
      "module": "module.eks",
      "mode": "managed",
      "type": "kubernetes_config_map",
      "name": "aws_auth",
      "provider": "provider[\"registry.terraform.io/hashicorp/kubernetes\"]",
      "instances": []
    },
    {
      "module": "module.eks",
      "mode": "managed",
      "type": "time_sleep",
      "name": "this",
      "provider": "provider[\"registry.terraform.io/hashicorp/time\"]",
      "instances": [
        {
          "index_key": 0,
          "schema_version": 0,
          "attributes": {
            "create_duration": "30s",
            "destroy_duration": null,
            "id": "2024-01-10T22:52:13Z",
            "triggers": {
              "cluster_certificate_authority_data": "LS0tLS1CRUdJTiBDRVJUSUZJQ0FURS0tLS0tCk1JSUMvakNDQWVhZ0F3SUJBZ0lCQURBTkJna3Foa2lHOXcwQkFRc0ZBREFWTVJNd0VRWURWUVFERXdwcmRXSmwKY201bGRHVnpNQjRYRFRJME1ERXhNREl5TkRjeE0xb1hEVE0wTURFd056SXlORGN4TTFvd0ZURVRNQkVHQTFVRQpBeE1LYTNWaVpYSnVaWFJsY3pDQ0FTSXdEUVlKS29aSWh2Y05BUUVCQlFBRGdnRVBBRENDQVFvQ2dnRUJBTkU3CnBvMlZvcUYvL0JQUUN5M1JZVDZNZnlCblFiSlo5K1ZSb09mSDg0M3ZzUW0zSG9hdDJEYldwUjlHRHBMbzJOSkEKQ0xrTjBDdEJlUnhtZTBOOHhINlk0dXZiM2Z3TEliYWdkYWI0dWx1a2I2NmRHVFdJa1d1eTNMTG51ZzNKVExCRQp2RHlWTHE2Nkkxa0xQcGdSSmdKOE1NTUx1YklGRit2U2MwazlCaUo0ZlpSQnMwbGd5K0Z0L1hBaldDYVVremI1Ck1rVFZna2k5bmRVQTRaNGlWNXFEOGVPQjQ5c0FJMHFkd25zWXE2Y3gzU3poL3JranoxSVcyaGZSTmRMTUpXUWwKSk9FWnB5bUJ1R3FPM0RlNlpSZW1WYzNmR2dFK3VqTzI3T1BacU1kaUhJTC83RUtNZXdRdVl0K21jc2RTQlFHYwpyUW1DdmJxUjJVSjUxNlk4TXZNQ0F3RUFBYU5aTUZjd0RnWURWUjBQQVFIL0JBUURBZ0trTUE4R0ExVWRFd0VCCi93UUZNQU1CQWY4d0hRWURWUjBPQkJZRUZQSG9iVVUrNzNjejdhY0J1cUdobURSVmJQZUxNQlVHQTFVZEVRUU8KTUF5Q0NtdDFZbVZ5Ym1WMFpYTXdEUVlKS29aSWh2Y05BUUVMQlFBRGdnRUJBTVN5U0FRc3pwM3k2QUdHSGozZQpEa1MxRGpVNW9FSTRZejBDK0czajc0SlQraHIramQrM2dJN0tJTVVaa0RHOUtPWmhuMGJPaWpONXpzM1FqckNTCjd3bXVRd29PL2orRGNmRXlIY2g3RHVqMGZjQm43OGNVMGRCd3d6ZExNMmhLUVZMaG5nOTlyRDVvMld5Z1lRVnkKSk1sQ0dLTUlpN2ZlM0QzUkp5Z095YUwxbG5MZ0lnQ1hXSWdEOFVIVlpnbVhOS0FUbzRZWGFUYnpiSngvNGJNWAp2L2hLa1NBUDdBZk5haFdqWTJpWXl6KzloaTlTYlh0ck94VVgvTGl6MkdvL2RDS2pGdFhhL2dWKzZXeHUxaHFxCjEvaHM2bW9RUytLWks5R3MxYkdTMFBSZXljazJDWDNuOG5CaEg1Y0d2c0x4QVhpUThuSHJWWlhtbUpvWWVvTHgKMXBNPQotLS0tLUVORCBDRVJUSUZJQ0FURS0tLS0tCg==",
              "cluster_endpoint": "https://4403B0B06AFF3354FB140B39FF3D4984.gr7.eu-west-2.eks.amazonaws.com",
              "cluster_name": "darey-liveclass-cluster",
              "cluster_version": "1.24"
            }
          },
          "sensitive_attributes": [],
          "dependencies": [
            "data.aws_availability_zones.available",
            "module.eks.aws_cloudwatch_log_group.this",
            "module.eks.aws_eks_cluster.this",
            "module.eks.aws_iam_policy.cni_ipv6_policy",
            "module.eks.aws_iam_role.this",
            "module.eks.aws_iam_role_policy_attachment.this",
            "module.eks.aws_security_group.cluster",
            "module.eks.aws_security_group.node",
            "module.eks.aws_security_group_rule.cluster",
            "module.eks.aws_security_group_rule.node",
            "module.eks.data.aws_caller_identity.current",
            "module.eks.data.aws_iam_policy_document.assume_role_policy",
            "module.eks.data.aws_iam_policy_document.cni_ipv6_policy",
            "module.eks.data.aws_iam_session_context.current",
            "module.eks.data.aws_partition.current",
            "module.eks.module.kms.aws_kms_external_key.this",
            "module.eks.module.kms.aws_kms_key.this",
            "module.eks.module.kms.aws_kms_replica_external_key.this",
            "module.eks.module.kms.aws_kms_replica_key.this",
            "module.eks.module.kms.data.aws_caller_identity.current",
            "module.eks.module.kms.data.aws_iam_policy_document.this",
            "module.eks.module.kms.data.aws_partition.current",
            "module.vpc.aws_subnet.intra",
            "module.vpc.aws_subnet.private",
            "module.vpc.aws_vpc.this",
            "module.vpc.aws_vpc_ipv4_cidr_block_association.this"
          ],
          "create_before_destroy": true
        }
      ]
    },
    {
      "module": "module.eks.module.eks_managed_node_group[\"bottlerocket_add\"]",
      "mode": "data",
      "type": "aws_caller_identity",
      "name": "current",
      "provider": "provider[\"registry.terraform.io/hashicorp/aws\"]",
      "instances": [
        {
          "schema_version": 0,
          "attributes": {
            "account_id": "153600809351",
            "arn": "arn:aws:iam::153600809351:root",
            "id": "153600809351",
            "user_id": "153600809351"
          },
          "sensitive_attributes": []
        }
      ]
    },
    {
      "module": "module.eks.module.eks_managed_node_group[\"bottlerocket_add\"]",
      "mode": "data",
      "type": "aws_iam_policy_document",
      "name": "assume_role_policy",
      "provider": "provider[\"registry.terraform.io/hashicorp/aws\"]",
      "instances": [
        {
          "index_key": 0,
          "schema_version": 0,
          "attributes": {
            "id": "1734879000",
            "json": "{\n  \"Version\": \"2012-10-17\",\n  \"Statement\": [\n    {\n      \"Sid\": \"EKSNodeAssumeRole\",\n      \"Effect\": \"Allow\",\n      \"Action\": \"sts:AssumeRole\",\n      \"Principal\": {\n        \"Service\": \"ec2.amazonaws.com\"\n      }\n    }\n  ]\n}",
            "override_policy_documents": null,
            "policy_id": null,
            "source_policy_documents": null,
            "statement": [
              {
                "actions": [
                  "sts:AssumeRole"
                ],
                "condition": [],
                "effect": "Allow",
                "not_actions": [],
                "not_principals": [],
                "not_resources": [],
                "principals": [
                  {
                    "identifiers": [
                      "ec2.amazonaws.com"
                    ],
                    "type": "Service"
                  }
                ],
                "resources": [],
                "sid": "EKSNodeAssumeRole"
              }
            ],
            "version": "2012-10-17"
          },
          "sensitive_attributes": []
        }
      ]
    },
    {
      "module": "module.eks.module.eks_managed_node_group[\"bottlerocket_add\"]",
      "mode": "data",
      "type": "aws_partition",
      "name": "current",
      "provider": "provider[\"registry.terraform.io/hashicorp/aws\"]",
      "instances": [
        {
          "schema_version": 0,
          "attributes": {
            "dns_suffix": "amazonaws.com",
            "id": "aws",
            "partition": "aws",
            "reverse_dns_prefix": "com.amazonaws"
          },
          "sensitive_attributes": []
        }
      ]
    },
    {
      "module": "module.eks.module.eks_managed_node_group[\"bottlerocket_add\"]",
      "mode": "managed",
      "type": "aws_autoscaling_schedule",
      "name": "this",
      "provider": "provider[\"registry.terraform.io/hashicorp/aws\"]",
      "instances": []
    },
    {
      "module": "module.eks.module.eks_managed_node_group[\"bottlerocket_add\"]",
      "mode": "managed",
      "type": "aws_iam_role",
      "name": "this",
      "provider": "provider[\"registry.terraform.io/hashicorp/aws\"]",
      "instances": [
        {
          "index_key": 0,
          "schema_version": 0,
          "attributes": {
            "arn": "arn:aws:iam::153600809351:role/bottlerocket_add-eks-node-group-2024011022424605160000000f",
            "assume_role_policy": "{\"Statement\":[{\"Action\":\"sts:AssumeRole\",\"Effect\":\"Allow\",\"Principal\":{\"Service\":\"ec2.amazonaws.com\"},\"Sid\":\"EKSNodeAssumeRole\"}],\"Version\":\"2012-10-17\"}",
            "create_date": "2024-01-10T22:42:47Z",
            "description": "EKS managed node group IAM role",
            "force_detach_policies": true,
            "id": "bottlerocket_add-eks-node-group-2024011022424605160000000f",
            "inline_policy": [],
            "managed_policy_arns": [
              "arn:aws:iam::aws:policy/AmazonEC2ContainerRegistryReadOnly",
              "arn:aws:iam::aws:policy/AmazonEKSWorkerNodePolicy",
              "arn:aws:iam::aws:policy/AmazonEKS_CNI_Policy"
            ],
            "max_session_duration": 3600,
            "name": "bottlerocket_add-eks-node-group-2024011022424605160000000f",
            "name_prefix": "bottlerocket_add-eks-node-group-",
            "path": "/",
            "permissions_boundary": "",
            "tags": {
              "Name": "darey-liveclass-cluster"
            },
            "tags_all": {
              "Name": "darey-liveclass-cluster"
            },
            "unique_id": "AROASHQ2SLGDZTX4PEHZI"
          },
          "sensitive_attributes": [],
          "private": "bnVsbA==",
          "dependencies": [
            "aws_iam_policy.node_additional",
            "aws_security_group.remote_access",
            "data.aws_ami.eks_default",
            "data.aws_ami.eks_default_arm",
            "data.aws_ami.eks_default_bottlerocket",
            "data.aws_availability_zones.available",
            "data.aws_caller_identity.current",
            "module.ebs_kms_key.aws_kms_external_key.this",
            "module.ebs_kms_key.aws_kms_key.this",
            "module.ebs_kms_key.aws_kms_replica_external_key.this",
            "module.ebs_kms_key.aws_kms_replica_key.this",
            "module.ebs_kms_key.data.aws_caller_identity.current",
            "module.ebs_kms_key.data.aws_iam_policy_document.this",
            "module.ebs_kms_key.data.aws_partition.current",
            "module.eks.aws_iam_role.this",
            "module.eks.data.aws_iam_policy_document.assume_role_policy",
            "module.eks.data.aws_partition.current",
            "module.eks.module.eks_managed_node_group.data.aws_iam_policy_document.assume_role_policy",
            "module.eks.module.eks_managed_node_group.data.aws_partition.current",
            "module.key_pair.aws_key_pair.this",
            "module.key_pair.tls_private_key.this",
            "module.vpc.aws_subnet.private",
            "module.vpc.aws_vpc.this",
            "module.vpc.aws_vpc_ipv4_cidr_block_association.this"
          ],
          "create_before_destroy": true
        }
      ]
    },
    {
      "module": "module.eks.module.eks_managed_node_group[\"bottlerocket_add\"]",
      "mode": "managed",
      "type": "aws_iam_role_policy_attachment",
      "name": "this",
      "provider": "provider[\"registry.terraform.io/hashicorp/aws\"]",
      "instances": [
        {
          "index_key": "arn:aws:iam::aws:policy/AmazonEC2ContainerRegistryReadOnly",
          "schema_version": 0,
          "attributes": {
            "id": "bottlerocket_add-eks-node-group-2024011022424605160000000f-20240110224247929900000017",
            "policy_arn": "arn:aws:iam::aws:policy/AmazonEC2ContainerRegistryReadOnly",
            "role": "bottlerocket_add-eks-node-group-2024011022424605160000000f"
          },
          "sensitive_attributes": [],
          "private": "bnVsbA==",
          "dependencies": [
            "aws_iam_policy.node_additional",
            "aws_security_group.remote_access",
            "data.aws_ami.eks_default",
            "data.aws_ami.eks_default_arm",
            "data.aws_ami.eks_default_bottlerocket",
            "data.aws_availability_zones.available",
            "data.aws_caller_identity.current",
            "module.ebs_kms_key.aws_kms_external_key.this",
            "module.ebs_kms_key.aws_kms_key.this",
            "module.ebs_kms_key.aws_kms_replica_external_key.this",
            "module.ebs_kms_key.aws_kms_replica_key.this",
            "module.ebs_kms_key.data.aws_caller_identity.current",
            "module.ebs_kms_key.data.aws_iam_policy_document.this",
            "module.ebs_kms_key.data.aws_partition.current",
            "module.eks.aws_iam_role.this",
            "module.eks.data.aws_iam_policy_document.assume_role_policy",
            "module.eks.data.aws_partition.current",
            "module.eks.module.eks_managed_node_group.aws_iam_role.this",
            "module.eks.module.eks_managed_node_group.data.aws_caller_identity.current",
            "module.eks.module.eks_managed_node_group.data.aws_iam_policy_document.assume_role_policy",
            "module.eks.module.eks_managed_node_group.data.aws_partition.current",
            "module.key_pair.aws_key_pair.this",
            "module.key_pair.tls_private_key.this",
            "module.vpc.aws_subnet.private",
            "module.vpc.aws_vpc.this",
            "module.vpc.aws_vpc_ipv4_cidr_block_association.this"
          ],
          "create_before_destroy": true
        },
        {
          "index_key": "arn:aws:iam::aws:policy/AmazonEKSWorkerNodePolicy",
          "schema_version": 0,
          "attributes": {
            "id": "bottlerocket_add-eks-node-group-2024011022424605160000000f-20240110224247881200000016",
            "policy_arn": "arn:aws:iam::aws:policy/AmazonEKSWorkerNodePolicy",
            "role": "bottlerocket_add-eks-node-group-2024011022424605160000000f"
          },
          "sensitive_attributes": [],
          "private": "bnVsbA==",
          "dependencies": [
            "aws_iam_policy.node_additional",
            "aws_security_group.remote_access",
            "data.aws_ami.eks_default",
            "data.aws_ami.eks_default_arm",
            "data.aws_ami.eks_default_bottlerocket",
            "data.aws_availability_zones.available",
            "data.aws_caller_identity.current",
            "module.ebs_kms_key.aws_kms_external_key.this",
            "module.ebs_kms_key.aws_kms_key.this",
            "module.ebs_kms_key.aws_kms_replica_external_key.this",
            "module.ebs_kms_key.aws_kms_replica_key.this",
            "module.ebs_kms_key.data.aws_caller_identity.current",
            "module.ebs_kms_key.data.aws_iam_policy_document.this",
            "module.ebs_kms_key.data.aws_partition.current",
            "module.eks.aws_iam_role.this",
            "module.eks.data.aws_iam_policy_document.assume_role_policy",
            "module.eks.data.aws_partition.current",
            "module.eks.module.eks_managed_node_group.aws_iam_role.this",
            "module.eks.module.eks_managed_node_group.data.aws_caller_identity.current",
            "module.eks.module.eks_managed_node_group.data.aws_iam_policy_document.assume_role_policy",
            "module.eks.module.eks_managed_node_group.data.aws_partition.current",
            "module.key_pair.aws_key_pair.this",
            "module.key_pair.tls_private_key.this",
            "module.vpc.aws_subnet.private",
            "module.vpc.aws_vpc.this",
            "module.vpc.aws_vpc_ipv4_cidr_block_association.this"
          ],
          "create_before_destroy": true
        },
        {
          "index_key": "arn:aws:iam::aws:policy/AmazonEKS_CNI_Policy",
          "schema_version": 0,
          "attributes": {
            "id": "bottlerocket_add-eks-node-group-2024011022424605160000000f-20240110224247830000000015",
            "policy_arn": "arn:aws:iam::aws:policy/AmazonEKS_CNI_Policy",
            "role": "bottlerocket_add-eks-node-group-2024011022424605160000000f"
          },
          "sensitive_attributes": [],
          "private": "bnVsbA==",
          "dependencies": [
            "aws_iam_policy.node_additional",
            "aws_security_group.remote_access",
            "data.aws_ami.eks_default",
            "data.aws_ami.eks_default_arm",
            "data.aws_ami.eks_default_bottlerocket",
            "data.aws_availability_zones.available",
            "data.aws_caller_identity.current",
            "module.ebs_kms_key.aws_kms_external_key.this",
            "module.ebs_kms_key.aws_kms_key.this",
            "module.ebs_kms_key.aws_kms_replica_external_key.this",
            "module.ebs_kms_key.aws_kms_replica_key.this",
            "module.ebs_kms_key.data.aws_caller_identity.current",
            "module.ebs_kms_key.data.aws_iam_policy_document.this",
            "module.ebs_kms_key.data.aws_partition.current",
            "module.eks.aws_iam_role.this",
            "module.eks.data.aws_iam_policy_document.assume_role_policy",
            "module.eks.data.aws_partition.current",
            "module.eks.module.eks_managed_node_group.aws_iam_role.this",
            "module.eks.module.eks_managed_node_group.data.aws_caller_identity.current",
            "module.eks.module.eks_managed_node_group.data.aws_iam_policy_document.assume_role_policy",
            "module.eks.module.eks_managed_node_group.data.aws_partition.current",
            "module.key_pair.aws_key_pair.this",
            "module.key_pair.tls_private_key.this",
            "module.vpc.aws_subnet.private",
            "module.vpc.aws_vpc.this",
            "module.vpc.aws_vpc_ipv4_cidr_block_association.this"
          ],
          "create_before_destroy": true
        }
      ]
    },
    {
      "module": "module.eks.module.eks_managed_node_group[\"bottlerocket_add\"]",
      "mode": "managed",
      "type": "aws_launch_template",
      "name": "this",
      "provider": "provider[\"registry.terraform.io/hashicorp/aws\"]",
      "instances": [
        {
          "index_key": 0,
          "schema_version": 0,
          "attributes": {
            "arn": "arn:aws:ec2:eu-west-2:153600809351:launch-template/lt-01de0ce31e3de6b40",
            "block_device_mappings": [],
            "capacity_reservation_specification": [],
            "cpu_options": [],
            "credit_specification": [],
            "default_version": 1,
            "description": "Custom launch template for bottlerocket_add EKS managed node group",
            "disable_api_stop": false,
            "disable_api_termination": false,
            "ebs_optimized": "",
            "elastic_gpu_specifications": [],
            "elastic_inference_accelerator": [],
            "enclave_options": [],
            "hibernation_options": [],
            "iam_instance_profile": [],
            "id": "lt-01de0ce31e3de6b40",
            "image_id": "",
            "instance_initiated_shutdown_behavior": "",
            "instance_market_options": [],
            "instance_requirements": [],
            "instance_type": "",
            "kernel_id": "",
            "key_name": "",
            "latest_version": 1,
            "license_specification": [],
            "maintenance_options": [],
            "metadata_options": [
              {
                "http_endpoint": "enabled",
                "http_protocol_ipv6": "",
                "http_put_response_hop_limit": 2,
                "http_tokens": "required",
                "instance_metadata_tags": ""
              }
            ],
            "monitoring": [
              {
                "enabled": true
              }
            ],
            "name": "bottlerocket_add-20240110225215803900000032",
            "name_prefix": "bottlerocket_add-",
            "network_interfaces": [],
            "placement": [],
            "private_dns_name_options": [],
            "ram_disk_id": "",
            "security_group_names": [],
            "tag_specifications": [
              {
                "resource_type": "instance",
                "tags": {
                  "Name": "bottlerocket_add"
                }
              },
              {
                "resource_type": "network-interface",
                "tags": {
                  "Name": "bottlerocket_add"
                }
              },
              {
                "resource_type": "volume",
                "tags": {
                  "Name": "bottlerocket_add"
                }
              }
            ],
            "tags": {
              "Name": "darey-liveclass-cluster"
            },
            "tags_all": {
              "Name": "darey-liveclass-cluster"
            },
            "update_default_version": true,
            "user_data": "IyBleHRyYSBhcmdzIGFkZGVkDQpbc2V0dGluZ3Mua2VybmVsXQ0KbG9ja2Rvd24gPSAiaW50ZWdyaXR5Ig0K",
            "vpc_security_group_ids": [
              "sg-04d5426fdbb155dad"
            ]
          },
          "sensitive_attributes": [],
          "private": "bnVsbA==",
          "dependencies": [
            "aws_iam_policy.node_additional",
            "aws_security_group.remote_access",
            "data.aws_ami.eks_default",
            "data.aws_ami.eks_default_arm",
            "data.aws_ami.eks_default_bottlerocket",
            "data.aws_availability_zones.available",
            "data.aws_caller_identity.current",
            "module.ebs_kms_key.aws_kms_external_key.this",
            "module.ebs_kms_key.aws_kms_key.this",
            "module.ebs_kms_key.aws_kms_replica_external_key.this",
            "module.ebs_kms_key.aws_kms_replica_key.this",
            "module.ebs_kms_key.data.aws_caller_identity.current",
            "module.ebs_kms_key.data.aws_iam_policy_document.this",
            "module.ebs_kms_key.data.aws_partition.current",
            "module.eks.aws_cloudwatch_log_group.this",
            "module.eks.aws_eks_cluster.this",
            "module.eks.aws_iam_policy.cni_ipv6_policy",
            "module.eks.aws_iam_role.this",
            "module.eks.aws_iam_role_policy_attachment.this",
            "module.eks.aws_security_group.cluster",
            "module.eks.aws_security_group.node",
            "module.eks.aws_security_group_rule.cluster",
            "module.eks.aws_security_group_rule.node",
            "module.eks.data.aws_caller_identity.current",
            "module.eks.data.aws_iam_policy_document.assume_role_policy",
            "module.eks.data.aws_iam_policy_document.cni_ipv6_policy",
            "module.eks.data.aws_iam_session_context.current",
            "module.eks.data.aws_partition.current",
            "module.eks.module.eks_managed_node_group.aws_iam_role.this",
            "module.eks.module.eks_managed_node_group.aws_iam_role_policy_attachment.this",
            "module.eks.module.eks_managed_node_group.data.aws_caller_identity.current",
            "module.eks.module.eks_managed_node_group.data.aws_iam_policy_document.assume_role_policy",
            "module.eks.module.eks_managed_node_group.data.aws_partition.current",
            "module.eks.module.eks_managed_node_group.module.user_data.data.cloudinit_config.linux_eks_managed_node_group",
            "module.eks.module.kms.aws_kms_external_key.this",
            "module.eks.module.kms.aws_kms_key.this",
            "module.eks.module.kms.aws_kms_replica_external_key.this",
            "module.eks.module.kms.aws_kms_replica_key.this",
            "module.eks.module.kms.data.aws_caller_identity.current",
            "module.eks.module.kms.data.aws_iam_policy_document.this",
            "module.eks.module.kms.data.aws_partition.current",
            "module.eks.time_sleep.this",
            "module.key_pair.aws_key_pair.this",
            "module.key_pair.tls_private_key.this",
            "module.vpc.aws_subnet.intra",
            "module.vpc.aws_subnet.private",
            "module.vpc.aws_vpc.this",
            "module.vpc.aws_vpc_ipv4_cidr_block_association.this"
          ],
          "create_before_destroy": true
        }
      ]
    },
    {
      "module": "module.eks.module.eks_managed_node_group[\"bottlerocket_add\"].module.user_data",
      "mode": "data",
      "type": "cloudinit_config",
      "name": "linux_eks_managed_node_group",
      "provider": "provider[\"registry.terraform.io/hashicorp/cloudinit\"]",
      "instances": []
    },
    {
      "module": "module.eks.module.eks_managed_node_group[\"bottlerocket_custom\"]",
      "mode": "data",
      "type": "aws_caller_identity",
      "name": "current",
      "provider": "provider[\"registry.terraform.io/hashicorp/aws\"]",
      "instances": [
        {
          "schema_version": 0,
          "attributes": {
            "account_id": "153600809351",
            "arn": "arn:aws:iam::153600809351:root",
            "id": "153600809351",
            "user_id": "153600809351"
          },
          "sensitive_attributes": []
        }
      ]
    },
    {
      "module": "module.eks.module.eks_managed_node_group[\"bottlerocket_custom\"]",
      "mode": "data",
      "type": "aws_iam_policy_document",
      "name": "assume_role_policy",
      "provider": "provider[\"registry.terraform.io/hashicorp/aws\"]",
      "instances": [
        {
          "index_key": 0,
          "schema_version": 0,
          "attributes": {
            "id": "1734879000",
            "json": "{\n  \"Version\": \"2012-10-17\",\n  \"Statement\": [\n    {\n      \"Sid\": \"EKSNodeAssumeRole\",\n      \"Effect\": \"Allow\",\n      \"Action\": \"sts:AssumeRole\",\n      \"Principal\": {\n        \"Service\": \"ec2.amazonaws.com\"\n      }\n    }\n  ]\n}",
            "override_policy_documents": null,
            "policy_id": null,
            "source_policy_documents": null,
            "statement": [
              {
                "actions": [
                  "sts:AssumeRole"
                ],
                "condition": [],
                "effect": "Allow",
                "not_actions": [],
                "not_principals": [],
                "not_resources": [],
                "principals": [
                  {
                    "identifiers": [
                      "ec2.amazonaws.com"
                    ],
                    "type": "Service"
                  }
                ],
                "resources": [],
                "sid": "EKSNodeAssumeRole"
              }
            ],
            "version": "2012-10-17"
          },
          "sensitive_attributes": []
        }
      ]
    },
    {
      "module": "module.eks.module.eks_managed_node_group[\"bottlerocket_custom\"]",
      "mode": "data",
      "type": "aws_partition",
      "name": "current",
      "provider": "provider[\"registry.terraform.io/hashicorp/aws\"]",
      "instances": [
        {
          "schema_version": 0,
          "attributes": {
            "dns_suffix": "amazonaws.com",
            "id": "aws",
            "partition": "aws",
            "reverse_dns_prefix": "com.amazonaws"
          },
          "sensitive_attributes": []
        }
      ]
    },
    {
      "module": "module.eks.module.eks_managed_node_group[\"bottlerocket_custom\"]",
      "mode": "managed",
      "type": "aws_autoscaling_schedule",
      "name": "this",
      "provider": "provider[\"registry.terraform.io/hashicorp/aws\"]",
      "instances": []
    },
    {
      "module": "module.eks.module.eks_managed_node_group[\"bottlerocket_custom\"]",
      "mode": "managed",
      "type": "aws_iam_role",
      "name": "this",
      "provider": "provider[\"registry.terraform.io/hashicorp/aws\"]",
      "instances": [
        {
          "index_key": 0,
          "schema_version": 0,
          "attributes": {
            "arn": "arn:aws:iam::153600809351:role/bottlerocket_custom-eks-node-group-20240110224246302600000011",
            "assume_role_policy": "{\"Statement\":[{\"Action\":\"sts:AssumeRole\",\"Effect\":\"Allow\",\"Principal\":{\"Service\":\"ec2.amazonaws.com\"},\"Sid\":\"EKSNodeAssumeRole\"}],\"Version\":\"2012-10-17\"}",
            "create_date": "2024-01-10T22:42:47Z",
            "description": "EKS managed node group IAM role",
            "force_detach_policies": true,
            "id": "bottlerocket_custom-eks-node-group-20240110224246302600000011",
            "inline_policy": [],
            "managed_policy_arns": [
              "arn:aws:iam::aws:policy/AmazonEC2ContainerRegistryReadOnly",
              "arn:aws:iam::aws:policy/AmazonEKSWorkerNodePolicy",
              "arn:aws:iam::aws:policy/AmazonEKS_CNI_Policy"
            ],
            "max_session_duration": 3600,
            "name": "bottlerocket_custom-eks-node-group-20240110224246302600000011",
            "name_prefix": "bottlerocket_custom-eks-node-group-",
            "path": "/",
            "permissions_boundary": "",
            "tags": {
              "Name": "darey-liveclass-cluster"
            },
            "tags_all": {
              "Name": "darey-liveclass-cluster"
            },
            "unique_id": "AROASHQ2SLGD7K32OE3RN"
          },
          "sensitive_attributes": [],
          "private": "bnVsbA==",
          "dependencies": [
            "aws_iam_policy.node_additional",
            "aws_security_group.remote_access",
            "data.aws_ami.eks_default",
            "data.aws_ami.eks_default_arm",
            "data.aws_ami.eks_default_bottlerocket",
            "data.aws_availability_zones.available",
            "data.aws_caller_identity.current",
            "module.ebs_kms_key.aws_kms_external_key.this",
            "module.ebs_kms_key.aws_kms_key.this",
            "module.ebs_kms_key.aws_kms_replica_external_key.this",
            "module.ebs_kms_key.aws_kms_replica_key.this",
            "module.ebs_kms_key.data.aws_caller_identity.current",
            "module.ebs_kms_key.data.aws_iam_policy_document.this",
            "module.ebs_kms_key.data.aws_partition.current",
            "module.eks.aws_iam_role.this",
            "module.eks.data.aws_iam_policy_document.assume_role_policy",
            "module.eks.data.aws_partition.current",
            "module.eks.module.eks_managed_node_group.data.aws_iam_policy_document.assume_role_policy",
            "module.eks.module.eks_managed_node_group.data.aws_partition.current",
            "module.key_pair.aws_key_pair.this",
            "module.key_pair.tls_private_key.this",
            "module.vpc.aws_subnet.private",
            "module.vpc.aws_vpc.this",
            "module.vpc.aws_vpc_ipv4_cidr_block_association.this"
          ],
          "create_before_destroy": true
        }
      ]
    },
    {
      "module": "module.eks.module.eks_managed_node_group[\"bottlerocket_custom\"]",
      "mode": "managed",
      "type": "aws_iam_role_policy_attachment",
      "name": "this",
      "provider": "provider[\"registry.terraform.io/hashicorp/aws\"]",
      "instances": [
        {
          "index_key": "arn:aws:iam::aws:policy/AmazonEC2ContainerRegistryReadOnly",
          "schema_version": 0,
          "attributes": {
            "id": "bottlerocket_custom-eks-node-group-20240110224246302600000011-2024011022424855220000001f",
            "policy_arn": "arn:aws:iam::aws:policy/AmazonEC2ContainerRegistryReadOnly",
            "role": "bottlerocket_custom-eks-node-group-20240110224246302600000011"
          },
          "sensitive_attributes": [],
          "private": "bnVsbA==",
          "dependencies": [
            "aws_iam_policy.node_additional",
            "aws_security_group.remote_access",
            "data.aws_ami.eks_default",
            "data.aws_ami.eks_default_arm",
            "data.aws_ami.eks_default_bottlerocket",
            "data.aws_availability_zones.available",
            "data.aws_caller_identity.current",
            "module.ebs_kms_key.aws_kms_external_key.this",
            "module.ebs_kms_key.aws_kms_key.this",
            "module.ebs_kms_key.aws_kms_replica_external_key.this",
            "module.ebs_kms_key.aws_kms_replica_key.this",
            "module.ebs_kms_key.data.aws_caller_identity.current",
            "module.ebs_kms_key.data.aws_iam_policy_document.this",
            "module.ebs_kms_key.data.aws_partition.current",
            "module.eks.aws_iam_role.this",
            "module.eks.data.aws_iam_policy_document.assume_role_policy",
            "module.eks.data.aws_partition.current",
            "module.eks.module.eks_managed_node_group.aws_iam_role.this",
            "module.eks.module.eks_managed_node_group.data.aws_caller_identity.current",
            "module.eks.module.eks_managed_node_group.data.aws_iam_policy_document.assume_role_policy",
            "module.eks.module.eks_managed_node_group.data.aws_partition.current",
            "module.key_pair.aws_key_pair.this",
            "module.key_pair.tls_private_key.this",
            "module.vpc.aws_subnet.private",
            "module.vpc.aws_vpc.this",
            "module.vpc.aws_vpc_ipv4_cidr_block_association.this"
          ],
          "create_before_destroy": true
        },
        {
          "index_key": "arn:aws:iam::aws:policy/AmazonEKSWorkerNodePolicy",
          "schema_version": 0,
          "attributes": {
            "id": "bottlerocket_custom-eks-node-group-20240110224246302600000011-20240110224248596800000021",
            "policy_arn": "arn:aws:iam::aws:policy/AmazonEKSWorkerNodePolicy",
            "role": "bottlerocket_custom-eks-node-group-20240110224246302600000011"
          },
          "sensitive_attributes": [],
          "private": "bnVsbA==",
          "dependencies": [
            "aws_iam_policy.node_additional",
            "aws_security_group.remote_access",
            "data.aws_ami.eks_default",
            "data.aws_ami.eks_default_arm",
            "data.aws_ami.eks_default_bottlerocket",
            "data.aws_availability_zones.available",
            "data.aws_caller_identity.current",
            "module.ebs_kms_key.aws_kms_external_key.this",
            "module.ebs_kms_key.aws_kms_key.this",
            "module.ebs_kms_key.aws_kms_replica_external_key.this",
            "module.ebs_kms_key.aws_kms_replica_key.this",
            "module.ebs_kms_key.data.aws_caller_identity.current",
            "module.ebs_kms_key.data.aws_iam_policy_document.this",
            "module.ebs_kms_key.data.aws_partition.current",
            "module.eks.aws_iam_role.this",
            "module.eks.data.aws_iam_policy_document.assume_role_policy",
            "module.eks.data.aws_partition.current",
            "module.eks.module.eks_managed_node_group.aws_iam_role.this",
            "module.eks.module.eks_managed_node_group.data.aws_caller_identity.current",
            "module.eks.module.eks_managed_node_group.data.aws_iam_policy_document.assume_role_policy",
            "module.eks.module.eks_managed_node_group.data.aws_partition.current",
            "module.key_pair.aws_key_pair.this",
            "module.key_pair.tls_private_key.this",
            "module.vpc.aws_subnet.private",
            "module.vpc.aws_vpc.this",
            "module.vpc.aws_vpc_ipv4_cidr_block_association.this"
          ],
          "create_before_destroy": true
        },
        {
          "index_key": "arn:aws:iam::aws:policy/AmazonEKS_CNI_Policy",
          "schema_version": 0,
          "attributes": {
            "id": "bottlerocket_custom-eks-node-group-20240110224246302600000011-20240110224248633400000022",
            "policy_arn": "arn:aws:iam::aws:policy/AmazonEKS_CNI_Policy",
            "role": "bottlerocket_custom-eks-node-group-20240110224246302600000011"
          },
          "sensitive_attributes": [],
          "private": "bnVsbA==",
          "dependencies": [
            "aws_iam_policy.node_additional",
            "aws_security_group.remote_access",
            "data.aws_ami.eks_default",
            "data.aws_ami.eks_default_arm",
            "data.aws_ami.eks_default_bottlerocket",
            "data.aws_availability_zones.available",
            "data.aws_caller_identity.current",
            "module.ebs_kms_key.aws_kms_external_key.this",
            "module.ebs_kms_key.aws_kms_key.this",
            "module.ebs_kms_key.aws_kms_replica_external_key.this",
            "module.ebs_kms_key.aws_kms_replica_key.this",
            "module.ebs_kms_key.data.aws_caller_identity.current",
            "module.ebs_kms_key.data.aws_iam_policy_document.this",
            "module.ebs_kms_key.data.aws_partition.current",
            "module.eks.aws_iam_role.this",
            "module.eks.data.aws_iam_policy_document.assume_role_policy",
            "module.eks.data.aws_partition.current",
            "module.eks.module.eks_managed_node_group.aws_iam_role.this",
            "module.eks.module.eks_managed_node_group.data.aws_caller_identity.current",
            "module.eks.module.eks_managed_node_group.data.aws_iam_policy_document.assume_role_policy",
            "module.eks.module.eks_managed_node_group.data.aws_partition.current",
            "module.key_pair.aws_key_pair.this",
            "module.key_pair.tls_private_key.this",
            "module.vpc.aws_subnet.private",
            "module.vpc.aws_vpc.this",
            "module.vpc.aws_vpc_ipv4_cidr_block_association.this"
          ],
          "create_before_destroy": true
        }
      ]
    },
    {
      "module": "module.eks.module.eks_managed_node_group[\"bottlerocket_custom\"]",
      "mode": "managed",
      "type": "aws_launch_template",
      "name": "this",
      "provider": "provider[\"registry.terraform.io/hashicorp/aws\"]",
      "instances": [
        {
          "index_key": 0,
          "schema_version": 0,
          "attributes": {
            "arn": "arn:aws:ec2:eu-west-2:153600809351:launch-template/lt-03a4a6aeeccf34885",
            "block_device_mappings": [],
            "capacity_reservation_specification": [],
            "cpu_options": [],
            "credit_specification": [],
            "default_version": 1,
            "description": "Custom launch template for bottlerocket_custom EKS managed node group",
            "disable_api_stop": false,
            "disable_api_termination": false,
            "ebs_optimized": "",
            "elastic_gpu_specifications": [],
            "elastic_inference_accelerator": [],
            "enclave_options": [],
            "hibernation_options": [],
            "iam_instance_profile": [],
            "id": "lt-03a4a6aeeccf34885",
            "image_id": "ami-01526410a11d6094f",
            "instance_initiated_shutdown_behavior": "",
            "instance_market_options": [],
            "instance_requirements": [],
            "instance_type": "",
            "kernel_id": "",
            "key_name": "",
            "latest_version": 1,
            "license_specification": [],
            "maintenance_options": [],
            "metadata_options": [
              {
                "http_endpoint": "enabled",
                "http_protocol_ipv6": "",
                "http_put_response_hop_limit": 2,
                "http_tokens": "required",
                "instance_metadata_tags": ""
              }
            ],
            "monitoring": [
              {
                "enabled": true
              }
            ],
            "name": "bottlerocket_custom-2024011022521579360000002e",
            "name_prefix": "bottlerocket_custom-",
            "network_interfaces": [],
            "placement": [],
            "private_dns_name_options": [],
            "ram_disk_id": "",
            "security_group_names": [],
            "tag_specifications": [
              {
                "resource_type": "instance",
                "tags": {
                  "Name": "bottlerocket_custom"
                }
              },
              {
                "resource_type": "network-interface",
                "tags": {
                  "Name": "bottlerocket_custom"
                }
              },
              {
                "resource_type": "volume",
                "tags": {
                  "Name": "bottlerocket_custom"
                }
              }
            ],
            "tags": {
              "Name": "darey-liveclass-cluster"
            },
            "tags_all": {
              "Name": "darey-liveclass-cluster"
            },
            "update_default_version": true,
            "user_data": "W3NldHRpbmdzLmt1YmVybmV0ZXNdDQoiY2x1c3Rlci1uYW1lIiA9ICJkYXJleS1saXZlY2xhc3MtY2x1c3RlciINCiJhcGktc2VydmVyIiA9ICJodHRwczovLzQ0MDNCMEIwNkFGRjMzNTRGQjE0MEIzOUZGM0Q0OTg0LmdyNy5ldS13ZXN0LTIuZWtzLmFtYXpvbmF3cy5jb20iDQoiY2x1c3Rlci1jZXJ0aWZpY2F0ZSIgPSAiTFMwdExTMUNSVWRKVGlCRFJWSlVTVVpKUTBGVVJTMHRMUzB0Q2sxSlNVTXZha05EUVdWaFowRjNTVUpCWjBsQ1FVUkJUa0puYTNGb2EybEhPWGN3UWtGUmMwWkJSRUZXVFZKTmQwVlJXVVJXVVZGRVJYZHdjbVJYU213S1kyMDFiR1JIVm5wTlFqUllSRlJKTUUxRVJYaE5SRWw1VGtSamVFMHhiMWhFVkUwd1RVUkZkMDU2U1hsT1JHTjRUVEZ2ZDBaVVJWUk5Ra1ZIUVRGVlJRcEJlRTFMWVROV2FWcFlTblZhV0ZKc1kzcERRMEZUU1hkRVVWbEtTMjlhU1doMlkwNUJVVVZDUWxGQlJHZG5SVkJCUkVORFFWRnZRMmRuUlVKQlRrVTNDbkJ2TWxadmNVWXZMMEpRVVVONU0xSlpWRFpOWm5sQ2JsRmlTbG81SzFaU2IwOW1TRGcwTTNaelVXMHpTRzloZERKRVlsZHdVamxIUkhCTWJ6Sk9Ta0VLUTB4clRqQkRkRUpsVW5odFpUQk9PSGhJTmxrMGRYWmlNMlozVEVsaVlXZGtZV0kwZFd4MWEySTJObVJIVkZkSmExZDFlVE5NVEc1MVp6TktWRXhDUlFwMlJIbFdUSEUyTmtreGEweFFjR2RTU21kS09FMU5UVXgxWWtsR1JpdDJVMk13YXpsQ2FVbzBabHBTUW5Nd2JHZDVLMFowTDFoQmFsZERZVlZyZW1JMUNrMXJWRlpuYTJrNWJtUlZRVFJhTkdsV05YRkVPR1ZQUWpRNWMwRkpNSEZrZDI1eldYRTJZM2d6VTNwb0wzSnJhbm94U1ZjeWFHWlNUbVJNVFVwWFVXd0tTazlGV25CNWJVSjFSM0ZQTTBSbE5scFNaVzFXWXpObVIyZEZLM1ZxVHpJM1QxQmFjVTFrYVVoSlRDODNSVXROWlhkUmRWbDBLMjFqYzJSVFFsRkhZd3B5VVcxRGRtSnhVakpWU2pVeE5sazRUWFpOUTBGM1JVRkJZVTVhVFVaamQwUm5XVVJXVWpCUVFWRklMMEpCVVVSQlowdHJUVUU0UjBFeFZXUkZkMFZDQ2k5M1VVWk5RVTFDUVdZNGQwaFJXVVJXVWpCUFFrSlpSVVpRU0c5aVZWVXJOek5qZWpkaFkwSjFjVWRvYlVSU1ZtSlFaVXhOUWxWSFFURlZaRVZSVVU4S1RVRjVRME50ZERGWmJWWjVZbTFXTUZwWVRYZEVVVmxLUzI5YVNXaDJZMDVCVVVWTVFsRkJSR2RuUlVKQlRWTjVVMEZSYzNwd00zazJRVWRIU0dvelpRcEVhMU14UkdwVk5XOUZTVFJaZWpCREswY3phamMwU2xRcmFISXJhbVFyTTJkSk4wdEpUVlZhYTBSSE9VdFBXbWh1TUdKUGFXcE9OWHB6TTFGcWNrTlRDamQzYlhWUmQyOVBMMm9yUkdObVJYbElZMmczUkhWcU1HWmpRbTQzT0dOVk1HUkNkM2Q2WkV4Tk1taExVVlpNYUc1bk9UbHlSRFZ2TWxkNVoxbFJWbmtLU2sxc1EwZExUVWxwTjJabE0wUXpVa3A1WjA5NVlVd3hiRzVNWjBsblExaFhTV2RFT0ZWSVZscG5iVmhPUzBGVWJ6UlpXR0ZVWW5waVNuZ3ZOR0pOV0FwMkwyaExhMU5CVURkQlprNWhhRmRxV1RKcFdYbDZLemxvYVRsVFlsaDBjazk0VlZndlRHbDZNa2R2TDJSRFMycEdkRmhoTDJkV0t6WlhlSFV4YUhGeENqRXZhSE0yYlc5UlV5dExXa3M1UjNNeFlrZFRNRkJTWlhsamF6SkRXRE51T0c1Q2FFZzFZMGQyYzB4NFFWaHBVVGh1U0hKV1dsaHRiVXB2V1dWdlRIZ0tNWEJOUFFvdExTMHRMVVZPUkNCRFJWSlVTVVpKUTBGVVJTMHRMUzB0Q2c9PSINCiMgVGhlIGFkbWluIGhvc3QgY29udGFpbmVyIHByb3ZpZGVzIFNTSCBhY2Nlc3MgYW5kIHJ1bnMgd2l0aCAic3VwZXJwb3dlcnMiLg0KIyBJdCBpcyBkaXNhYmxlZCBieSBkZWZhdWx0LCBidXQgY2FuIGJlIGRpc2FibGVkIGV4cGxpY2l0bHkuDQpbc2V0dGluZ3MuaG9zdC1jb250YWluZXJzLmFkbWluXQ0KZW5hYmxlZCA9IGZhbHNlDQojIFRoZSBjb250cm9sIGhvc3QgY29udGFpbmVyIHByb3ZpZGVzIG91dC1vZi1iYW5kIGFjY2VzcyB2aWEgU1NNLg0KIyBJdCBpcyBlbmFibGVkIGJ5IGRlZmF1bHQsIGFuZCBjYW4gYmUgZGlzYWJsZWQgaWYgeW91IGRvIG5vdCBleHBlY3QgdG8gdXNlIFNTTS4NCiMgVGhpcyBjb3VsZCBsZWF2ZSB5b3Ugd2l0aCBubyB3YXkgdG8gYWNjZXNzIHRoZSBBUEkgYW5kIGNoYW5nZSBzZXR0aW5ncyBvbiBhbiBleGlzdGluZyBub2RlIQ0KW3NldHRpbmdzLmhvc3QtY29udGFpbmVycy5jb250cm9sXQ0KZW5hYmxlZCA9IHRydWUNCiMgZXh0cmEgYXJncyBhZGRlZA0KW3NldHRpbmdzLmtlcm5lbF0NCmxvY2tkb3duID0gImludGVncml0eSINCltzZXR0aW5ncy5rdWJlcm5ldGVzLm5vZGUtbGFiZWxzXQ0KbGFiZWwxID0gImZvbyINCmxhYmVsMiA9ICJiYXIiDQpbc2V0dGluZ3Mua3ViZXJuZXRlcy5ub2RlLXRhaW50c10NCmRlZGljYXRlZCA9ICJleHBlcmltZW50YWw6UHJlZmVyTm9TY2hlZHVsZSINCnNwZWNpYWwgPSAidHJ1ZTpOb1NjaGVkdWxlIg0K",
            "vpc_security_group_ids": [
              "sg-04d5426fdbb155dad"
            ]
          },
          "sensitive_attributes": [],
          "private": "bnVsbA==",
          "dependencies": [
            "aws_iam_policy.node_additional",
            "aws_security_group.remote_access",
            "data.aws_ami.eks_default",
            "data.aws_ami.eks_default_arm",
            "data.aws_ami.eks_default_bottlerocket",
            "data.aws_availability_zones.available",
            "data.aws_caller_identity.current",
            "module.ebs_kms_key.aws_kms_external_key.this",
            "module.ebs_kms_key.aws_kms_key.this",
            "module.ebs_kms_key.aws_kms_replica_external_key.this",
            "module.ebs_kms_key.aws_kms_replica_key.this",
            "module.ebs_kms_key.data.aws_caller_identity.current",
            "module.ebs_kms_key.data.aws_iam_policy_document.this",
            "module.ebs_kms_key.data.aws_partition.current",
            "module.eks.aws_cloudwatch_log_group.this",
            "module.eks.aws_eks_cluster.this",
            "module.eks.aws_iam_policy.cni_ipv6_policy",
            "module.eks.aws_iam_role.this",
            "module.eks.aws_iam_role_policy_attachment.this",
            "module.eks.aws_security_group.cluster",
            "module.eks.aws_security_group.node",
            "module.eks.aws_security_group_rule.cluster",
            "module.eks.aws_security_group_rule.node",
            "module.eks.data.aws_caller_identity.current",
            "module.eks.data.aws_iam_policy_document.assume_role_policy",
            "module.eks.data.aws_iam_policy_document.cni_ipv6_policy",
            "module.eks.data.aws_iam_session_context.current",
            "module.eks.data.aws_partition.current",
            "module.eks.module.eks_managed_node_group.aws_iam_role.this",
            "module.eks.module.eks_managed_node_group.aws_iam_role_policy_attachment.this",
            "module.eks.module.eks_managed_node_group.data.aws_caller_identity.current",
            "module.eks.module.eks_managed_node_group.data.aws_iam_policy_document.assume_role_policy",
            "module.eks.module.eks_managed_node_group.data.aws_partition.current",
            "module.eks.module.eks_managed_node_group.module.user_data.data.cloudinit_config.linux_eks_managed_node_group",
            "module.eks.module.kms.aws_kms_external_key.this",
            "module.eks.module.kms.aws_kms_key.this",
            "module.eks.module.kms.aws_kms_replica_external_key.this",
            "module.eks.module.kms.aws_kms_replica_key.this",
            "module.eks.module.kms.data.aws_caller_identity.current",
            "module.eks.module.kms.data.aws_iam_policy_document.this",
            "module.eks.module.kms.data.aws_partition.current",
            "module.eks.time_sleep.this",
            "module.key_pair.aws_key_pair.this",
            "module.key_pair.tls_private_key.this",
            "module.vpc.aws_subnet.intra",
            "module.vpc.aws_subnet.private",
            "module.vpc.aws_vpc.this",
            "module.vpc.aws_vpc_ipv4_cidr_block_association.this"
          ],
          "create_before_destroy": true
        }
      ]
    },
    {
      "module": "module.eks.module.eks_managed_node_group[\"bottlerocket_custom\"].module.user_data",
      "mode": "data",
      "type": "cloudinit_config",
      "name": "linux_eks_managed_node_group",
      "provider": "provider[\"registry.terraform.io/hashicorp/cloudinit\"]",
      "instances": []
    },
    {
      "module": "module.eks.module.eks_managed_node_group[\"bottlerocket_default\"]",
      "mode": "data",
      "type": "aws_caller_identity",
      "name": "current",
      "provider": "provider[\"registry.terraform.io/hashicorp/aws\"]",
      "instances": [
        {
          "schema_version": 0,
          "attributes": {
            "account_id": "153600809351",
            "arn": "arn:aws:iam::153600809351:root",
            "id": "153600809351",
            "user_id": "153600809351"
          },
          "sensitive_attributes": []
        }
      ]
    },
    {
      "module": "module.eks.module.eks_managed_node_group[\"bottlerocket_default\"]",
      "mode": "data",
      "type": "aws_iam_policy_document",
      "name": "assume_role_policy",
      "provider": "provider[\"registry.terraform.io/hashicorp/aws\"]",
      "instances": [
        {
          "index_key": 0,
          "schema_version": 0,
          "attributes": {
            "id": "1734879000",
            "json": "{\n  \"Version\": \"2012-10-17\",\n  \"Statement\": [\n    {\n      \"Sid\": \"EKSNodeAssumeRole\",\n      \"Effect\": \"Allow\",\n      \"Action\": \"sts:AssumeRole\",\n      \"Principal\": {\n        \"Service\": \"ec2.amazonaws.com\"\n      }\n    }\n  ]\n}",
            "override_policy_documents": null,
            "policy_id": null,
            "source_policy_documents": null,
            "statement": [
              {
                "actions": [
                  "sts:AssumeRole"
                ],
                "condition": [],
                "effect": "Allow",
                "not_actions": [],
                "not_principals": [],
                "not_resources": [],
                "principals": [
                  {
                    "identifiers": [
                      "ec2.amazonaws.com"
                    ],
                    "type": "Service"
                  }
                ],
                "resources": [],
                "sid": "EKSNodeAssumeRole"
              }
            ],
            "version": "2012-10-17"
          },
          "sensitive_attributes": []
        }
      ]
    },
    {
      "module": "module.eks.module.eks_managed_node_group[\"bottlerocket_default\"]",
      "mode": "data",
      "type": "aws_partition",
      "name": "current",
      "provider": "provider[\"registry.terraform.io/hashicorp/aws\"]",
      "instances": [
        {
          "schema_version": 0,
          "attributes": {
            "dns_suffix": "amazonaws.com",
            "id": "aws",
            "partition": "aws",
            "reverse_dns_prefix": "com.amazonaws"
          },
          "sensitive_attributes": []
        }
      ]
    },
    {
      "module": "module.eks.module.eks_managed_node_group[\"bottlerocket_default\"]",
      "mode": "managed",
      "type": "aws_autoscaling_schedule",
      "name": "this",
      "provider": "provider[\"registry.terraform.io/hashicorp/aws\"]",
      "instances": []
    },
    {
      "module": "module.eks.module.eks_managed_node_group[\"bottlerocket_default\"]",
      "mode": "managed",
      "type": "aws_iam_role",
      "name": "this",
      "provider": "provider[\"registry.terraform.io/hashicorp/aws\"]",
      "instances": [
        {
          "index_key": 0,
          "schema_version": 0,
          "attributes": {
            "arn": "arn:aws:iam::153600809351:role/bottlerocket_default-eks-node-group-20240110224246332800000012",
            "assume_role_policy": "{\"Statement\":[{\"Action\":\"sts:AssumeRole\",\"Effect\":\"Allow\",\"Principal\":{\"Service\":\"ec2.amazonaws.com\"},\"Sid\":\"EKSNodeAssumeRole\"}],\"Version\":\"2012-10-17\"}",
            "create_date": "2024-01-10T22:42:47Z",
            "description": "EKS managed node group IAM role",
            "force_detach_policies": true,
            "id": "bottlerocket_default-eks-node-group-20240110224246332800000012",
            "inline_policy": [],
            "managed_policy_arns": [
              "arn:aws:iam::aws:policy/AmazonEC2ContainerRegistryReadOnly",
              "arn:aws:iam::aws:policy/AmazonEKSWorkerNodePolicy",
              "arn:aws:iam::aws:policy/AmazonEKS_CNI_Policy"
            ],
            "max_session_duration": 3600,
            "name": "bottlerocket_default-eks-node-group-20240110224246332800000012",
            "name_prefix": "bottlerocket_default-eks-node-group-",
            "path": "/",
            "permissions_boundary": "",
            "tags": {
              "Name": "darey-liveclass-cluster"
            },
            "tags_all": {
              "Name": "darey-liveclass-cluster"
            },
            "unique_id": "AROASHQ2SLGDRWK2ZDIZF"
          },
          "sensitive_attributes": [],
          "private": "bnVsbA==",
          "dependencies": [
            "aws_iam_policy.node_additional",
            "aws_security_group.remote_access",
            "data.aws_ami.eks_default",
            "data.aws_ami.eks_default_arm",
            "data.aws_ami.eks_default_bottlerocket",
            "data.aws_availability_zones.available",
            "data.aws_caller_identity.current",
            "module.ebs_kms_key.aws_kms_external_key.this",
            "module.ebs_kms_key.aws_kms_key.this",
            "module.ebs_kms_key.aws_kms_replica_external_key.this",
            "module.ebs_kms_key.aws_kms_replica_key.this",
            "module.ebs_kms_key.data.aws_caller_identity.current",
            "module.ebs_kms_key.data.aws_iam_policy_document.this",
            "module.ebs_kms_key.data.aws_partition.current",
            "module.eks.aws_iam_role.this",
            "module.eks.data.aws_iam_policy_document.assume_role_policy",
            "module.eks.data.aws_partition.current",
            "module.eks.module.eks_managed_node_group.data.aws_iam_policy_document.assume_role_policy",
            "module.eks.module.eks_managed_node_group.data.aws_partition.current",
            "module.key_pair.aws_key_pair.this",
            "module.key_pair.tls_private_key.this",
            "module.vpc.aws_subnet.private",
            "module.vpc.aws_vpc.this",
            "module.vpc.aws_vpc_ipv4_cidr_block_association.this"
          ],
          "create_before_destroy": true
        }
      ]
    },
    {
      "module": "module.eks.module.eks_managed_node_group[\"bottlerocket_default\"]",
      "mode": "managed",
      "type": "aws_iam_role_policy_attachment",
      "name": "this",
      "provider": "provider[\"registry.terraform.io/hashicorp/aws\"]",
      "instances": [
        {
          "index_key": "arn:aws:iam::aws:policy/AmazonEC2ContainerRegistryReadOnly",
          "schema_version": 0,
          "attributes": {
            "id": "bottlerocket_default-eks-node-group-20240110224246332800000012-20240110224248752700000025",
            "policy_arn": "arn:aws:iam::aws:policy/AmazonEC2ContainerRegistryReadOnly",
            "role": "bottlerocket_default-eks-node-group-20240110224246332800000012"
          },
          "sensitive_attributes": [],
          "private": "bnVsbA==",
          "dependencies": [
            "aws_iam_policy.node_additional",
            "aws_security_group.remote_access",
            "data.aws_ami.eks_default",
            "data.aws_ami.eks_default_arm",
            "data.aws_ami.eks_default_bottlerocket",
            "data.aws_availability_zones.available",
            "data.aws_caller_identity.current",
            "module.ebs_kms_key.aws_kms_external_key.this",
            "module.ebs_kms_key.aws_kms_key.this",
            "module.ebs_kms_key.aws_kms_replica_external_key.this",
            "module.ebs_kms_key.aws_kms_replica_key.this",
            "module.ebs_kms_key.data.aws_caller_identity.current",
            "module.ebs_kms_key.data.aws_iam_policy_document.this",
            "module.ebs_kms_key.data.aws_partition.current",
            "module.eks.aws_iam_role.this",
            "module.eks.data.aws_iam_policy_document.assume_role_policy",
            "module.eks.data.aws_partition.current",
            "module.eks.module.eks_managed_node_group.aws_iam_role.this",
            "module.eks.module.eks_managed_node_group.data.aws_caller_identity.current",
            "module.eks.module.eks_managed_node_group.data.aws_iam_policy_document.assume_role_policy",
            "module.eks.module.eks_managed_node_group.data.aws_partition.current",
            "module.key_pair.aws_key_pair.this",
            "module.key_pair.tls_private_key.this",
            "module.vpc.aws_subnet.private",
            "module.vpc.aws_vpc.this",
            "module.vpc.aws_vpc_ipv4_cidr_block_association.this"
          ],
          "create_before_destroy": true
        },
        {
          "index_key": "arn:aws:iam::aws:policy/AmazonEKSWorkerNodePolicy",
          "schema_version": 0,
          "attributes": {
            "id": "bottlerocket_default-eks-node-group-20240110224246332800000012-20240110224248710700000024",
            "policy_arn": "arn:aws:iam::aws:policy/AmazonEKSWorkerNodePolicy",
            "role": "bottlerocket_default-eks-node-group-20240110224246332800000012"
          },
          "sensitive_attributes": [],
          "private": "bnVsbA==",
          "dependencies": [
            "aws_iam_policy.node_additional",
            "aws_security_group.remote_access",
            "data.aws_ami.eks_default",
            "data.aws_ami.eks_default_arm",
            "data.aws_ami.eks_default_bottlerocket",
            "data.aws_availability_zones.available",
            "data.aws_caller_identity.current",
            "module.ebs_kms_key.aws_kms_external_key.this",
            "module.ebs_kms_key.aws_kms_key.this",
            "module.ebs_kms_key.aws_kms_replica_external_key.this",
            "module.ebs_kms_key.aws_kms_replica_key.this",
            "module.ebs_kms_key.data.aws_caller_identity.current",
            "module.ebs_kms_key.data.aws_iam_policy_document.this",
            "module.ebs_kms_key.data.aws_partition.current",
            "module.eks.aws_iam_role.this",
            "module.eks.data.aws_iam_policy_document.assume_role_policy",
            "module.eks.data.aws_partition.current",
            "module.eks.module.eks_managed_node_group.aws_iam_role.this",
            "module.eks.module.eks_managed_node_group.data.aws_caller_identity.current",
            "module.eks.module.eks_managed_node_group.data.aws_iam_policy_document.assume_role_policy",
            "module.eks.module.eks_managed_node_group.data.aws_partition.current",
            "module.key_pair.aws_key_pair.this",
            "module.key_pair.tls_private_key.this",
            "module.vpc.aws_subnet.private",
            "module.vpc.aws_vpc.this",
            "module.vpc.aws_vpc_ipv4_cidr_block_association.this"
          ],
          "create_before_destroy": true
        },
        {
          "index_key": "arn:aws:iam::aws:policy/AmazonEKS_CNI_Policy",
          "schema_version": 0,
          "attributes": {
            "id": "bottlerocket_default-eks-node-group-20240110224246332800000012-20240110224248659000000023",
            "policy_arn": "arn:aws:iam::aws:policy/AmazonEKS_CNI_Policy",
            "role": "bottlerocket_default-eks-node-group-20240110224246332800000012"
          },
          "sensitive_attributes": [],
          "private": "bnVsbA==",
          "dependencies": [
            "aws_iam_policy.node_additional",
            "aws_security_group.remote_access",
            "data.aws_ami.eks_default",
            "data.aws_ami.eks_default_arm",
            "data.aws_ami.eks_default_bottlerocket",
            "data.aws_availability_zones.available",
            "data.aws_caller_identity.current",
            "module.ebs_kms_key.aws_kms_external_key.this",
            "module.ebs_kms_key.aws_kms_key.this",
            "module.ebs_kms_key.aws_kms_replica_external_key.this",
            "module.ebs_kms_key.aws_kms_replica_key.this",
            "module.ebs_kms_key.data.aws_caller_identity.current",
            "module.ebs_kms_key.data.aws_iam_policy_document.this",
            "module.ebs_kms_key.data.aws_partition.current",
            "module.eks.aws_iam_role.this",
            "module.eks.data.aws_iam_policy_document.assume_role_policy",
            "module.eks.data.aws_partition.current",
            "module.eks.module.eks_managed_node_group.aws_iam_role.this",
            "module.eks.module.eks_managed_node_group.data.aws_caller_identity.current",
            "module.eks.module.eks_managed_node_group.data.aws_iam_policy_document.assume_role_policy",
            "module.eks.module.eks_managed_node_group.data.aws_partition.current",
            "module.key_pair.aws_key_pair.this",
            "module.key_pair.tls_private_key.this",
            "module.vpc.aws_subnet.private",
            "module.vpc.aws_vpc.this",
            "module.vpc.aws_vpc_ipv4_cidr_block_association.this"
          ],
          "create_before_destroy": true
        }
      ]
    },
    {
      "module": "module.eks.module.eks_managed_node_group[\"bottlerocket_default\"]",
      "mode": "managed",
      "type": "aws_launch_template",
      "name": "this",
      "provider": "provider[\"registry.terraform.io/hashicorp/aws\"]",
      "instances": []
    },
    {
      "module": "module.eks.module.eks_managed_node_group[\"bottlerocket_default\"].module.user_data",
      "mode": "data",
      "type": "cloudinit_config",
      "name": "linux_eks_managed_node_group",
      "provider": "provider[\"registry.terraform.io/hashicorp/cloudinit\"]",
      "instances": []
    },
    {
      "module": "module.eks.module.eks_managed_node_group[\"complete\"]",
      "mode": "data",
      "type": "aws_caller_identity",
      "name": "current",
      "provider": "provider[\"registry.terraform.io/hashicorp/aws\"]",
      "instances": [
        {
          "schema_version": 0,
          "attributes": {
            "account_id": "153600809351",
            "arn": "arn:aws:iam::153600809351:root",
            "id": "153600809351",
            "user_id": "153600809351"
          },
          "sensitive_attributes": []
        }
      ]
    },
    {
      "module": "module.eks.module.eks_managed_node_group[\"complete\"]",
      "mode": "data",
      "type": "aws_iam_policy_document",
      "name": "assume_role_policy",
      "provider": "provider[\"registry.terraform.io/hashicorp/aws\"]",
      "instances": [
        {
          "index_key": 0,
          "schema_version": 0,
          "attributes": {
            "id": "1734879000",
            "json": "{\n  \"Version\": \"2012-10-17\",\n  \"Statement\": [\n    {\n      \"Sid\": \"EKSNodeAssumeRole\",\n      \"Effect\": \"Allow\",\n      \"Action\": \"sts:AssumeRole\",\n      \"Principal\": {\n        \"Service\": \"ec2.amazonaws.com\"\n      }\n    }\n  ]\n}",
            "override_policy_documents": null,
            "policy_id": null,
            "source_policy_documents": null,
            "statement": [
              {
                "actions": [
                  "sts:AssumeRole"
                ],
                "condition": [],
                "effect": "Allow",
                "not_actions": [],
                "not_principals": [],
                "not_resources": [],
                "principals": [
                  {
                    "identifiers": [
                      "ec2.amazonaws.com"
                    ],
                    "type": "Service"
                  }
                ],
                "resources": [],
                "sid": "EKSNodeAssumeRole"
              }
            ],
            "version": "2012-10-17"
          },
          "sensitive_attributes": []
        }
      ]
    },
    {
      "module": "module.eks.module.eks_managed_node_group[\"complete\"]",
      "mode": "data",
      "type": "aws_partition",
      "name": "current",
      "provider": "provider[\"registry.terraform.io/hashicorp/aws\"]",
      "instances": [
        {
          "schema_version": 0,
          "attributes": {
            "dns_suffix": "amazonaws.com",
            "id": "aws",
            "partition": "aws",
            "reverse_dns_prefix": "com.amazonaws"
          },
          "sensitive_attributes": []
        }
      ]
    },
    {
      "module": "module.eks.module.eks_managed_node_group[\"complete\"]",
      "mode": "managed",
      "type": "aws_iam_role",
      "name": "this",
      "provider": "provider[\"registry.terraform.io/hashicorp/aws\"]",
      "instances": [
        {
          "index_key": 0,
          "schema_version": 0,
          "attributes": {
            "arn": "arn:aws:iam::153600809351:role/eks-managed-node-group-complete-example",
            "assume_role_policy": "{\"Statement\":[{\"Action\":\"sts:AssumeRole\",\"Effect\":\"Allow\",\"Principal\":{\"Service\":\"ec2.amazonaws.com\"},\"Sid\":\"EKSNodeAssumeRole\"}],\"Version\":\"2012-10-17\"}",
            "create_date": "2024-01-10T22:42:47Z",
            "description": "EKS managed node group complete example role",
            "force_detach_policies": true,
            "id": "eks-managed-node-group-complete-example",
            "inline_policy": [],
            "managed_policy_arns": [
              "arn:aws:iam::153600809351:policy/darey-liveclass-cluster-additional",
              "arn:aws:iam::aws:policy/AmazonEC2ContainerRegistryReadOnly",
              "arn:aws:iam::aws:policy/AmazonEKSWorkerNodePolicy",
              "arn:aws:iam::aws:policy/AmazonEKS_CNI_Policy"
            ],
            "max_session_duration": 3600,
            "name": "eks-managed-node-group-complete-example",
            "name_prefix": "",
            "path": "/",
            "permissions_boundary": "",
            "tags": {
              "ExtraTag": "EKS managed node group complete example",
              "Name": "darey-liveclass-cluster",
              "Purpose": "Protector of the kubelet"
            },
            "tags_all": {
              "ExtraTag": "EKS managed node group complete example",
              "Name": "darey-liveclass-cluster",
              "Purpose": "Protector of the kubelet"
            },
            "unique_id": "AROASHQ2SLGD7CUJ4GEC3"
          },
          "sensitive_attributes": [],
          "private": "bnVsbA==",
          "dependencies": [
            "aws_iam_policy.node_additional",
            "aws_security_group.remote_access",
            "data.aws_ami.eks_default",
            "data.aws_ami.eks_default_arm",
            "data.aws_ami.eks_default_bottlerocket",
            "data.aws_availability_zones.available",
            "data.aws_caller_identity.current",
            "module.ebs_kms_key.aws_kms_external_key.this",
            "module.ebs_kms_key.aws_kms_key.this",
            "module.ebs_kms_key.aws_kms_replica_external_key.this",
            "module.ebs_kms_key.aws_kms_replica_key.this",
            "module.ebs_kms_key.data.aws_caller_identity.current",
            "module.ebs_kms_key.data.aws_iam_policy_document.this",
            "module.ebs_kms_key.data.aws_partition.current",
            "module.eks.aws_iam_role.this",
            "module.eks.data.aws_iam_policy_document.assume_role_policy",
            "module.eks.data.aws_partition.current",
            "module.eks.module.eks_managed_node_group.data.aws_iam_policy_document.assume_role_policy",
            "module.eks.module.eks_managed_node_group.data.aws_partition.current",
            "module.key_pair.aws_key_pair.this",
            "module.key_pair.tls_private_key.this",
            "module.vpc.aws_subnet.private",
            "module.vpc.aws_vpc.this",
            "module.vpc.aws_vpc_ipv4_cidr_block_association.this"
          ],
          "create_before_destroy": true
        }
      ]
    },
    {
      "module": "module.eks.module.eks_managed_node_group[\"complete\"]",
      "mode": "managed",
      "type": "aws_iam_role_policy_attachment",
      "name": "this",
      "provider": "provider[\"registry.terraform.io/hashicorp/aws\"]",
      "instances": [
        {
          "index_key": "arn:aws:iam::aws:policy/AmazonEC2ContainerRegistryReadOnly",
          "schema_version": 0,
          "attributes": {
            "id": "eks-managed-node-group-complete-example-20240110224248020000000019",
            "policy_arn": "arn:aws:iam::aws:policy/AmazonEC2ContainerRegistryReadOnly",
            "role": "eks-managed-node-group-complete-example"
          },
          "sensitive_attributes": [],
          "private": "bnVsbA==",
          "dependencies": [
            "aws_iam_policy.node_additional",
            "aws_security_group.remote_access",
            "data.aws_ami.eks_default",
            "data.aws_ami.eks_default_arm",
            "data.aws_ami.eks_default_bottlerocket",
            "data.aws_availability_zones.available",
            "data.aws_caller_identity.current",
            "module.ebs_kms_key.aws_kms_external_key.this",
            "module.ebs_kms_key.aws_kms_key.this",
            "module.ebs_kms_key.aws_kms_replica_external_key.this",
            "module.ebs_kms_key.aws_kms_replica_key.this",
            "module.ebs_kms_key.data.aws_caller_identity.current",
            "module.ebs_kms_key.data.aws_iam_policy_document.this",
            "module.ebs_kms_key.data.aws_partition.current",
            "module.eks.aws_iam_role.this",
            "module.eks.data.aws_iam_policy_document.assume_role_policy",
            "module.eks.data.aws_partition.current",
            "module.eks.module.eks_managed_node_group.aws_iam_role.this",
            "module.eks.module.eks_managed_node_group.data.aws_caller_identity.current",
            "module.eks.module.eks_managed_node_group.data.aws_iam_policy_document.assume_role_policy",
            "module.eks.module.eks_managed_node_group.data.aws_partition.current",
            "module.key_pair.aws_key_pair.this",
            "module.key_pair.tls_private_key.this",
            "module.vpc.aws_subnet.private",
            "module.vpc.aws_vpc.this",
            "module.vpc.aws_vpc_ipv4_cidr_block_association.this"
          ],
          "create_before_destroy": true
        },
        {
          "index_key": "arn:aws:iam::aws:policy/AmazonEKSWorkerNodePolicy",
          "schema_version": 0,
          "attributes": {
            "id": "eks-managed-node-group-complete-example-2024011022424817380000001c",
            "policy_arn": "arn:aws:iam::aws:policy/AmazonEKSWorkerNodePolicy",
            "role": "eks-managed-node-group-complete-example"
          },
          "sensitive_attributes": [],
          "private": "bnVsbA==",
          "dependencies": [
            "aws_iam_policy.node_additional",
            "aws_security_group.remote_access",
            "data.aws_ami.eks_default",
            "data.aws_ami.eks_default_arm",
            "data.aws_ami.eks_default_bottlerocket",
            "data.aws_availability_zones.available",
            "data.aws_caller_identity.current",
            "module.ebs_kms_key.aws_kms_external_key.this",
            "module.ebs_kms_key.aws_kms_key.this",
            "module.ebs_kms_key.aws_kms_replica_external_key.this",
            "module.ebs_kms_key.aws_kms_replica_key.this",
            "module.ebs_kms_key.data.aws_caller_identity.current",
            "module.ebs_kms_key.data.aws_iam_policy_document.this",
            "module.ebs_kms_key.data.aws_partition.current",
            "module.eks.aws_iam_role.this",
            "module.eks.data.aws_iam_policy_document.assume_role_policy",
            "module.eks.data.aws_partition.current",
            "module.eks.module.eks_managed_node_group.aws_iam_role.this",
            "module.eks.module.eks_managed_node_group.data.aws_caller_identity.current",
            "module.eks.module.eks_managed_node_group.data.aws_iam_policy_document.assume_role_policy",
            "module.eks.module.eks_managed_node_group.data.aws_partition.current",
            "module.key_pair.aws_key_pair.this",
            "module.key_pair.tls_private_key.this",
            "module.vpc.aws_subnet.private",
            "module.vpc.aws_vpc.this",
            "module.vpc.aws_vpc_ipv4_cidr_block_association.this"
          ],
          "create_before_destroy": true
        },
        {
          "index_key": "arn:aws:iam::aws:policy/AmazonEKS_CNI_Policy",
          "schema_version": 0,
          "attributes": {
            "id": "eks-managed-node-group-complete-example-2024011022424803710000001a",
            "policy_arn": "arn:aws:iam::aws:policy/AmazonEKS_CNI_Policy",
            "role": "eks-managed-node-group-complete-example"
          },
          "sensitive_attributes": [],
          "private": "bnVsbA==",
          "dependencies": [
            "aws_iam_policy.node_additional",
            "aws_security_group.remote_access",
            "data.aws_ami.eks_default",
            "data.aws_ami.eks_default_arm",
            "data.aws_ami.eks_default_bottlerocket",
            "data.aws_availability_zones.available",
            "data.aws_caller_identity.current",
            "module.ebs_kms_key.aws_kms_external_key.this",
            "module.ebs_kms_key.aws_kms_key.this",
            "module.ebs_kms_key.aws_kms_replica_external_key.this",
            "module.ebs_kms_key.aws_kms_replica_key.this",
            "module.ebs_kms_key.data.aws_caller_identity.current",
            "module.ebs_kms_key.data.aws_iam_policy_document.this",
            "module.ebs_kms_key.data.aws_partition.current",
            "module.eks.aws_iam_role.this",
            "module.eks.data.aws_iam_policy_document.assume_role_policy",
            "module.eks.data.aws_partition.current",
            "module.eks.module.eks_managed_node_group.aws_iam_role.this",
            "module.eks.module.eks_managed_node_group.data.aws_caller_identity.current",
            "module.eks.module.eks_managed_node_group.data.aws_iam_policy_document.assume_role_policy",
            "module.eks.module.eks_managed_node_group.data.aws_partition.current",
            "module.key_pair.aws_key_pair.this",
            "module.key_pair.tls_private_key.this",
            "module.vpc.aws_subnet.private",
            "module.vpc.aws_vpc.this",
            "module.vpc.aws_vpc_ipv4_cidr_block_association.this"
          ],
          "create_before_destroy": true
        }
      ]
    },
    {
      "module": "module.eks.module.eks_managed_node_group[\"complete\"]",
      "mode": "managed",
      "type": "aws_launch_template",
      "name": "this",
      "provider": "provider[\"registry.terraform.io/hashicorp/aws\"]",
      "instances": [
        {
          "index_key": 0,
          "schema_version": 0,
          "attributes": {
            "arn": "arn:aws:ec2:eu-west-2:153600809351:launch-template/lt-02e766ab19bd61808",
            "block_device_mappings": [
              {
                "device_name": "/dev/xvda",
                "ebs": [
                  {
                    "delete_on_termination": "true",
                    "encrypted": "true",
                    "iops": 3000,
                    "kms_key_id": "arn:aws:kms:eu-west-2:153600809351:key/bbc533d4-27e7-4d61-9728-54ee0b2c066c",
                    "snapshot_id": "",
                    "throughput": 150,
                    "volume_size": 75,
                    "volume_type": "gp3"
                  }
                ],
                "no_device": "",
                "virtual_name": ""
              }
            ],
            "capacity_reservation_specification": [],
            "cpu_options": [],
            "credit_specification": [],
            "default_version": 1,
            "description": "Custom launch template for complete-eks-mng EKS managed node group",
            "disable_api_stop": false,
            "disable_api_termination": false,
            "ebs_optimized": "true",
            "elastic_gpu_specifications": [],
            "elastic_inference_accelerator": [],
            "enclave_options": [],
            "hibernation_options": [],
            "iam_instance_profile": [],
            "id": "lt-02e766ab19bd61808",
            "image_id": "ami-0971548314af2829f",
            "instance_initiated_shutdown_behavior": "",
            "instance_market_options": [],
            "instance_requirements": [],
            "instance_type": "",
            "kernel_id": "",
            "key_name": "",
            "latest_version": 1,
            "license_specification": [],
            "maintenance_options": [],
            "metadata_options": [
              {
                "http_endpoint": "enabled",
                "http_protocol_ipv6": "",
                "http_put_response_hop_limit": 2,
                "http_tokens": "required",
                "instance_metadata_tags": "disabled"
              }
            ],
            "monitoring": [
              {
                "enabled": true
              }
            ],
            "name": "complete-2024011022521577960000002c",
            "name_prefix": "complete-",
            "network_interfaces": [],
            "placement": [],
            "private_dns_name_options": [],
            "ram_disk_id": "",
            "security_group_names": [],
            "tag_specifications": [
              {
                "resource_type": "instance",
                "tags": {
                  "ExtraTag": "EKS managed node group complete example",
                  "Name": "complete-eks-mng"
                }
              },
              {
                "resource_type": "network-interface",
                "tags": {
                  "ExtraTag": "EKS managed node group complete example",
                  "Name": "complete-eks-mng"
                }
              },
              {
                "resource_type": "volume",
                "tags": {
                  "ExtraTag": "EKS managed node group complete example",
                  "Name": "complete-eks-mng"
                }
              }
            ],
            "tags": {
              "ExtraTag": "EKS managed node group complete example",
              "Name": "darey-liveclass-cluster"
            },
            "tags_all": {
              "ExtraTag": "EKS managed node group complete example",
              "Name": "darey-liveclass-cluster"
            },
            "update_default_version": true,
            "user_data": "IyEvYmluL2Jhc2gNCnNldCAtZQ0KZXhwb3J0IEZPTz1iYXINCkI2NF9DTFVTVEVSX0NBPUxTMHRMUzFDUlVkSlRpQkRSVkpVU1VaSlEwRlVSUzB0TFMwdENrMUpTVU12YWtORFFXVmhaMEYzU1VKQlowbENRVVJCVGtKbmEzRm9hMmxIT1hjd1FrRlJjMFpCUkVGV1RWSk5kMFZSV1VSV1VWRkVSWGR3Y21SWFNtd0tZMjAxYkdSSFZucE5RalJZUkZSSk1FMUVSWGhOUkVsNVRrUmplRTB4YjFoRVZFMHdUVVJGZDA1NlNYbE9SR040VFRGdmQwWlVSVlJOUWtWSFFURlZSUXBCZUUxTFlUTldhVnBZU25WYVdGSnNZM3BEUTBGVFNYZEVVVmxLUzI5YVNXaDJZMDVCVVVWQ1FsRkJSR2RuUlZCQlJFTkRRVkZ2UTJkblJVSkJUa1UzQ25Cdk1sWnZjVVl2TDBKUVVVTjVNMUpaVkRaTlpubENibEZpU2xvNUsxWlNiMDltU0RnME0zWnpVVzB6U0c5aGRESkVZbGR3VWpsSFJIQk1iekpPU2tFS1EweHJUakJEZEVKbFVuaHRaVEJPT0hoSU5sazBkWFppTTJaM1RFbGlZV2RrWVdJMGRXeDFhMkkyTm1SSFZGZEphMWQxZVROTVRHNTFaek5LVkV4Q1JRcDJSSGxXVEhFMk5ra3hhMHhRY0dkU1NtZEtPRTFOVFV4MVlrbEdSaXQyVTJNd2F6bENhVW8wWmxwU1FuTXdiR2Q1SzBaMEwxaEJhbGREWVZWcmVtSTFDazFyVkZabmEyazVibVJWUVRSYU5HbFdOWEZFT0dWUFFqUTVjMEZKTUhGa2QyNXpXWEUyWTNnelUzcG9MM0pyYW5veFNWY3lhR1pTVG1STVRVcFhVV3dLU2s5RlduQjViVUoxUjNGUE0wUmxObHBTWlcxV1l6Tm1SMmRGSzNWcVR6STNUMUJhY1Uxa2FVaEpUQzgzUlV0TlpYZFJkVmwwSzIxamMyUlRRbEZIWXdweVVXMURkbUp4VWpKVlNqVXhObGs0VFhaTlEwRjNSVUZCWVU1YVRVWmpkMFJuV1VSV1VqQlFRVkZJTDBKQlVVUkJaMHRyVFVFNFIwRXhWV1JGZDBWQ0NpOTNVVVpOUVUxQ1FXWTRkMGhSV1VSV1VqQlBRa0paUlVaUVNHOWlWVlVyTnpOamVqZGhZMEoxY1Vkb2JVUlNWbUpRWlV4TlFsVkhRVEZWWkVWUlVVOEtUVUY1UTBOdGRERlpiVlo1WW0xV01GcFlUWGRFVVZsS1MyOWFTV2gyWTA1QlVVVk1RbEZCUkdkblJVSkJUVk41VTBGUmMzcHdNM2syUVVkSFNHb3paUXBFYTFNeFJHcFZOVzlGU1RSWmVqQkRLMGN6YWpjMFNsUXJhSElyYW1Rck0yZEpOMHRKVFZWYWEwUkhPVXRQV21odU1HSlBhV3BPTlhwek0xRnFja05UQ2pkM2JYVlJkMjlQTDJvclJHTm1SWGxJWTJnM1JIVnFNR1pqUW00M09HTlZNR1JDZDNkNlpFeE5NbWhMVVZaTWFHNW5PVGx5UkRWdk1sZDVaMWxSVm5rS1NrMXNRMGRMVFVscE4yWmxNMFF6VWtwNVowOTVZVXd4Ykc1TVowbG5RMWhYU1dkRU9GVklWbHBuYlZoT1MwRlVielJaV0dGVVlucGlTbmd2TkdKTldBcDJMMmhMYTFOQlVEZEJaazVoYUZkcVdUSnBXWGw2S3psb2FUbFRZbGgwY2s5NFZWZ3ZUR2w2TWtkdkwyUkRTMnBHZEZoaEwyZFdLelpYZUhVeGFIRnhDakV2YUhNMmJXOVJVeXRMV2tzNVIzTXhZa2RUTUZCU1pYbGphekpEV0ROdU9HNUNhRWcxWTBkMmMweDRRVmhwVVRodVNISldXbGh0YlVwdldXVnZUSGdLTVhCTlBRb3RMUzB0TFVWT1JDQkRSVkpVU1VaSlEwRlVSUzB0TFMwdENnPT0NCkFQSV9TRVJWRVJfVVJMPWh0dHBzOi8vNDQwM0IwQjA2QUZGMzM1NEZCMTQwQjM5RkYzRDQ5ODQuZ3I3LmV1LXdlc3QtMi5la3MuYW1hem9uYXdzLmNvbQ0KL2V0Yy9la3MvYm9vdHN0cmFwLnNoIGRhcmV5LWxpdmVjbGFzcy1jbHVzdGVyICAtLWI2NC1jbHVzdGVyLWNhICRCNjRfQ0xVU1RFUl9DQSAtLWFwaXNlcnZlci1lbmRwb2ludCAkQVBJX1NFUlZFUl9VUkwNCmVjaG8gInlvdSBhcmUgZnJlZSBsaXR0bGUga3ViZWxldCEiDQo=",
            "vpc_security_group_ids": [
              "sg-04d5426fdbb155dad"
            ]
          },
          "sensitive_attributes": [],
          "private": "bnVsbA==",
          "dependencies": [
            "aws_iam_policy.node_additional",
            "aws_security_group.remote_access",
            "data.aws_ami.eks_default",
            "data.aws_ami.eks_default_arm",
            "data.aws_ami.eks_default_bottlerocket",
            "data.aws_availability_zones.available",
            "data.aws_caller_identity.current",
            "module.ebs_kms_key.aws_kms_external_key.this",
            "module.ebs_kms_key.aws_kms_key.this",
            "module.ebs_kms_key.aws_kms_replica_external_key.this",
            "module.ebs_kms_key.aws_kms_replica_key.this",
            "module.ebs_kms_key.data.aws_caller_identity.current",
            "module.ebs_kms_key.data.aws_iam_policy_document.this",
            "module.ebs_kms_key.data.aws_partition.current",
            "module.eks.aws_cloudwatch_log_group.this",
            "module.eks.aws_eks_cluster.this",
            "module.eks.aws_iam_policy.cni_ipv6_policy",
            "module.eks.aws_iam_role.this",
            "module.eks.aws_iam_role_policy_attachment.this",
            "module.eks.aws_security_group.cluster",
            "module.eks.aws_security_group.node",
            "module.eks.aws_security_group_rule.cluster",
            "module.eks.aws_security_group_rule.node",
            "module.eks.data.aws_caller_identity.current",
            "module.eks.data.aws_iam_policy_document.assume_role_policy",
            "module.eks.data.aws_iam_policy_document.cni_ipv6_policy",
            "module.eks.data.aws_iam_session_context.current",
            "module.eks.data.aws_partition.current",
            "module.eks.module.eks_managed_node_group.aws_iam_role.this",
            "module.eks.module.eks_managed_node_group.aws_iam_role_policy_attachment.this",
            "module.eks.module.eks_managed_node_group.data.aws_caller_identity.current",
            "module.eks.module.eks_managed_node_group.data.aws_iam_policy_document.assume_role_policy",
            "module.eks.module.eks_managed_node_group.data.aws_partition.current",
            "module.eks.module.eks_managed_node_group.module.user_data.data.cloudinit_config.linux_eks_managed_node_group",
            "module.eks.module.kms.aws_kms_external_key.this",
            "module.eks.module.kms.aws_kms_key.this",
            "module.eks.module.kms.aws_kms_replica_external_key.this",
            "module.eks.module.kms.aws_kms_replica_key.this",
            "module.eks.module.kms.data.aws_caller_identity.current",
            "module.eks.module.kms.data.aws_iam_policy_document.this",
            "module.eks.module.kms.data.aws_partition.current",
            "module.eks.time_sleep.this",
            "module.key_pair.aws_key_pair.this",
            "module.key_pair.tls_private_key.this",
            "module.vpc.aws_subnet.intra",
            "module.vpc.aws_subnet.private",
            "module.vpc.aws_vpc.this",
            "module.vpc.aws_vpc_ipv4_cidr_block_association.this"
          ],
          "create_before_destroy": true
        }
      ]
    },
    {
      "module": "module.eks.module.eks_managed_node_group[\"complete\"].module.user_data",
      "mode": "data",
      "type": "cloudinit_config",
      "name": "linux_eks_managed_node_group",
      "provider": "provider[\"registry.terraform.io/hashicorp/cloudinit\"]",
      "instances": []
    },
    {
      "module": "module.eks.module.eks_managed_node_group[\"custom_ami\"]",
      "mode": "data",
      "type": "aws_caller_identity",
      "name": "current",
      "provider": "provider[\"registry.terraform.io/hashicorp/aws\"]",
      "instances": [
        {
          "schema_version": 0,
          "attributes": {
            "account_id": "153600809351",
            "arn": "arn:aws:iam::153600809351:root",
            "id": "153600809351",
            "user_id": "153600809351"
          },
          "sensitive_attributes": []
        }
      ]
    },
    {
      "module": "module.eks.module.eks_managed_node_group[\"custom_ami\"]",
      "mode": "data",
      "type": "aws_iam_policy_document",
      "name": "assume_role_policy",
      "provider": "provider[\"registry.terraform.io/hashicorp/aws\"]",
      "instances": [
        {
          "index_key": 0,
          "schema_version": 0,
          "attributes": {
            "id": "1734879000",
            "json": "{\n  \"Version\": \"2012-10-17\",\n  \"Statement\": [\n    {\n      \"Sid\": \"EKSNodeAssumeRole\",\n      \"Effect\": \"Allow\",\n      \"Action\": \"sts:AssumeRole\",\n      \"Principal\": {\n        \"Service\": \"ec2.amazonaws.com\"\n      }\n    }\n  ]\n}",
            "override_policy_documents": null,
            "policy_id": null,
            "source_policy_documents": null,
            "statement": [
              {
                "actions": [
                  "sts:AssumeRole"
                ],
                "condition": [],
                "effect": "Allow",
                "not_actions": [],
                "not_principals": [],
                "not_resources": [],
                "principals": [
                  {
                    "identifiers": [
                      "ec2.amazonaws.com"
                    ],
                    "type": "Service"
                  }
                ],
                "resources": [],
                "sid": "EKSNodeAssumeRole"
              }
            ],
            "version": "2012-10-17"
          },
          "sensitive_attributes": []
        }
      ]
    },
    {
      "module": "module.eks.module.eks_managed_node_group[\"custom_ami\"]",
      "mode": "data",
      "type": "aws_partition",
      "name": "current",
      "provider": "provider[\"registry.terraform.io/hashicorp/aws\"]",
      "instances": [
        {
          "schema_version": 0,
          "attributes": {
            "dns_suffix": "amazonaws.com",
            "id": "aws",
            "partition": "aws",
            "reverse_dns_prefix": "com.amazonaws"
          },
          "sensitive_attributes": []
        }
      ]
    },
    {
      "module": "module.eks.module.eks_managed_node_group[\"custom_ami\"]",
      "mode": "managed",
      "type": "aws_autoscaling_schedule",
      "name": "this",
      "provider": "provider[\"registry.terraform.io/hashicorp/aws\"]",
      "instances": []
    },
    {
      "module": "module.eks.module.eks_managed_node_group[\"custom_ami\"]",
      "mode": "managed",
      "type": "aws_iam_role",
      "name": "this",
      "provider": "provider[\"registry.terraform.io/hashicorp/aws\"]",
      "instances": [
        {
          "index_key": 0,
          "schema_version": 0,
          "attributes": {
            "arn": "arn:aws:iam::153600809351:role/custom_ami-eks-node-group-20240110224246053300000010",
            "assume_role_policy": "{\"Statement\":[{\"Action\":\"sts:AssumeRole\",\"Effect\":\"Allow\",\"Principal\":{\"Service\":\"ec2.amazonaws.com\"},\"Sid\":\"EKSNodeAssumeRole\"}],\"Version\":\"2012-10-17\"}",
            "create_date": "2024-01-10T22:42:47Z",
            "description": "EKS managed node group IAM role",
            "force_detach_policies": true,
            "id": "custom_ami-eks-node-group-20240110224246053300000010",
            "inline_policy": [],
            "managed_policy_arns": [
              "arn:aws:iam::aws:policy/AmazonEC2ContainerRegistryReadOnly",
              "arn:aws:iam::aws:policy/AmazonEKSWorkerNodePolicy",
              "arn:aws:iam::aws:policy/AmazonEKS_CNI_Policy"
            ],
            "max_session_duration": 3600,
            "name": "custom_ami-eks-node-group-20240110224246053300000010",
            "name_prefix": "custom_ami-eks-node-group-",
            "path": "/",
            "permissions_boundary": "",
            "tags": {
              "Name": "darey-liveclass-cluster"
            },
            "tags_all": {
              "Name": "darey-liveclass-cluster"
            },
            "unique_id": "AROASHQ2SLGDXJWW27E2J"
          },
          "sensitive_attributes": [],
          "private": "bnVsbA==",
          "dependencies": [
            "aws_iam_policy.node_additional",
            "aws_security_group.remote_access",
            "data.aws_ami.eks_default",
            "data.aws_ami.eks_default_arm",
            "data.aws_ami.eks_default_bottlerocket",
            "data.aws_availability_zones.available",
            "data.aws_caller_identity.current",
            "module.ebs_kms_key.aws_kms_external_key.this",
            "module.ebs_kms_key.aws_kms_key.this",
            "module.ebs_kms_key.aws_kms_replica_external_key.this",
            "module.ebs_kms_key.aws_kms_replica_key.this",
            "module.ebs_kms_key.data.aws_caller_identity.current",
            "module.ebs_kms_key.data.aws_iam_policy_document.this",
            "module.ebs_kms_key.data.aws_partition.current",
            "module.eks.aws_iam_role.this",
            "module.eks.data.aws_iam_policy_document.assume_role_policy",
            "module.eks.data.aws_partition.current",
            "module.eks.module.eks_managed_node_group.data.aws_iam_policy_document.assume_role_policy",
            "module.eks.module.eks_managed_node_group.data.aws_partition.current",
            "module.key_pair.aws_key_pair.this",
            "module.key_pair.tls_private_key.this",
            "module.vpc.aws_subnet.private",
            "module.vpc.aws_vpc.this",
            "module.vpc.aws_vpc_ipv4_cidr_block_association.this"
          ],
          "create_before_destroy": true
        }
      ]
    },
    {
      "module": "module.eks.module.eks_managed_node_group[\"custom_ami\"]",
      "mode": "managed",
      "type": "aws_iam_role_policy_attachment",
      "name": "this",
      "provider": "provider[\"registry.terraform.io/hashicorp/aws\"]",
      "instances": [
        {
          "index_key": "arn:aws:iam::aws:policy/AmazonEC2ContainerRegistryReadOnly",
          "schema_version": 0,
          "attributes": {
            "id": "custom_ami-eks-node-group-20240110224246053300000010-2024011022424848020000001e",
            "policy_arn": "arn:aws:iam::aws:policy/AmazonEC2ContainerRegistryReadOnly",
            "role": "custom_ami-eks-node-group-20240110224246053300000010"
          },
          "sensitive_attributes": [],
          "private": "bnVsbA==",
          "dependencies": [
            "aws_iam_policy.node_additional",
            "aws_security_group.remote_access",
            "data.aws_ami.eks_default",
            "data.aws_ami.eks_default_arm",
            "data.aws_ami.eks_default_bottlerocket",
            "data.aws_availability_zones.available",
            "data.aws_caller_identity.current",
            "module.ebs_kms_key.aws_kms_external_key.this",
            "module.ebs_kms_key.aws_kms_key.this",
            "module.ebs_kms_key.aws_kms_replica_external_key.this",
            "module.ebs_kms_key.aws_kms_replica_key.this",
            "module.ebs_kms_key.data.aws_caller_identity.current",
            "module.ebs_kms_key.data.aws_iam_policy_document.this",
            "module.ebs_kms_key.data.aws_partition.current",
            "module.eks.aws_iam_role.this",
            "module.eks.data.aws_iam_policy_document.assume_role_policy",
            "module.eks.data.aws_partition.current",
            "module.eks.module.eks_managed_node_group.aws_iam_role.this",
            "module.eks.module.eks_managed_node_group.data.aws_caller_identity.current",
            "module.eks.module.eks_managed_node_group.data.aws_iam_policy_document.assume_role_policy",
            "module.eks.module.eks_managed_node_group.data.aws_partition.current",
            "module.key_pair.aws_key_pair.this",
            "module.key_pair.tls_private_key.this",
            "module.vpc.aws_subnet.private",
            "module.vpc.aws_vpc.this",
            "module.vpc.aws_vpc_ipv4_cidr_block_association.this"
          ],
          "create_before_destroy": true
        },
        {
          "index_key": "arn:aws:iam::aws:policy/AmazonEKSWorkerNodePolicy",
          "schema_version": 0,
          "attributes": {
            "id": "custom_ami-eks-node-group-20240110224246053300000010-20240110224248557700000020",
            "policy_arn": "arn:aws:iam::aws:policy/AmazonEKSWorkerNodePolicy",
            "role": "custom_ami-eks-node-group-20240110224246053300000010"
          },
          "sensitive_attributes": [],
          "private": "bnVsbA==",
          "dependencies": [
            "aws_iam_policy.node_additional",
            "aws_security_group.remote_access",
            "data.aws_ami.eks_default",
            "data.aws_ami.eks_default_arm",
            "data.aws_ami.eks_default_bottlerocket",
            "data.aws_availability_zones.available",
            "data.aws_caller_identity.current",
            "module.ebs_kms_key.aws_kms_external_key.this",
            "module.ebs_kms_key.aws_kms_key.this",
            "module.ebs_kms_key.aws_kms_replica_external_key.this",
            "module.ebs_kms_key.aws_kms_replica_key.this",
            "module.ebs_kms_key.data.aws_caller_identity.current",
            "module.ebs_kms_key.data.aws_iam_policy_document.this",
            "module.ebs_kms_key.data.aws_partition.current",
            "module.eks.aws_iam_role.this",
            "module.eks.data.aws_iam_policy_document.assume_role_policy",
            "module.eks.data.aws_partition.current",
            "module.eks.module.eks_managed_node_group.aws_iam_role.this",
            "module.eks.module.eks_managed_node_group.data.aws_caller_identity.current",
            "module.eks.module.eks_managed_node_group.data.aws_iam_policy_document.assume_role_policy",
            "module.eks.module.eks_managed_node_group.data.aws_partition.current",
            "module.key_pair.aws_key_pair.this",
            "module.key_pair.tls_private_key.this",
            "module.vpc.aws_subnet.private",
            "module.vpc.aws_vpc.this",
            "module.vpc.aws_vpc_ipv4_cidr_block_association.this"
          ],
          "create_before_destroy": true
        },
        {
          "index_key": "arn:aws:iam::aws:policy/AmazonEKS_CNI_Policy",
          "schema_version": 0,
          "attributes": {
            "id": "custom_ami-eks-node-group-20240110224246053300000010-2024011022424844390000001d",
            "policy_arn": "arn:aws:iam::aws:policy/AmazonEKS_CNI_Policy",
            "role": "custom_ami-eks-node-group-20240110224246053300000010"
          },
          "sensitive_attributes": [],
          "private": "bnVsbA==",
          "dependencies": [
            "aws_iam_policy.node_additional",
            "aws_security_group.remote_access",
            "data.aws_ami.eks_default",
            "data.aws_ami.eks_default_arm",
            "data.aws_ami.eks_default_bottlerocket",
            "data.aws_availability_zones.available",
            "data.aws_caller_identity.current",
            "module.ebs_kms_key.aws_kms_external_key.this",
            "module.ebs_kms_key.aws_kms_key.this",
            "module.ebs_kms_key.aws_kms_replica_external_key.this",
            "module.ebs_kms_key.aws_kms_replica_key.this",
            "module.ebs_kms_key.data.aws_caller_identity.current",
            "module.ebs_kms_key.data.aws_iam_policy_document.this",
            "module.ebs_kms_key.data.aws_partition.current",
            "module.eks.aws_iam_role.this",
            "module.eks.data.aws_iam_policy_document.assume_role_policy",
            "module.eks.data.aws_partition.current",
            "module.eks.module.eks_managed_node_group.aws_iam_role.this",
            "module.eks.module.eks_managed_node_group.data.aws_caller_identity.current",
            "module.eks.module.eks_managed_node_group.data.aws_iam_policy_document.assume_role_policy",
            "module.eks.module.eks_managed_node_group.data.aws_partition.current",
            "module.key_pair.aws_key_pair.this",
            "module.key_pair.tls_private_key.this",
            "module.vpc.aws_subnet.private",
            "module.vpc.aws_vpc.this",
            "module.vpc.aws_vpc_ipv4_cidr_block_association.this"
          ],
          "create_before_destroy": true
        }
      ]
    },
    {
      "module": "module.eks.module.eks_managed_node_group[\"custom_ami\"]",
      "mode": "managed",
      "type": "aws_launch_template",
      "name": "this",
      "provider": "provider[\"registry.terraform.io/hashicorp/aws\"]",
      "instances": [
        {
          "index_key": 0,
          "schema_version": 0,
          "attributes": {
            "arn": "arn:aws:ec2:eu-west-2:153600809351:launch-template/lt-0915104696084d632",
            "block_device_mappings": [],
            "capacity_reservation_specification": [],
            "cpu_options": [],
            "credit_specification": [],
            "default_version": 1,
            "description": "Custom launch template for custom_ami EKS managed node group",
            "disable_api_stop": false,
            "disable_api_termination": false,
            "ebs_optimized": "",
            "elastic_gpu_specifications": [],
            "elastic_inference_accelerator": [],
            "enclave_options": [],
            "hibernation_options": [],
            "iam_instance_profile": [],
            "id": "lt-0915104696084d632",
            "image_id": "ami-0cc76745e57fb25f1",
            "instance_initiated_shutdown_behavior": "",
            "instance_market_options": [],
            "instance_requirements": [],
            "instance_type": "",
            "kernel_id": "",
            "key_name": "",
            "latest_version": 1,
            "license_specification": [],
            "maintenance_options": [],
            "metadata_options": [
              {
                "http_endpoint": "enabled",
                "http_protocol_ipv6": "",
                "http_put_response_hop_limit": 2,
                "http_tokens": "required",
                "instance_metadata_tags": ""
              }
            ],
            "monitoring": [
              {
                "enabled": true
              }
            ],
            "name": "custom_ami-20240110225215797000000030",
            "name_prefix": "custom_ami-",
            "network_interfaces": [],
            "placement": [],
            "private_dns_name_options": [],
            "ram_disk_id": "",
            "security_group_names": [],
            "tag_specifications": [
              {
                "resource_type": "instance",
                "tags": {
                  "Name": "custom_ami"
                }
              },
              {
                "resource_type": "network-interface",
                "tags": {
                  "Name": "custom_ami"
                }
              },
              {
                "resource_type": "volume",
                "tags": {
                  "Name": "custom_ami"
                }
              }
            ],
            "tags": {
              "Name": "darey-liveclass-cluster"
            },
            "tags_all": {
              "Name": "darey-liveclass-cluster"
            },
            "update_default_version": true,
            "user_data": "IyEvYmluL2Jhc2gNCnNldCAtZQ0KQjY0X0NMVVNURVJfQ0E9TFMwdExTMUNSVWRKVGlCRFJWSlVTVVpKUTBGVVJTMHRMUzB0Q2sxSlNVTXZha05EUVdWaFowRjNTVUpCWjBsQ1FVUkJUa0puYTNGb2EybEhPWGN3UWtGUmMwWkJSRUZXVFZKTmQwVlJXVVJXVVZGRVJYZHdjbVJYU213S1kyMDFiR1JIVm5wTlFqUllSRlJKTUUxRVJYaE5SRWw1VGtSamVFMHhiMWhFVkUwd1RVUkZkMDU2U1hsT1JHTjRUVEZ2ZDBaVVJWUk5Ra1ZIUVRGVlJRcEJlRTFMWVROV2FWcFlTblZhV0ZKc1kzcERRMEZUU1hkRVVWbEtTMjlhU1doMlkwNUJVVVZDUWxGQlJHZG5SVkJCUkVORFFWRnZRMmRuUlVKQlRrVTNDbkJ2TWxadmNVWXZMMEpRVVVONU0xSlpWRFpOWm5sQ2JsRmlTbG81SzFaU2IwOW1TRGcwTTNaelVXMHpTRzloZERKRVlsZHdVamxIUkhCTWJ6Sk9Ta0VLUTB4clRqQkRkRUpsVW5odFpUQk9PSGhJTmxrMGRYWmlNMlozVEVsaVlXZGtZV0kwZFd4MWEySTJObVJIVkZkSmExZDFlVE5NVEc1MVp6TktWRXhDUlFwMlJIbFdUSEUyTmtreGEweFFjR2RTU21kS09FMU5UVXgxWWtsR1JpdDJVMk13YXpsQ2FVbzBabHBTUW5Nd2JHZDVLMFowTDFoQmFsZERZVlZyZW1JMUNrMXJWRlpuYTJrNWJtUlZRVFJhTkdsV05YRkVPR1ZQUWpRNWMwRkpNSEZrZDI1eldYRTJZM2d6VTNwb0wzSnJhbm94U1ZjeWFHWlNUbVJNVFVwWFVXd0tTazlGV25CNWJVSjFSM0ZQTTBSbE5scFNaVzFXWXpObVIyZEZLM1ZxVHpJM1QxQmFjVTFrYVVoSlRDODNSVXROWlhkUmRWbDBLMjFqYzJSVFFsRkhZd3B5VVcxRGRtSnhVakpWU2pVeE5sazRUWFpOUTBGM1JVRkJZVTVhVFVaamQwUm5XVVJXVWpCUVFWRklMMEpCVVVSQlowdHJUVUU0UjBFeFZXUkZkMFZDQ2k5M1VVWk5RVTFDUVdZNGQwaFJXVVJXVWpCUFFrSlpSVVpRU0c5aVZWVXJOek5qZWpkaFkwSjFjVWRvYlVSU1ZtSlFaVXhOUWxWSFFURlZaRVZSVVU4S1RVRjVRME50ZERGWmJWWjVZbTFXTUZwWVRYZEVVVmxLUzI5YVNXaDJZMDVCVVVWTVFsRkJSR2RuUlVKQlRWTjVVMEZSYzNwd00zazJRVWRIU0dvelpRcEVhMU14UkdwVk5XOUZTVFJaZWpCREswY3phamMwU2xRcmFISXJhbVFyTTJkSk4wdEpUVlZhYTBSSE9VdFBXbWh1TUdKUGFXcE9OWHB6TTFGcWNrTlRDamQzYlhWUmQyOVBMMm9yUkdObVJYbElZMmczUkhWcU1HWmpRbTQzT0dOVk1HUkNkM2Q2WkV4Tk1taExVVlpNYUc1bk9UbHlSRFZ2TWxkNVoxbFJWbmtLU2sxc1EwZExUVWxwTjJabE0wUXpVa3A1WjA5NVlVd3hiRzVNWjBsblExaFhTV2RFT0ZWSVZscG5iVmhPUzBGVWJ6UlpXR0ZVWW5waVNuZ3ZOR0pOV0FwMkwyaExhMU5CVURkQlprNWhhRmRxV1RKcFdYbDZLemxvYVRsVFlsaDBjazk0VlZndlRHbDZNa2R2TDJSRFMycEdkRmhoTDJkV0t6WlhlSFV4YUhGeENqRXZhSE0yYlc5UlV5dExXa3M1UjNNeFlrZFRNRkJTWlhsamF6SkRXRE51T0c1Q2FFZzFZMGQyYzB4NFFWaHBVVGh1U0hKV1dsaHRiVXB2V1dWdlRIZ0tNWEJOUFFvdExTMHRMVVZPUkNCRFJWSlVTVVpKUTBGVVJTMHRMUzB0Q2c9PQ0KQVBJX1NFUlZFUl9VUkw9aHR0cHM6Ly80NDAzQjBCMDZBRkYzMzU0RkIxNDBCMzlGRjNENDk4NC5ncjcuZXUtd2VzdC0yLmVrcy5hbWF6b25hd3MuY29tDQovZXRjL2Vrcy9ib290c3RyYXAuc2ggZGFyZXktbGl2ZWNsYXNzLWNsdXN0ZXIgIC0tYjY0LWNsdXN0ZXItY2EgJEI2NF9DTFVTVEVSX0NBIC0tYXBpc2VydmVyLWVuZHBvaW50ICRBUElfU0VSVkVSX1VSTA0K",
            "vpc_security_group_ids": [
              "sg-04d5426fdbb155dad"
            ]
          },
          "sensitive_attributes": [],
          "private": "bnVsbA==",
          "dependencies": [
            "aws_iam_policy.node_additional",
            "aws_security_group.remote_access",
            "data.aws_ami.eks_default",
            "data.aws_ami.eks_default_arm",
            "data.aws_ami.eks_default_bottlerocket",
            "data.aws_availability_zones.available",
            "data.aws_caller_identity.current",
            "module.ebs_kms_key.aws_kms_external_key.this",
            "module.ebs_kms_key.aws_kms_key.this",
            "module.ebs_kms_key.aws_kms_replica_external_key.this",
            "module.ebs_kms_key.aws_kms_replica_key.this",
            "module.ebs_kms_key.data.aws_caller_identity.current",
            "module.ebs_kms_key.data.aws_iam_policy_document.this",
            "module.ebs_kms_key.data.aws_partition.current",
            "module.eks.aws_cloudwatch_log_group.this",
            "module.eks.aws_eks_cluster.this",
            "module.eks.aws_iam_policy.cni_ipv6_policy",
            "module.eks.aws_iam_role.this",
            "module.eks.aws_iam_role_policy_attachment.this",
            "module.eks.aws_security_group.cluster",
            "module.eks.aws_security_group.node",
            "module.eks.aws_security_group_rule.cluster",
            "module.eks.aws_security_group_rule.node",
            "module.eks.data.aws_caller_identity.current",
            "module.eks.data.aws_iam_policy_document.assume_role_policy",
            "module.eks.data.aws_iam_policy_document.cni_ipv6_policy",
            "module.eks.data.aws_iam_session_context.current",
            "module.eks.data.aws_partition.current",
            "module.eks.module.eks_managed_node_group.aws_iam_role.this",
            "module.eks.module.eks_managed_node_group.aws_iam_role_policy_attachment.this",
            "module.eks.module.eks_managed_node_group.data.aws_caller_identity.current",
            "module.eks.module.eks_managed_node_group.data.aws_iam_policy_document.assume_role_policy",
            "module.eks.module.eks_managed_node_group.data.aws_partition.current",
            "module.eks.module.eks_managed_node_group.module.user_data.data.cloudinit_config.linux_eks_managed_node_group",
            "module.eks.module.kms.aws_kms_external_key.this",
            "module.eks.module.kms.aws_kms_key.this",
            "module.eks.module.kms.aws_kms_replica_external_key.this",
            "module.eks.module.kms.aws_kms_replica_key.this",
            "module.eks.module.kms.data.aws_caller_identity.current",
            "module.eks.module.kms.data.aws_iam_policy_document.this",
            "module.eks.module.kms.data.aws_partition.current",
            "module.eks.time_sleep.this",
            "module.key_pair.aws_key_pair.this",
            "module.key_pair.tls_private_key.this",
            "module.vpc.aws_subnet.intra",
            "module.vpc.aws_subnet.private",
            "module.vpc.aws_vpc.this",
            "module.vpc.aws_vpc_ipv4_cidr_block_association.this"
          ],
          "create_before_destroy": true
        }
      ]
    },
    {
      "module": "module.eks.module.eks_managed_node_group[\"custom_ami\"].module.user_data",
      "mode": "data",
      "type": "cloudinit_config",
      "name": "linux_eks_managed_node_group",
      "provider": "provider[\"registry.terraform.io/hashicorp/cloudinit\"]",
      "instances": []
    },
    {
      "module": "module.eks.module.eks_managed_node_group[\"default_node_group\"]",
      "mode": "data",
      "type": "aws_caller_identity",
      "name": "current",
      "provider": "provider[\"registry.terraform.io/hashicorp/aws\"]",
      "instances": [
        {
          "schema_version": 0,
          "attributes": {
            "account_id": "153600809351",
            "arn": "arn:aws:iam::153600809351:root",
            "id": "153600809351",
            "user_id": "153600809351"
          },
          "sensitive_attributes": []
        }
      ]
    },
    {
      "module": "module.eks.module.eks_managed_node_group[\"default_node_group\"]",
      "mode": "data",
      "type": "aws_iam_policy_document",
      "name": "assume_role_policy",
      "provider": "provider[\"registry.terraform.io/hashicorp/aws\"]",
      "instances": [
        {
          "index_key": 0,
          "schema_version": 0,
          "attributes": {
            "id": "1734879000",
            "json": "{\n  \"Version\": \"2012-10-17\",\n  \"Statement\": [\n    {\n      \"Sid\": \"EKSNodeAssumeRole\",\n      \"Effect\": \"Allow\",\n      \"Action\": \"sts:AssumeRole\",\n      \"Principal\": {\n        \"Service\": \"ec2.amazonaws.com\"\n      }\n    }\n  ]\n}",
            "override_policy_documents": null,
            "policy_id": null,
            "source_policy_documents": null,
            "statement": [
              {
                "actions": [
                  "sts:AssumeRole"
                ],
                "condition": [],
                "effect": "Allow",
                "not_actions": [],
                "not_principals": [],
                "not_resources": [],
                "principals": [
                  {
                    "identifiers": [
                      "ec2.amazonaws.com"
                    ],
                    "type": "Service"
                  }
                ],
                "resources": [],
                "sid": "EKSNodeAssumeRole"
              }
            ],
            "version": "2012-10-17"
          },
          "sensitive_attributes": []
        }
      ]
    },
    {
      "module": "module.eks.module.eks_managed_node_group[\"default_node_group\"]",
      "mode": "data",
      "type": "aws_partition",
      "name": "current",
      "provider": "provider[\"registry.terraform.io/hashicorp/aws\"]",
      "instances": [
        {
          "schema_version": 0,
          "attributes": {
            "dns_suffix": "amazonaws.com",
            "id": "aws",
            "partition": "aws",
            "reverse_dns_prefix": "com.amazonaws"
          },
          "sensitive_attributes": []
        }
      ]
    },
    {
      "module": "module.eks.module.eks_managed_node_group[\"default_node_group\"]",
      "mode": "managed",
      "type": "aws_autoscaling_schedule",
      "name": "this",
      "provider": "provider[\"registry.terraform.io/hashicorp/aws\"]",
      "instances": []
    },
    {
      "module": "module.eks.module.eks_managed_node_group[\"default_node_group\"]",
      "mode": "managed",
      "type": "aws_iam_role",
      "name": "this",
      "provider": "provider[\"registry.terraform.io/hashicorp/aws\"]",
      "instances": [
        {
          "index_key": 0,
          "schema_version": 0,
          "attributes": {
            "arn": "arn:aws:iam::153600809351:role/default_node_group-eks-node-group-20240110224246372400000013",
            "assume_role_policy": "{\"Statement\":[{\"Action\":\"sts:AssumeRole\",\"Effect\":\"Allow\",\"Principal\":{\"Service\":\"ec2.amazonaws.com\"},\"Sid\":\"EKSNodeAssumeRole\"}],\"Version\":\"2012-10-17\"}",
            "create_date": "2024-01-10T22:42:47Z",
            "description": "EKS managed node group IAM role",
            "force_detach_policies": true,
            "id": "default_node_group-eks-node-group-20240110224246372400000013",
            "inline_policy": [],
            "managed_policy_arns": [
              "arn:aws:iam::aws:policy/AmazonEC2ContainerRegistryReadOnly",
              "arn:aws:iam::aws:policy/AmazonEKSWorkerNodePolicy",
              "arn:aws:iam::aws:policy/AmazonEKS_CNI_Policy"
            ],
            "max_session_duration": 3600,
            "name": "default_node_group-eks-node-group-20240110224246372400000013",
            "name_prefix": "default_node_group-eks-node-group-",
            "path": "/",
            "permissions_boundary": "",
            "tags": {
              "Name": "darey-liveclass-cluster"
            },
            "tags_all": {
              "Name": "darey-liveclass-cluster"
            },
            "unique_id": "AROASHQ2SLGDZNQMOJENT"
          },
          "sensitive_attributes": [],
          "private": "bnVsbA==",
          "dependencies": [
            "aws_iam_policy.node_additional",
            "aws_security_group.remote_access",
            "data.aws_ami.eks_default",
            "data.aws_ami.eks_default_arm",
            "data.aws_ami.eks_default_bottlerocket",
            "data.aws_availability_zones.available",
            "data.aws_caller_identity.current",
            "module.ebs_kms_key.aws_kms_external_key.this",
            "module.ebs_kms_key.aws_kms_key.this",
            "module.ebs_kms_key.aws_kms_replica_external_key.this",
            "module.ebs_kms_key.aws_kms_replica_key.this",
            "module.ebs_kms_key.data.aws_caller_identity.current",
            "module.ebs_kms_key.data.aws_iam_policy_document.this",
            "module.ebs_kms_key.data.aws_partition.current",
            "module.eks.aws_iam_role.this",
            "module.eks.data.aws_iam_policy_document.assume_role_policy",
            "module.eks.data.aws_partition.current",
            "module.eks.module.eks_managed_node_group.data.aws_iam_policy_document.assume_role_policy",
            "module.eks.module.eks_managed_node_group.data.aws_partition.current",
            "module.key_pair.aws_key_pair.this",
            "module.key_pair.tls_private_key.this",
            "module.vpc.aws_subnet.private",
            "module.vpc.aws_vpc.this",
            "module.vpc.aws_vpc_ipv4_cidr_block_association.this"
          ],
          "create_before_destroy": true
        }
      ]
    },
    {
      "module": "module.eks.module.eks_managed_node_group[\"default_node_group\"]",
      "mode": "managed",
      "type": "aws_iam_role_policy_attachment",
      "name": "this",
      "provider": "provider[\"registry.terraform.io/hashicorp/aws\"]",
      "instances": [
        {
          "index_key": "arn:aws:iam::aws:policy/AmazonEC2ContainerRegistryReadOnly",
          "schema_version": 0,
          "attributes": {
            "id": "default_node_group-eks-node-group-20240110224246372400000013-20240110224249172300000028",
            "policy_arn": "arn:aws:iam::aws:policy/AmazonEC2ContainerRegistryReadOnly",
            "role": "default_node_group-eks-node-group-20240110224246372400000013"
          },
          "sensitive_attributes": [],
          "private": "bnVsbA==",
          "dependencies": [
            "aws_iam_policy.node_additional",
            "aws_security_group.remote_access",
            "data.aws_ami.eks_default",
            "data.aws_ami.eks_default_arm",
            "data.aws_ami.eks_default_bottlerocket",
            "data.aws_availability_zones.available",
            "data.aws_caller_identity.current",
            "module.ebs_kms_key.aws_kms_external_key.this",
            "module.ebs_kms_key.aws_kms_key.this",
            "module.ebs_kms_key.aws_kms_replica_external_key.this",
            "module.ebs_kms_key.aws_kms_replica_key.this",
            "module.ebs_kms_key.data.aws_caller_identity.current",
            "module.ebs_kms_key.data.aws_iam_policy_document.this",
            "module.ebs_kms_key.data.aws_partition.current",
            "module.eks.aws_iam_role.this",
            "module.eks.data.aws_iam_policy_document.assume_role_policy",
            "module.eks.data.aws_partition.current",
            "module.eks.module.eks_managed_node_group.aws_iam_role.this",
            "module.eks.module.eks_managed_node_group.data.aws_caller_identity.current",
            "module.eks.module.eks_managed_node_group.data.aws_iam_policy_document.assume_role_policy",
            "module.eks.module.eks_managed_node_group.data.aws_partition.current",
            "module.key_pair.aws_key_pair.this",
            "module.key_pair.tls_private_key.this",
            "module.vpc.aws_subnet.private",
            "module.vpc.aws_vpc.this",
            "module.vpc.aws_vpc_ipv4_cidr_block_association.this"
          ],
          "create_before_destroy": true
        },
        {
          "index_key": "arn:aws:iam::aws:policy/AmazonEKSWorkerNodePolicy",
          "schema_version": 0,
          "attributes": {
            "id": "default_node_group-eks-node-group-20240110224246372400000013-20240110224249095800000027",
            "policy_arn": "arn:aws:iam::aws:policy/AmazonEKSWorkerNodePolicy",
            "role": "default_node_group-eks-node-group-20240110224246372400000013"
          },
          "sensitive_attributes": [],
          "private": "bnVsbA==",
          "dependencies": [
            "aws_iam_policy.node_additional",
            "aws_security_group.remote_access",
            "data.aws_ami.eks_default",
            "data.aws_ami.eks_default_arm",
            "data.aws_ami.eks_default_bottlerocket",
            "data.aws_availability_zones.available",
            "data.aws_caller_identity.current",
            "module.ebs_kms_key.aws_kms_external_key.this",
            "module.ebs_kms_key.aws_kms_key.this",
            "module.ebs_kms_key.aws_kms_replica_external_key.this",
            "module.ebs_kms_key.aws_kms_replica_key.this",
            "module.ebs_kms_key.data.aws_caller_identity.current",
            "module.ebs_kms_key.data.aws_iam_policy_document.this",
            "module.ebs_kms_key.data.aws_partition.current",
            "module.eks.aws_iam_role.this",
            "module.eks.data.aws_iam_policy_document.assume_role_policy",
            "module.eks.data.aws_partition.current",
            "module.eks.module.eks_managed_node_group.aws_iam_role.this",
            "module.eks.module.eks_managed_node_group.data.aws_caller_identity.current",
            "module.eks.module.eks_managed_node_group.data.aws_iam_policy_document.assume_role_policy",
            "module.eks.module.eks_managed_node_group.data.aws_partition.current",
            "module.key_pair.aws_key_pair.this",
            "module.key_pair.tls_private_key.this",
            "module.vpc.aws_subnet.private",
            "module.vpc.aws_vpc.this",
            "module.vpc.aws_vpc_ipv4_cidr_block_association.this"
          ],
          "create_before_destroy": true
        },
        {
          "index_key": "arn:aws:iam::aws:policy/AmazonEKS_CNI_Policy",
          "schema_version": 0,
          "attributes": {
            "id": "default_node_group-eks-node-group-20240110224246372400000013-20240110224249062600000026",
            "policy_arn": "arn:aws:iam::aws:policy/AmazonEKS_CNI_Policy",
            "role": "default_node_group-eks-node-group-20240110224246372400000013"
          },
          "sensitive_attributes": [],
          "private": "bnVsbA==",
          "dependencies": [
            "aws_iam_policy.node_additional",
            "aws_security_group.remote_access",
            "data.aws_ami.eks_default",
            "data.aws_ami.eks_default_arm",
            "data.aws_ami.eks_default_bottlerocket",
            "data.aws_availability_zones.available",
            "data.aws_caller_identity.current",
            "module.ebs_kms_key.aws_kms_external_key.this",
            "module.ebs_kms_key.aws_kms_key.this",
            "module.ebs_kms_key.aws_kms_replica_external_key.this",
            "module.ebs_kms_key.aws_kms_replica_key.this",
            "module.ebs_kms_key.data.aws_caller_identity.current",
            "module.ebs_kms_key.data.aws_iam_policy_document.this",
            "module.ebs_kms_key.data.aws_partition.current",
            "module.eks.aws_iam_role.this",
            "module.eks.data.aws_iam_policy_document.assume_role_policy",
            "module.eks.data.aws_partition.current",
            "module.eks.module.eks_managed_node_group.aws_iam_role.this",
            "module.eks.module.eks_managed_node_group.data.aws_caller_identity.current",
            "module.eks.module.eks_managed_node_group.data.aws_iam_policy_document.assume_role_policy",
            "module.eks.module.eks_managed_node_group.data.aws_partition.current",
            "module.key_pair.aws_key_pair.this",
            "module.key_pair.tls_private_key.this",
            "module.vpc.aws_subnet.private",
            "module.vpc.aws_vpc.this",
            "module.vpc.aws_vpc_ipv4_cidr_block_association.this"
          ],
          "create_before_destroy": true
        }
      ]
    },
    {
      "module": "module.eks.module.eks_managed_node_group[\"default_node_group\"]",
      "mode": "managed",
      "type": "aws_launch_template",
      "name": "this",
      "provider": "provider[\"registry.terraform.io/hashicorp/aws\"]",
      "instances": []
    },
    {
      "module": "module.eks.module.eks_managed_node_group[\"default_node_group\"].module.user_data",
      "mode": "data",
      "type": "cloudinit_config",
      "name": "linux_eks_managed_node_group",
      "provider": "provider[\"registry.terraform.io/hashicorp/cloudinit\"]",
      "instances": []
    },
    {
      "module": "module.eks.module.kms",
      "mode": "data",
      "type": "aws_caller_identity",
      "name": "current",
      "provider": "provider[\"registry.terraform.io/hashicorp/aws\"]",
      "instances": [
        {
          "index_key": 0,
          "schema_version": 0,
          "attributes": {
            "account_id": "153600809351",
            "arn": "arn:aws:iam::153600809351:root",
            "id": "153600809351",
            "user_id": "153600809351"
          },
          "sensitive_attributes": []
        }
      ]
    },
    {
      "module": "module.eks.module.kms",
      "mode": "data",
      "type": "aws_iam_policy_document",
      "name": "this",
      "provider": "provider[\"registry.terraform.io/hashicorp/aws\"]",
      "instances": [
        {
          "index_key": 0,
          "schema_version": 0,
          "attributes": {
            "id": "605606753",
            "json": "{\n  \"Version\": \"2012-10-17\",\n  \"Statement\": [\n    {\n      \"Sid\": \"KeyAdministration\",\n      \"Effect\": \"Allow\",\n      \"Action\": [\n        \"kms:Update*\",\n        \"kms:UntagResource\",\n        \"kms:TagResource\",\n        \"kms:ScheduleKeyDeletion\",\n        \"kms:Revoke*\",\n        \"kms:ReplicateKey\",\n        \"kms:Put*\",\n        \"kms:List*\",\n        \"kms:ImportKeyMaterial\",\n        \"kms:Get*\",\n        \"kms:Enable*\",\n        \"kms:Disable*\",\n        \"kms:Describe*\",\n        \"kms:Delete*\",\n        \"kms:Create*\",\n        \"kms:CancelKeyDeletion\"\n      ],\n      \"Resource\": \"*\",\n      \"Principal\": {\n        \"AWS\": \"arn:aws:iam::153600809351:root\"\n      }\n    },\n    {\n      \"Sid\": \"KeyUsage\",\n      \"Effect\": \"Allow\",\n      \"Action\": [\n        \"kms:ReEncrypt*\",\n        \"kms:GenerateDataKey*\",\n        \"kms:Encrypt\",\n        \"kms:DescribeKey\",\n        \"kms:Decrypt\"\n      ],\n      \"Resource\": \"*\",\n      \"Principal\": {\n        \"AWS\": \"arn:aws:iam::153600809351:role/darey-liveclass-cluster-cluster-20240110224218156500000004\"\n      }\n    }\n  ]\n}",
            "override_policy_documents": null,
            "policy_id": null,
            "source_policy_documents": null,
            "statement": [
              {
                "actions": [
                  "kms:CancelKeyDeletion",
                  "kms:Create*",
                  "kms:Delete*",
                  "kms:Describe*",
                  "kms:Disable*",
                  "kms:Enable*",
                  "kms:Get*",
                  "kms:ImportKeyMaterial",
                  "kms:List*",
                  "kms:Put*",
                  "kms:ReplicateKey",
                  "kms:Revoke*",
                  "kms:ScheduleKeyDeletion",
                  "kms:TagResource",
                  "kms:UntagResource",
                  "kms:Update*"
                ],
                "condition": [],
                "effect": "Allow",
                "not_actions": [],
                "not_principals": [],
                "not_resources": [],
                "principals": [
                  {
                    "identifiers": [
                      "arn:aws:iam::153600809351:root"
                    ],
                    "type": "AWS"
                  }
                ],
                "resources": [
                  "*"
                ],
                "sid": "KeyAdministration"
              },
              {
                "actions": [
                  "kms:Decrypt",
                  "kms:DescribeKey",
                  "kms:Encrypt",
                  "kms:GenerateDataKey*",
                  "kms:ReEncrypt*"
                ],
                "condition": [],
                "effect": "Allow",
                "not_actions": [],
                "not_principals": [],
                "not_resources": [],
                "principals": [
                  {
                    "identifiers": [
                      "arn:aws:iam::153600809351:role/darey-liveclass-cluster-cluster-20240110224218156500000004"
                    ],
                    "type": "AWS"
                  }
                ],
                "resources": [
                  "*"
                ],
                "sid": "KeyUsage"
              }
            ],
            "version": "2012-10-17"
          },
          "sensitive_attributes": []
        }
      ]
    },
    {
      "module": "module.eks.module.kms",
      "mode": "data",
      "type": "aws_partition",
      "name": "current",
      "provider": "provider[\"registry.terraform.io/hashicorp/aws\"]",
      "instances": [
        {
          "index_key": 0,
          "schema_version": 0,
          "attributes": {
            "dns_suffix": "amazonaws.com",
            "id": "aws",
            "partition": "aws",
            "reverse_dns_prefix": "com.amazonaws"
          },
          "sensitive_attributes": []
        }
      ]
    },
    {
      "module": "module.eks.module.kms",
      "mode": "managed",
      "type": "aws_kms_external_key",
      "name": "this",
      "provider": "provider[\"registry.terraform.io/hashicorp/aws\"]",
      "instances": []
    },
    {
      "module": "module.eks.module.kms",
      "mode": "managed",
      "type": "aws_kms_key",
      "name": "this",
      "provider": "provider[\"registry.terraform.io/hashicorp/aws\"]",
      "instances": [
        {
          "index_key": 0,
          "schema_version": 0,
          "attributes": {
            "arn": "arn:aws:kms:eu-west-2:153600809351:key/dc04cb04-2b06-46f1-977e-afa69a70782f",
            "bypass_policy_lockout_safety_check": false,
            "custom_key_store_id": "",
            "customer_master_key_spec": "SYMMETRIC_DEFAULT",
            "deletion_window_in_days": null,
            "description": "darey-liveclass-cluster cluster encryption key",
            "enable_key_rotation": true,
            "id": "dc04cb04-2b06-46f1-977e-afa69a70782f",
            "is_enabled": true,
            "key_id": "dc04cb04-2b06-46f1-977e-afa69a70782f",
            "key_usage": "ENCRYPT_DECRYPT",
            "multi_region": false,
            "policy": "{\"Statement\":[{\"Action\":[\"kms:Update*\",\"kms:UntagResource\",\"kms:TagResource\",\"kms:ScheduleKeyDeletion\",\"kms:Revoke*\",\"kms:ReplicateKey\",\"kms:Put*\",\"kms:List*\",\"kms:ImportKeyMaterial\",\"kms:Get*\",\"kms:Enable*\",\"kms:Disable*\",\"kms:Describe*\",\"kms:Delete*\",\"kms:Create*\",\"kms:CancelKeyDeletion\"],\"Effect\":\"Allow\",\"Principal\":{\"AWS\":\"arn:aws:iam::153600809351:root\"},\"Resource\":\"*\",\"Sid\":\"KeyAdministration\"},{\"Action\":[\"kms:ReEncrypt*\",\"kms:GenerateDataKey*\",\"kms:Encrypt\",\"kms:DescribeKey\",\"kms:Decrypt\"],\"Effect\":\"Allow\",\"Principal\":{\"AWS\":\"arn:aws:iam::153600809351:role/darey-liveclass-cluster-cluster-20240110224218156500000004\"},\"Resource\":\"*\",\"Sid\":\"KeyUsage\"}],\"Version\":\"2012-10-17\"}",
            "tags": {
              "Name": "darey-liveclass-cluster"
            },
            "tags_all": {
              "Name": "darey-liveclass-cluster"
            },
            "timeouts": null
          },
          "sensitive_attributes": [],
          "private": "eyJlMmJmYjczMC1lY2FhLTExZTYtOGY4OC0zNDM2M2JjN2M0YzAiOnsiY3JlYXRlIjoxMjAwMDAwMDAwMDB9fQ==",
          "dependencies": [
            "module.eks.aws_iam_role.this",
            "module.eks.data.aws_caller_identity.current",
            "module.eks.data.aws_iam_policy_document.assume_role_policy",
            "module.eks.data.aws_iam_session_context.current",
            "module.eks.data.aws_partition.current",
            "module.eks.module.kms.data.aws_caller_identity.current",
            "module.eks.module.kms.data.aws_iam_policy_document.this",
            "module.eks.module.kms.data.aws_partition.current"
          ],
          "create_before_destroy": true
        }
      ]
    },
    {
      "module": "module.eks.module.kms",
      "mode": "managed",
      "type": "aws_kms_replica_external_key",
      "name": "this",
      "provider": "provider[\"registry.terraform.io/hashicorp/aws\"]",
      "instances": []
    },
    {
      "module": "module.eks.module.kms",
      "mode": "managed",
      "type": "aws_kms_replica_key",
      "name": "this",
      "provider": "provider[\"registry.terraform.io/hashicorp/aws\"]",
      "instances": []
    },
    {
      "module": "module.key_pair",
      "mode": "managed",
      "type": "aws_key_pair",
      "name": "this",
      "provider": "provider[\"registry.terraform.io/hashicorp/aws\"]",
      "instances": [
        {
          "index_key": 0,
          "schema_version": 1,
          "attributes": {
            "arn": "arn:aws:ec2:eu-west-2:153600809351:key-pair/darey-liveclass-cluster20240110224235320600000009",
            "fingerprint": "a7:1e:c2:4f:a8:68:19:d6:c6:d8:1e:1f:e3:4f:52:c9",
            "id": "darey-liveclass-cluster20240110224235320600000009",
            "key_name": "darey-liveclass-cluster20240110224235320600000009",
            "key_name_prefix": "darey-liveclass-cluster",
            "key_pair_id": "key-09df59e573f617771",
            "key_type": "rsa",
            "public_key": "ssh-rsa AAAAB3NzaC1yc2EAAAADAQABAAACAQDI/j8f+p7mhJ7j91U9WHYEUadAyooRkMYPhrVx6QsSpOl97xNwSuBM9CO/tcGhBDQj5HU9at7JJ6dfrVCsjQbB/LymkM6ZCGE4H6v46zSWrJbMFk7gfmfTJUYYQjFz8JFJa5Cd9uwz0FLFFIMXeHoqJAEUdK09xW3ZuoMaNjJSv2PMK7Pu21+k2td811D0vo3f1OVzzC986I1mpQVJ3sq+TGbfh0sBwSTdWW6c+pSbfXxH7K62cJVO1VXf3XC0AHjYI3TPVioobldr2VU/cOuGI5EwqJzkoolI9Yhd+f2l6sH00XxS8727XEgNkfPkayk1mAf7Ns0SvC1m1ps+NktOUhltEP1U+9ctTYa49gNEyd7QPpbFF6RLP+rUMp2XSpv3aD6sGgS608tlXODl/a/afqi/T0CBtmOY6itmE++yEH0alfXyciJQZ1O+yLUxzoc6xAx6cASEwhFMtlag9z5oaUl8IeKPa8r2rHuZE1lRani7XZA8eLEUY9/fzZdQO3v3oEgrfOVa2bkHeWlaII15Trtj77WMLM18LioAJVp4c4xPAbnYj35MjjPimKQYcx5+i5bpFgARp2olfV+krSG0KdtD01prQjKNddlGxN8DTpTiE+ZiU+OaYZFTZWW6TUxLO/xMh05HkwsRztFGfyDqV33twdVOMaypcDE3xtr2pQ==",
            "tags": {
              "Name": "darey-liveclass-cluster"
            },
            "tags_all": {
              "Name": "darey-liveclass-cluster"
            }
          },
          "sensitive_attributes": [],
          "private": "eyJzY2hlbWFfdmVyc2lvbiI6IjEifQ==",
          "dependencies": [
            "module.key_pair.tls_private_key.this"
          ],
          "create_before_destroy": true
        }
      ]
    },
    {
      "module": "module.key_pair",
      "mode": "managed",
      "type": "tls_private_key",
      "name": "this",
      "provider": "provider[\"registry.terraform.io/hashicorp/tls\"]",
      "instances": [
        {
          "index_key": 0,
          "schema_version": 1,
          "attributes": {
            "algorithm": "RSA",
            "ecdsa_curve": "P224",
            "id": "076b7b1fd78c63afa9a1f7a5673e91bf313fec4f",
            "private_key_openssh": "-----BEGIN OPENSSH PRIVATE KEY-----\nb3BlbnNzaC1rZXktdjEAAAAABG5vbmUAAAAEbm9uZQAAAAAAAAABAAACFwAAAAdz\nc2gtcnNhAAAAAwEAAQAAAgEAyP4/H/qe5oSe4/dVPVh2BFGnQMqKEZDGD4a1cekL\nEqTpfe8TcErgTPQjv7XBoQQ0I+R1PWreySenX61QrI0Gwfy8ppDOmQhhOB+r+Os0\nlqyWzBZO4H5n0yVGGEIxc/CRSWuQnfbsM9BSxRSDF3h6KiQBFHStPcVt2bqDGjYy\nUr9jzCuz7ttfpNrXfNdQ9L6N39Tlc8wvfOiNZqUFSd7Kvkxm34dLAcEk3VlunPqU\nm318R+yutnCVTtVV391wtAB42CN0z1YqKG5Xa9lVP3DrhiORMKic5KKJSPWIXfn9\nperB9NF8UvO9u1xIDZHz5GspNZgH+zbNErwtZtabPjZLTlIZbRD9VPvXLU2GuPYD\nRMne0D6WxRekSz/q1DKdl0qb92g+rBoEutPLZVzg5f2v2n6ov09AgbZjmOorZhPv\nshB9GpX18nIiUGdTvsi1Mc6HOsQMenAEhMIRTLZWoPc+aGlJfCHij2vK9qx7mRNZ\nUWp4u12QPHixFGPf382XUDt796BIK3zlWtm5B3lpWiCNeU67Y++1jCzNfC4qACVa\neHOMTwG52I9+TI4z4pikGHMefouW6RYAEadqJX1fpK0htCnbQ9Naa0IyjXXZRsTf\nA06U4hPmYlPjmmGRU2Vluk1MSzv8TIdOR5MLEc7RRn8g6ld97cHVTjGsqXAxN8ba\n9qUAAAc4AwpKDwMKSg8AAAAHc3NoLXJzYQAAAgEAyP4/H/qe5oSe4/dVPVh2BFGn\nQMqKEZDGD4a1cekLEqTpfe8TcErgTPQjv7XBoQQ0I+R1PWreySenX61QrI0Gwfy8\nppDOmQhhOB+r+Os0lqyWzBZO4H5n0yVGGEIxc/CRSWuQnfbsM9BSxRSDF3h6KiQB\nFHStPcVt2bqDGjYyUr9jzCuz7ttfpNrXfNdQ9L6N39Tlc8wvfOiNZqUFSd7Kvkxm\n34dLAcEk3VlunPqUm318R+yutnCVTtVV391wtAB42CN0z1YqKG5Xa9lVP3DrhiOR\nMKic5KKJSPWIXfn9perB9NF8UvO9u1xIDZHz5GspNZgH+zbNErwtZtabPjZLTlIZ\nbRD9VPvXLU2GuPYDRMne0D6WxRekSz/q1DKdl0qb92g+rBoEutPLZVzg5f2v2n6o\nv09AgbZjmOorZhPvshB9GpX18nIiUGdTvsi1Mc6HOsQMenAEhMIRTLZWoPc+aGlJ\nfCHij2vK9qx7mRNZUWp4u12QPHixFGPf382XUDt796BIK3zlWtm5B3lpWiCNeU67\nY++1jCzNfC4qACVaeHOMTwG52I9+TI4z4pikGHMefouW6RYAEadqJX1fpK0htCnb\nQ9Naa0IyjXXZRsTfA06U4hPmYlPjmmGRU2Vluk1MSzv8TIdOR5MLEc7RRn8g6ld9\n7cHVTjGsqXAxN8ba9qUAAAADAQABAAACADc2eHq9avciCU/QOq8uZMUM9Sf8O29V\n2MKdG6zd+re1a5q3mRxoxTL+ge+A617i+7u8X2RuviJ97SGAR8AOwYN6fQw4jThG\nsAYt1Rz856ZYZNhNbH+I2daLz7SMQm957z8++Cwcj4gwOvx+hQBmjRCUcWOAJbLp\nUCLWdHs31h0bDDwi6Tu9MYnkv/tAXrHMwsZxAlMMDSN/8o/21vwS4pjh/gR7cuRZ\nfVn83kDrKPWJxCEx6FCfnrRYME3d077uvkOJgeYO4mfW39b1jdBuoZRootK+DtNT\nvui24i4GpWH1mjA5d7CF2mHkmLp5lIjz0w8w40hkJnN2E/bDD0RIv+iX/uX0AhKY\nHs1yl/4wQxnyRgU/XYx3VE5YYPeaENqJ3JM/dFd1C+yS6Z0appDqjIhb/ldYygg/\nIokKmIP0D+i0dS00whKTyANBb8KilVZ5VmUVSKKiKCXrXZXhpr4L4/hzaXB3fg5d\nj4oRTWQqAe/LkwJnNq6YPvayDqXNwefhp1/IgWZj7vjAtHZT/Yh1ZB7QU6aqkRPz\nIN2tzWz45pnzvkymklSWECZWxoVkg4O+kVTVdyroRsEajmmIBSR+EAbewFba6Lga\nuZ+/Ud9yPrfnsGEqiegruvjRJx/taUYSoFj2DgTAPSTG3N1ZXzDaREa/hIUpv5Om\nrGd1n3n7U4tBAAABAQCDVkpejwwvJiDrTKA0NjR/NJynT+V5tIltkvBcbIh2sVAu\ncbsVshjYAbQMKgK9ppARq+89jTvddy4eYm9eA9xNi6tPiHBVJT5rcXS15cuyO+wI\nYsUHdFu0bLmykyFBRa5MVx5JahoqJAklnHmBD6SduD9dxeR044AYf5ukEvcFbo9X\nB2Uv+xzi0H515pXYCgga+0e1ZT1glol87Od4pEkF2QoVqDbTys0O4zTncM6X0W0/\nVesXlZBiQKIq7b0BPCtewOC4IGwdJrwq0P8XQbPDpIt9SZ42BMxpI7a74PVGvIBE\nIHI8tJFQZctbGynuJ4TooOE729C1NWPsL5gIB1FsAAABAQDTU1aj5d8OiTUzYwDe\n9ymn8YzUkK40lRflAcjR9Io7OrFMSRJ/rIwEmZ8Xt80zzjwLQVyQDiX0Dsijb9CW\nj6F4rjNmRjHnBRML4Gu79inI11ZntSsL+8pxglPF4reLSiHItWWcQ6I+OsC702DU\n1iPZwlofhWU+V7L6PObeb6rl3Dzuk8k5FdfLygec70IA/MYbplnhsp7iaKpEI4uo\nulydExEVlaHnHrMGyOACvMszFAMh2nsXhnpao2P7SJLDVVLWOjKyBbtCt9ko1D2H\nRgYcC5hYCtOvhekBGN/NF1XGOxQUtL6A84tQ7KpM4seBr/1iLc9e44r+6O6h58Q3\nuW81AAABAQDze7uTq3PKj1DFfyflqFnLSSUFVf4+5Pjm25B18OU0tJnDoalWuUDB\n0zn5LKEnxMSm7TfX/aF2Ytw7u55pXrBVZzd49RyeeSgBwF3WeCxJlreHs44z6s7i\nLUOpRgdUzdWztKrZpxc3oeCGDv6Bg9IYjrTv7nXsKROWS9ludIJfxfXSb6WFIaZ3\nadR/m+q4a6A89VfkH5Y4Me4LtecbwGsYJsohyxEnhFLqDIRMbk0mQl/mh4ptbE3k\nglQmvxWfKkn+u9HvA0dVYqM5PslHLfCbZ1VEbI+oJXz9N35+c6CqLy66xKKnd4Qh\n5tSDeVI/cqVg4eBw5dOMLZ+A2LUzZCexAAAAAAEC\n-----END OPENSSH PRIVATE KEY-----\n",
            "private_key_pem": "-----BEGIN RSA PRIVATE KEY-----\nMIIJKQIBAAKCAgEAyP4/H/qe5oSe4/dVPVh2BFGnQMqKEZDGD4a1cekLEqTpfe8T\ncErgTPQjv7XBoQQ0I+R1PWreySenX61QrI0Gwfy8ppDOmQhhOB+r+Os0lqyWzBZO\n4H5n0yVGGEIxc/CRSWuQnfbsM9BSxRSDF3h6KiQBFHStPcVt2bqDGjYyUr9jzCuz\n7ttfpNrXfNdQ9L6N39Tlc8wvfOiNZqUFSd7Kvkxm34dLAcEk3VlunPqUm318R+yu\ntnCVTtVV391wtAB42CN0z1YqKG5Xa9lVP3DrhiORMKic5KKJSPWIXfn9perB9NF8\nUvO9u1xIDZHz5GspNZgH+zbNErwtZtabPjZLTlIZbRD9VPvXLU2GuPYDRMne0D6W\nxRekSz/q1DKdl0qb92g+rBoEutPLZVzg5f2v2n6ov09AgbZjmOorZhPvshB9GpX1\n8nIiUGdTvsi1Mc6HOsQMenAEhMIRTLZWoPc+aGlJfCHij2vK9qx7mRNZUWp4u12Q\nPHixFGPf382XUDt796BIK3zlWtm5B3lpWiCNeU67Y++1jCzNfC4qACVaeHOMTwG5\n2I9+TI4z4pikGHMefouW6RYAEadqJX1fpK0htCnbQ9Naa0IyjXXZRsTfA06U4hPm\nYlPjmmGRU2Vluk1MSzv8TIdOR5MLEc7RRn8g6ld97cHVTjGsqXAxN8ba9qUCAwEA\nAQKCAgA3Nnh6vWr3IglP0DqvLmTFDPUn/DtvVdjCnRus3fq3tWuat5kcaMUy/oHv\ngOte4vu7vF9kbr4ife0hgEfADsGDen0MOI04RrAGLdUc/OemWGTYTWx/iNnWi8+0\njEJvee8/PvgsHI+IMDr8foUAZo0QlHFjgCWy6VAi1nR7N9YdGww8Iuk7vTGJ5L/7\nQF6xzMLGcQJTDA0jf/KP9tb8EuKY4f4Ee3LkWX1Z/N5A6yj1icQhMehQn560WDBN\n3dO+7r5DiYHmDuJn1t/W9Y3QbqGUaKLSvg7TU77otuIuBqVh9ZowOXewhdph5Ji6\neZSI89MPMONIZCZzdhP2ww9ESL/ol/7l9AISmB7Ncpf+MEMZ8kYFP12Md1ROWGD3\nmhDaidyTP3RXdQvskumdGqaQ6oyIW/5XWMoIPyKJCpiD9A/otHUtNMISk8gDQW/C\nopVWeVZlFUiioigl612V4aa+C+P4c2lwd34OXY+KEU1kKgHvy5MCZzaumD72sg6l\nzcHn4adfyIFmY+74wLR2U/2IdWQe0FOmqpET8yDdrc1s+OaZ875MppJUlhAmVsaF\nZIODvpFU1Xcq6EbBGo5piAUkfhAG3sBW2ui4Grmfv1Hfcj6357BhKonoK7r40Scf\n7WlGEqBY9g4EwD0kxtzdWV8w2kRGv4SFKb+TpqxndZ95+1OLQQKCAQEA01NWo+Xf\nDok1M2MA3vcpp/GM1JCuNJUX5QHI0fSKOzqxTEkSf6yMBJmfF7fNM848C0FckA4l\n9A7Io2/Qlo+heK4zZkYx5wUTC+Bru/YpyNdWZ7UrC/vKcYJTxeK3i0ohyLVlnEOi\nPjrAu9Ng1NYj2cJaH4VlPley+jzm3m+q5dw87pPJORXXy8oHnO9CAPzGG6ZZ4bKe\n4miqRCOLqLpcnRMRFZWh5x6zBsjgArzLMxQDIdp7F4Z6WqNj+0iSw1VS1joysgW7\nQrfZKNQ9h0YGHAuYWArTr4XpARjfzRdVxjsUFLS+gPOLUOyqTOLHga/9Yi3PXuOK\n/ujuoefEN7lvNQKCAQEA83u7k6tzyo9QxX8n5ahZy0klBVX+PuT45tuQdfDlNLSZ\nw6GpVrlAwdM5+SyhJ8TEpu031/2hdmLcO7ueaV6wVWc3ePUcnnkoAcBd1ngsSZa3\nh7OOM+rO4i1DqUYHVM3Vs7Sq2acXN6Hghg7+gYPSGI607+517CkTlkvZbnSCX8X1\n0m+lhSGmd2nUf5vquGugPPVX5B+WODHuC7XnG8BrGCbKIcsRJ4RS6gyETG5NJkJf\n5oeKbWxN5IJUJr8VnypJ/rvR7wNHVWKjOT7JRy3wm2dVRGyPqCV8/Td+fnOgqi8u\nusSip3eEIebUg3lSP3KlYOHgcOXTjC2fgNi1M2QnsQKCAQEAxdwkpcZHZ4O+BQPw\nP9Ko9O6rjiZ8hQ0HV0qpbTMJ7dTRRfywzkuOuYvgMkPMZHH3NA6ZjONCU9U3tBav\n9Rg79hMcWujkNkpBAAC6vj0H+FzuMKGm0UyJymdc6k2QzmC1awe0QG/uy1cVN4b9\nBaoN3Qgke5jZJ1rTX4qAGsnw99CSWEqUv9cculjJcf1uDiCdmCvTwgcMzi1zJeMm\nEu+SYRsGBvCXqx7KPlL7snRzyLo3CI5Ya7lke9K5fQABMdSEf8Hzz0ygfSJHt/uo\nNCyy8bVFiUFx28iEVZulh5AOplCQR6bHK1NcIIPGG8DFTT6q/i6oF07yyCLtszee\nNxJu9QKCAQBImzIhY/RAiCIm8rccBerY8vPmNnF9odwTQ5A9i1teLyjXLKMJqG6G\nHg3gnw1jhYq62GxZrVlzqyFPcrBXbZQZs5DYMgeZvjlO5GVXKjjSrO4HumSCWNfe\nnG7b0HUpNcQvNYXpJ6mFvnDsqRX92yhQiGWuUqa5iLo9jFrHVFj4ZFjcqsxp+dHh\nNB7Y+s6wte9vnh3aegzarxD0TwcewG9vIUoPb7Wq2gu7nYXqIM5CxXJBlVOTM8O6\ni566eyrgbsToAGwm4QxpiuNvk6iD4FAql1LW96STGLK/88d1v9c+SJmfujlixQIS\n9fmTRx9eqjpkvJaoM/C0kXpJ+tV2ALzRAoIBAQCDVkpejwwvJiDrTKA0NjR/NJyn\nT+V5tIltkvBcbIh2sVAucbsVshjYAbQMKgK9ppARq+89jTvddy4eYm9eA9xNi6tP\niHBVJT5rcXS15cuyO+wIYsUHdFu0bLmykyFBRa5MVx5JahoqJAklnHmBD6SduD9d\nxeR044AYf5ukEvcFbo9XB2Uv+xzi0H515pXYCgga+0e1ZT1glol87Od4pEkF2QoV\nqDbTys0O4zTncM6X0W0/VesXlZBiQKIq7b0BPCtewOC4IGwdJrwq0P8XQbPDpIt9\nSZ42BMxpI7a74PVGvIBEIHI8tJFQZctbGynuJ4TooOE729C1NWPsL5gIB1Fs\n-----END RSA PRIVATE KEY-----\n",
            "private_key_pem_pkcs8": "-----BEGIN PRIVATE KEY-----\nMIIJQwIBADANBgkqhkiG9w0BAQEFAASCCS0wggkpAgEAAoICAQDI/j8f+p7mhJ7j\n91U9WHYEUadAyooRkMYPhrVx6QsSpOl97xNwSuBM9CO/tcGhBDQj5HU9at7JJ6df\nrVCsjQbB/LymkM6ZCGE4H6v46zSWrJbMFk7gfmfTJUYYQjFz8JFJa5Cd9uwz0FLF\nFIMXeHoqJAEUdK09xW3ZuoMaNjJSv2PMK7Pu21+k2td811D0vo3f1OVzzC986I1m\npQVJ3sq+TGbfh0sBwSTdWW6c+pSbfXxH7K62cJVO1VXf3XC0AHjYI3TPVioobldr\n2VU/cOuGI5EwqJzkoolI9Yhd+f2l6sH00XxS8727XEgNkfPkayk1mAf7Ns0SvC1m\n1ps+NktOUhltEP1U+9ctTYa49gNEyd7QPpbFF6RLP+rUMp2XSpv3aD6sGgS608tl\nXODl/a/afqi/T0CBtmOY6itmE++yEH0alfXyciJQZ1O+yLUxzoc6xAx6cASEwhFM\ntlag9z5oaUl8IeKPa8r2rHuZE1lRani7XZA8eLEUY9/fzZdQO3v3oEgrfOVa2bkH\neWlaII15Trtj77WMLM18LioAJVp4c4xPAbnYj35MjjPimKQYcx5+i5bpFgARp2ol\nfV+krSG0KdtD01prQjKNddlGxN8DTpTiE+ZiU+OaYZFTZWW6TUxLO/xMh05HkwsR\nztFGfyDqV33twdVOMaypcDE3xtr2pQIDAQABAoICADc2eHq9avciCU/QOq8uZMUM\n9Sf8O29V2MKdG6zd+re1a5q3mRxoxTL+ge+A617i+7u8X2RuviJ97SGAR8AOwYN6\nfQw4jThGsAYt1Rz856ZYZNhNbH+I2daLz7SMQm957z8++Cwcj4gwOvx+hQBmjRCU\ncWOAJbLpUCLWdHs31h0bDDwi6Tu9MYnkv/tAXrHMwsZxAlMMDSN/8o/21vwS4pjh\n/gR7cuRZfVn83kDrKPWJxCEx6FCfnrRYME3d077uvkOJgeYO4mfW39b1jdBuoZRo\notK+DtNTvui24i4GpWH1mjA5d7CF2mHkmLp5lIjz0w8w40hkJnN2E/bDD0RIv+iX\n/uX0AhKYHs1yl/4wQxnyRgU/XYx3VE5YYPeaENqJ3JM/dFd1C+yS6Z0appDqjIhb\n/ldYygg/IokKmIP0D+i0dS00whKTyANBb8KilVZ5VmUVSKKiKCXrXZXhpr4L4/hz\naXB3fg5dj4oRTWQqAe/LkwJnNq6YPvayDqXNwefhp1/IgWZj7vjAtHZT/Yh1ZB7Q\nU6aqkRPzIN2tzWz45pnzvkymklSWECZWxoVkg4O+kVTVdyroRsEajmmIBSR+EAbe\nwFba6LgauZ+/Ud9yPrfnsGEqiegruvjRJx/taUYSoFj2DgTAPSTG3N1ZXzDaREa/\nhIUpv5OmrGd1n3n7U4tBAoIBAQDTU1aj5d8OiTUzYwDe9ymn8YzUkK40lRflAcjR\n9Io7OrFMSRJ/rIwEmZ8Xt80zzjwLQVyQDiX0Dsijb9CWj6F4rjNmRjHnBRML4Gu7\n9inI11ZntSsL+8pxglPF4reLSiHItWWcQ6I+OsC702DU1iPZwlofhWU+V7L6PObe\nb6rl3Dzuk8k5FdfLygec70IA/MYbplnhsp7iaKpEI4uoulydExEVlaHnHrMGyOAC\nvMszFAMh2nsXhnpao2P7SJLDVVLWOjKyBbtCt9ko1D2HRgYcC5hYCtOvhekBGN/N\nF1XGOxQUtL6A84tQ7KpM4seBr/1iLc9e44r+6O6h58Q3uW81AoIBAQDze7uTq3PK\nj1DFfyflqFnLSSUFVf4+5Pjm25B18OU0tJnDoalWuUDB0zn5LKEnxMSm7TfX/aF2\nYtw7u55pXrBVZzd49RyeeSgBwF3WeCxJlreHs44z6s7iLUOpRgdUzdWztKrZpxc3\noeCGDv6Bg9IYjrTv7nXsKROWS9ludIJfxfXSb6WFIaZ3adR/m+q4a6A89VfkH5Y4\nMe4LtecbwGsYJsohyxEnhFLqDIRMbk0mQl/mh4ptbE3kglQmvxWfKkn+u9HvA0dV\nYqM5PslHLfCbZ1VEbI+oJXz9N35+c6CqLy66xKKnd4Qh5tSDeVI/cqVg4eBw5dOM\nLZ+A2LUzZCexAoIBAQDF3CSlxkdng74FA/A/0qj07quOJnyFDQdXSqltMwnt1NFF\n/LDOS465i+AyQ8xkcfc0DpmM40JT1Te0Fq/1GDv2Exxa6OQ2SkEAALq+PQf4XO4w\noabRTInKZ1zqTZDOYLVrB7RAb+7LVxU3hv0Fqg3dCCR7mNknWtNfioAayfD30JJY\nSpS/1xy6WMlx/W4OIJ2YK9PCBwzOLXMl4yYS75JhGwYG8JerHso+UvuydHPIujcI\njlhruWR70rl9AAEx1IR/wfPPTKB9Ike3+6g0LLLxtUWJQXHbyIRVm6WHkA6mUJBH\npscrU1wgg8YbwMVNPqr+LqgXTvLIIu2zN543Em71AoIBAEibMiFj9ECIIibytxwF\n6tjy8+Y2cX2h3BNDkD2LW14vKNcsowmoboYeDeCfDWOFirrYbFmtWXOrIU9ysFdt\nlBmzkNgyB5m+OU7kZVcqONKs7ge6ZIJY196cbtvQdSk1xC81heknqYW+cOypFf3b\nKFCIZa5SprmIuj2MWsdUWPhkWNyqzGn50eE0Htj6zrC172+eHdp6DNqvEPRPBx7A\nb28hSg9vtaraC7udheogzkLFckGVU5Mzw7qLnrp7KuBuxOgAbCbhDGmK42+TqIPg\nUCqXUtb3pJMYsr/zx3W/1z5ImZ+6OWLFAhL1+ZNHH16qOmS8lqgz8LSRekn61XYA\nvNECggEBAINWSl6PDC8mIOtMoDQ2NH80nKdP5Xm0iW2S8FxsiHaxUC5xuxWyGNgB\ntAwqAr2mkBGr7z2NO913Lh5ib14D3E2Lq0+IcFUlPmtxdLXly7I77AhixQd0W7Rs\nubKTIUFFrkxXHklqGiokCSWceYEPpJ24P13F5HTjgBh/m6QS9wVuj1cHZS/7HOLQ\nfnXmldgKCBr7R7VlPWCWiXzs53ikSQXZChWoNtPKzQ7jNOdwzpfRbT9V6xeVkGJA\noirtvQE8K17A4LggbB0mvCrQ/xdBs8Oki31JnjYEzGkjtrvg9Ua8gEQgcjy0kVBl\ny1sbKe4nhOig4Tvb0LU1Y+wvmAgHUWw=\n-----END PRIVATE KEY-----\n",
            "public_key_fingerprint_md5": "d3:76:56:5b:fc:49:d0:e8:18:04:db:11:ff:07:f0:67",
            "public_key_fingerprint_sha256": "SHA256:5jinJu2IYUmHFepCbLHDWs0qXER9BA9s6JdG48KTLfY",
            "public_key_openssh": "ssh-rsa AAAAB3NzaC1yc2EAAAADAQABAAACAQDI/j8f+p7mhJ7j91U9WHYEUadAyooRkMYPhrVx6QsSpOl97xNwSuBM9CO/tcGhBDQj5HU9at7JJ6dfrVCsjQbB/LymkM6ZCGE4H6v46zSWrJbMFk7gfmfTJUYYQjFz8JFJa5Cd9uwz0FLFFIMXeHoqJAEUdK09xW3ZuoMaNjJSv2PMK7Pu21+k2td811D0vo3f1OVzzC986I1mpQVJ3sq+TGbfh0sBwSTdWW6c+pSbfXxH7K62cJVO1VXf3XC0AHjYI3TPVioobldr2VU/cOuGI5EwqJzkoolI9Yhd+f2l6sH00XxS8727XEgNkfPkayk1mAf7Ns0SvC1m1ps+NktOUhltEP1U+9ctTYa49gNEyd7QPpbFF6RLP+rUMp2XSpv3aD6sGgS608tlXODl/a/afqi/T0CBtmOY6itmE++yEH0alfXyciJQZ1O+yLUxzoc6xAx6cASEwhFMtlag9z5oaUl8IeKPa8r2rHuZE1lRani7XZA8eLEUY9/fzZdQO3v3oEgrfOVa2bkHeWlaII15Trtj77WMLM18LioAJVp4c4xPAbnYj35MjjPimKQYcx5+i5bpFgARp2olfV+krSG0KdtD01prQjKNddlGxN8DTpTiE+ZiU+OaYZFTZWW6TUxLO/xMh05HkwsRztFGfyDqV33twdVOMaypcDE3xtr2pQ==\n",
            "public_key_pem": "-----BEGIN PUBLIC KEY-----\nMIICIjANBgkqhkiG9w0BAQEFAAOCAg8AMIICCgKCAgEAyP4/H/qe5oSe4/dVPVh2\nBFGnQMqKEZDGD4a1cekLEqTpfe8TcErgTPQjv7XBoQQ0I+R1PWreySenX61QrI0G\nwfy8ppDOmQhhOB+r+Os0lqyWzBZO4H5n0yVGGEIxc/CRSWuQnfbsM9BSxRSDF3h6\nKiQBFHStPcVt2bqDGjYyUr9jzCuz7ttfpNrXfNdQ9L6N39Tlc8wvfOiNZqUFSd7K\nvkxm34dLAcEk3VlunPqUm318R+yutnCVTtVV391wtAB42CN0z1YqKG5Xa9lVP3Dr\nhiORMKic5KKJSPWIXfn9perB9NF8UvO9u1xIDZHz5GspNZgH+zbNErwtZtabPjZL\nTlIZbRD9VPvXLU2GuPYDRMne0D6WxRekSz/q1DKdl0qb92g+rBoEutPLZVzg5f2v\n2n6ov09AgbZjmOorZhPvshB9GpX18nIiUGdTvsi1Mc6HOsQMenAEhMIRTLZWoPc+\naGlJfCHij2vK9qx7mRNZUWp4u12QPHixFGPf382XUDt796BIK3zlWtm5B3lpWiCN\neU67Y++1jCzNfC4qACVaeHOMTwG52I9+TI4z4pikGHMefouW6RYAEadqJX1fpK0h\ntCnbQ9Naa0IyjXXZRsTfA06U4hPmYlPjmmGRU2Vluk1MSzv8TIdOR5MLEc7RRn8g\n6ld97cHVTjGsqXAxN8ba9qUCAwEAAQ==\n-----END PUBLIC KEY-----\n",
            "rsa_bits": 4096
          },
          "sensitive_attributes": [],
          "create_before_destroy": true
        }
      ]
    },
    {
      "module": "module.vpc",
      "mode": "managed",
      "type": "aws_subnet",
      "name": "intra",
      "provider": "provider[\"registry.terraform.io/hashicorp/aws\"]",
      "instances": [
        {
          "index_key": 0,
          "schema_version": 1,
          "attributes": {
            "arn": "arn:aws:ec2:eu-west-2:153600809351:subnet/subnet-05778a466e65956be",
            "assign_ipv6_address_on_creation": false,
            "availability_zone": "eu-west-2a",
            "availability_zone_id": "euw2-az2",
            "cidr_block": "10.0.52.0/24",
            "customer_owned_ipv4_pool": "",
            "enable_dns64": false,
            "enable_lni_at_device_index": 0,
            "enable_resource_name_dns_a_record_on_launch": false,
            "enable_resource_name_dns_aaaa_record_on_launch": false,
            "id": "subnet-05778a466e65956be",
            "ipv6_cidr_block": "",
            "ipv6_cidr_block_association_id": "",
            "ipv6_native": false,
            "map_customer_owned_ip_on_launch": false,
            "map_public_ip_on_launch": false,
            "outpost_arn": "",
            "owner_id": "153600809351",
            "private_dns_hostname_type_on_launch": "ip-name",
            "tags": {
              "Name": "darey-liveclass-cluster"
            },
            "tags_all": {
              "Name": "darey-liveclass-cluster"
            },
            "timeouts": null,
            "vpc_id": "vpc-00bd0327388463ca9"
          },
          "sensitive_attributes": [],
          "private": "eyJlMmJmYjczMC1lY2FhLTExZTYtOGY4OC0zNDM2M2JjN2M0YzAiOnsiY3JlYXRlIjo2MDAwMDAwMDAwMDAsImRlbGV0ZSI6MTIwMDAwMDAwMDAwMH0sInNjaGVtYV92ZXJzaW9uIjoiMSJ9",
          "dependencies": [
            "data.aws_availability_zones.available",
            "module.vpc.aws_vpc.this",
            "module.vpc.aws_vpc_ipv4_cidr_block_association.this"
          ],
          "create_before_destroy": true
        },
        {
          "index_key": 1,
          "schema_version": 1,
          "attributes": {
            "arn": "arn:aws:ec2:eu-west-2:153600809351:subnet/subnet-090d3ac5d36944e6e",
            "assign_ipv6_address_on_creation": false,
            "availability_zone": "eu-west-2b",
            "availability_zone_id": "euw2-az3",
            "cidr_block": "10.0.53.0/24",
            "customer_owned_ipv4_pool": "",
            "enable_dns64": false,
            "enable_lni_at_device_index": 0,
            "enable_resource_name_dns_a_record_on_launch": false,
            "enable_resource_name_dns_aaaa_record_on_launch": false,
            "id": "subnet-090d3ac5d36944e6e",
            "ipv6_cidr_block": "",
            "ipv6_cidr_block_association_id": "",
            "ipv6_native": false,
            "map_customer_owned_ip_on_launch": false,
            "map_public_ip_on_launch": false,
            "outpost_arn": "",
            "owner_id": "153600809351",
            "private_dns_hostname_type_on_launch": "ip-name",
            "tags": {
              "Name": "darey-liveclass-cluster"
            },
            "tags_all": {
              "Name": "darey-liveclass-cluster"
            },
            "timeouts": null,
            "vpc_id": "vpc-00bd0327388463ca9"
          },
          "sensitive_attributes": [],
          "private": "eyJlMmJmYjczMC1lY2FhLTExZTYtOGY4OC0zNDM2M2JjN2M0YzAiOnsiY3JlYXRlIjo2MDAwMDAwMDAwMDAsImRlbGV0ZSI6MTIwMDAwMDAwMDAwMH0sInNjaGVtYV92ZXJzaW9uIjoiMSJ9",
          "dependencies": [
            "data.aws_availability_zones.available",
            "module.vpc.aws_vpc.this",
            "module.vpc.aws_vpc_ipv4_cidr_block_association.this"
          ],
          "create_before_destroy": true
        },
        {
          "index_key": 2,
          "schema_version": 1,
          "attributes": {
            "arn": "arn:aws:ec2:eu-west-2:153600809351:subnet/subnet-0f19a8209e74ac980",
            "assign_ipv6_address_on_creation": false,
            "availability_zone": "eu-west-2c",
            "availability_zone_id": "euw2-az1",
            "cidr_block": "10.0.54.0/24",
            "customer_owned_ipv4_pool": "",
            "enable_dns64": false,
            "enable_lni_at_device_index": 0,
            "enable_resource_name_dns_a_record_on_launch": false,
            "enable_resource_name_dns_aaaa_record_on_launch": false,
            "id": "subnet-0f19a8209e74ac980",
            "ipv6_cidr_block": "",
            "ipv6_cidr_block_association_id": "",
            "ipv6_native": false,
            "map_customer_owned_ip_on_launch": false,
            "map_public_ip_on_launch": false,
            "outpost_arn": "",
            "owner_id": "153600809351",
            "private_dns_hostname_type_on_launch": "ip-name",
            "tags": {
              "Name": "darey-liveclass-cluster"
            },
            "tags_all": {
              "Name": "darey-liveclass-cluster"
            },
            "timeouts": null,
            "vpc_id": "vpc-00bd0327388463ca9"
          },
          "sensitive_attributes": [],
          "private": "eyJlMmJmYjczMC1lY2FhLTExZTYtOGY4OC0zNDM2M2JjN2M0YzAiOnsiY3JlYXRlIjo2MDAwMDAwMDAwMDAsImRlbGV0ZSI6MTIwMDAwMDAwMDAwMH0sInNjaGVtYV92ZXJzaW9uIjoiMSJ9",
          "dependencies": [
            "data.aws_availability_zones.available",
            "module.vpc.aws_vpc.this",
            "module.vpc.aws_vpc_ipv4_cidr_block_association.this"
          ],
          "create_before_destroy": true
        }
      ]
    },
    {
      "module": "module.vpc",
      "mode": "managed",
      "type": "aws_subnet",
      "name": "private",
      "provider": "provider[\"registry.terraform.io/hashicorp/aws\"]",
      "instances": [
        {
          "index_key": 0,
          "schema_version": 1,
          "attributes": {
            "arn": "arn:aws:ec2:eu-west-2:153600809351:subnet/subnet-09ba8ebff44ba506d",
            "assign_ipv6_address_on_creation": false,
            "availability_zone": "eu-west-2a",
            "availability_zone_id": "euw2-az2",
            "cidr_block": "10.0.0.0/20",
            "customer_owned_ipv4_pool": "",
            "enable_dns64": false,
            "enable_lni_at_device_index": 0,
            "enable_resource_name_dns_a_record_on_launch": false,
            "enable_resource_name_dns_aaaa_record_on_launch": false,
            "id": "subnet-09ba8ebff44ba506d",
            "ipv6_cidr_block": "",
            "ipv6_cidr_block_association_id": "",
            "ipv6_native": false,
            "map_customer_owned_ip_on_launch": false,
            "map_public_ip_on_launch": false,
            "outpost_arn": "",
            "owner_id": "153600809351",
            "private_dns_hostname_type_on_launch": "ip-name",
            "tags": {
              "Name": "darey-liveclass-cluster",
              "kubernetes.io/role/internal-elb": "1"
            },
            "tags_all": {
              "Name": "darey-liveclass-cluster",
              "kubernetes.io/role/internal-elb": "1"
            },
            "timeouts": null,
            "vpc_id": "vpc-00bd0327388463ca9"
          },
          "sensitive_attributes": [],
          "private": "eyJlMmJmYjczMC1lY2FhLTExZTYtOGY4OC0zNDM2M2JjN2M0YzAiOnsiY3JlYXRlIjo2MDAwMDAwMDAwMDAsImRlbGV0ZSI6MTIwMDAwMDAwMDAwMH0sInNjaGVtYV92ZXJzaW9uIjoiMSJ9",
          "dependencies": [
            "data.aws_availability_zones.available",
            "module.vpc.aws_vpc.this",
            "module.vpc.aws_vpc_ipv4_cidr_block_association.this"
          ],
          "create_before_destroy": true
        },
        {
          "index_key": 1,
          "schema_version": 1,
          "attributes": {
            "arn": "arn:aws:ec2:eu-west-2:153600809351:subnet/subnet-068bd92171e3c7c75",
            "assign_ipv6_address_on_creation": false,
            "availability_zone": "eu-west-2b",
            "availability_zone_id": "euw2-az3",
            "cidr_block": "10.0.16.0/20",
            "customer_owned_ipv4_pool": "",
            "enable_dns64": false,
            "enable_lni_at_device_index": 0,
            "enable_resource_name_dns_a_record_on_launch": false,
            "enable_resource_name_dns_aaaa_record_on_launch": false,
            "id": "subnet-068bd92171e3c7c75",
            "ipv6_cidr_block": "",
            "ipv6_cidr_block_association_id": "",
            "ipv6_native": false,
            "map_customer_owned_ip_on_launch": false,
            "map_public_ip_on_launch": false,
            "outpost_arn": "",
            "owner_id": "153600809351",
            "private_dns_hostname_type_on_launch": "ip-name",
            "tags": {
              "Name": "darey-liveclass-cluster",
              "kubernetes.io/role/internal-elb": "1"
            },
            "tags_all": {
              "Name": "darey-liveclass-cluster",
              "kubernetes.io/role/internal-elb": "1"
            },
            "timeouts": null,
            "vpc_id": "vpc-00bd0327388463ca9"
          },
          "sensitive_attributes": [],
          "private": "eyJlMmJmYjczMC1lY2FhLTExZTYtOGY4OC0zNDM2M2JjN2M0YzAiOnsiY3JlYXRlIjo2MDAwMDAwMDAwMDAsImRlbGV0ZSI6MTIwMDAwMDAwMDAwMH0sInNjaGVtYV92ZXJzaW9uIjoiMSJ9",
          "dependencies": [
            "data.aws_availability_zones.available",
            "module.vpc.aws_vpc.this",
            "module.vpc.aws_vpc_ipv4_cidr_block_association.this"
          ],
          "create_before_destroy": true
        },
        {
          "index_key": 2,
          "schema_version": 1,
          "attributes": {
            "arn": "arn:aws:ec2:eu-west-2:153600809351:subnet/subnet-0c888acda2f89bb94",
            "assign_ipv6_address_on_creation": false,
            "availability_zone": "eu-west-2c",
            "availability_zone_id": "euw2-az1",
            "cidr_block": "10.0.32.0/20",
            "customer_owned_ipv4_pool": "",
            "enable_dns64": false,
            "enable_lni_at_device_index": 0,
            "enable_resource_name_dns_a_record_on_launch": false,
            "enable_resource_name_dns_aaaa_record_on_launch": false,
            "id": "subnet-0c888acda2f89bb94",
            "ipv6_cidr_block": "",
            "ipv6_cidr_block_association_id": "",
            "ipv6_native": false,
            "map_customer_owned_ip_on_launch": false,
            "map_public_ip_on_launch": false,
            "outpost_arn": "",
            "owner_id": "153600809351",
            "private_dns_hostname_type_on_launch": "ip-name",
            "tags": {
              "Name": "darey-liveclass-cluster",
              "kubernetes.io/role/internal-elb": "1"
            },
            "tags_all": {
              "Name": "darey-liveclass-cluster",
              "kubernetes.io/role/internal-elb": "1"
            },
            "timeouts": null,
            "vpc_id": "vpc-00bd0327388463ca9"
          },
          "sensitive_attributes": [],
          "private": "eyJlMmJmYjczMC1lY2FhLTExZTYtOGY4OC0zNDM2M2JjN2M0YzAiOnsiY3JlYXRlIjo2MDAwMDAwMDAwMDAsImRlbGV0ZSI6MTIwMDAwMDAwMDAwMH0sInNjaGVtYV92ZXJzaW9uIjoiMSJ9",
          "dependencies": [
            "data.aws_availability_zones.available",
            "module.vpc.aws_vpc.this",
            "module.vpc.aws_vpc_ipv4_cidr_block_association.this"
          ],
          "create_before_destroy": true
        }
      ]
    },
    {
      "module": "module.vpc",
      "mode": "managed",
      "type": "aws_vpc",
      "name": "this",
      "provider": "provider[\"registry.terraform.io/hashicorp/aws\"]",
      "instances": [
        {
          "index_key": 0,
          "schema_version": 1,
          "attributes": {
            "arn": "arn:aws:ec2:eu-west-2:153600809351:vpc/vpc-00bd0327388463ca9",
            "assign_generated_ipv6_cidr_block": false,
            "cidr_block": "10.0.0.0/16",
            "default_network_acl_id": "acl-0cc97f2f7435a3aa5",
            "default_route_table_id": "rtb-01e2955032ebc0b44",
            "default_security_group_id": "sg-0d31be058c7d2fa96",
            "dhcp_options_id": "dopt-0c3dc10c0c70d501d",
            "enable_dns_hostnames": true,
            "enable_dns_support": true,
            "enable_network_address_usage_metrics": false,
            "id": "vpc-00bd0327388463ca9",
            "instance_tenancy": "default",
            "ipv4_ipam_pool_id": null,
            "ipv4_netmask_length": null,
            "ipv6_association_id": "",
            "ipv6_cidr_block": "",
            "ipv6_cidr_block_network_border_group": "",
            "ipv6_ipam_pool_id": "",
            "ipv6_netmask_length": 0,
            "main_route_table_id": "rtb-01e2955032ebc0b44",
            "owner_id": "153600809351",
            "tags": {
              "Name": "darey-liveclass-cluster"
            },
            "tags_all": {
              "Name": "darey-liveclass-cluster"
            }
          },
          "sensitive_attributes": [],
          "private": "eyJzY2hlbWFfdmVyc2lvbiI6IjEifQ==",
          "create_before_destroy": true
        }
      ]
    },
    {
      "module": "module.vpc",
      "mode": "managed",
      "type": "aws_vpc_ipv4_cidr_block_association",
      "name": "this",
      "provider": "provider[\"registry.terraform.io/hashicorp/aws\"]",
      "instances": []
    }
  ],
  "check_results": null
}
